// !$*UTF8*$!
{
	archiveVersion = 1;
	classes = {
	};
	objectVersion = 55;
	objects = {

/* Begin PBXBuildFile section */
		05B56CE39D99EA1DD1D9E552 /* BetterAuthOTPServices.swift in Sources */ = {isa = PBXBuildFile; fileRef = 81975F70CC74F9B802B3FBE7 /* BetterAuthOTPServices.swift */; };
		070FF8C0DA9363750DFD57DD /* BetterAuthOTPModels.swift in Sources */ = {isa = PBXBuildFile; fileRef = F0101A508A0421D3BFDA495E /* BetterAuthOTPModels.swift */; };
		08F36CF735E4BF272310463E /* OrganizationModels.swift in Sources */ = {isa = PBXBuildFile; fileRef = 62965F148D946A7DAB65C1B7 /* OrganizationModels.swift */; };
		0B08721888BDE152F65C8861 /* BetterAuth.framework in Frameworks */ = {isa = PBXBuildFile; fileRef = 57EB16147F04703645966CFD /* BetterAuth.framework */; };
		0BA1565B01F39CB6618B6B2D /* BetterAuthSessionServices.swift in Sources */ = {isa = PBXBuildFile; fileRef = 6E3E4E08084F9DF483F35D95 /* BetterAuthSessionServices.swift */; };
		1347BAE7DB73CFA6ED90CFFC /* BetterAuthSessionManager.swift in Sources */ = {isa = PBXBuildFile; fileRef = 0973A2C18AF75693B35190CE /* BetterAuthSessionManager.swift */; };
		18416B57A90AA3443761140C /* BetterAuthCoreServices.swift in Sources */ = {isa = PBXBuildFile; fileRef = A5F262047DB52FB53CA13888 /* BetterAuthCoreServices.swift */; };
		1FA9ED2A759628A3766428AB /* AuthStore+AccountFeatures.swift in Sources */ = {isa = PBXBuildFile; fileRef = 4A09D1EF562280574C3C70FC /* AuthStore+AccountFeatures.swift */; };
		200F12A82ED1688E137144EE /* TestAssertions.swift in Sources */ = {isa = PBXBuildFile; fileRef = 010C2C530A41622AA0556927 /* TestAssertions.swift */; };
		21D92978CF5E722FD4FC99D4 /* AuthStore+Session.swift in Sources */ = {isa = PBXBuildFile; fileRef = 362D97BDBB506007561D5C38 /* AuthStore+Session.swift */; };
		2AD391DB148979A4626D8B01 /* OrganizationManager.swift in Sources */ = {isa = PBXBuildFile; fileRef = 053EBD03B1AE449E27280F77 /* OrganizationManager.swift */; };
		3B8FBAA852990961E6DEC744 /* PhoneOTPModels.swift in Sources */ = {isa = PBXBuildFile; fileRef = 9BE0E73699E616E100779396 /* PhoneOTPModels.swift */; };
		3F0ED2E8AC6CE3A2D14BB868 /* BetterAuthLifecycle.swift in Sources */ = {isa = PBXBuildFile; fileRef = EF030F0D305FDC5DD0DE9E3F /* BetterAuthLifecycle.swift */; };
		3FBB4FF030EB09CC37DA1FCC /* MagicLinkModels.swift in Sources */ = {isa = PBXBuildFile; fileRef = DD7D9D80A5F972C585264606 /* MagicLinkModels.swift */; };
		3FE5D850F8FEE6DD64602FA6 /* BetterAuthErrors.swift in Sources */ = {isa = PBXBuildFile; fileRef = A4D4545279943ED11B6676D3 /* BetterAuthErrors.swift */; };
		427EF2F0EA17922D3852967B /* BetterAuthCallbackHandler.swift in Sources */ = {isa = PBXBuildFile; fileRef = 70C00C9FE3DF94D64DAEB409 /* BetterAuthCallbackHandler.swift */; };
		4392DBB9F9D512CCE1A7B20B /* BetterAuthClient.swift in Sources */ = {isa = PBXBuildFile; fileRef = F3FC4509AC3E69411A1626A2 /* BetterAuthClient.swift */; };
		4B257B8AE86F37B917CE811E /* SessionRefreshConcurrencyTests.swift in Sources */ = {isa = PBXBuildFile; fileRef = 5EA9DAE9FCDEFDCFD1449D8C /* SessionRefreshConcurrencyTests.swift */; };
		4BB6932A0813C3AD539B852A /* ModuleSystemTests.swift in Sources */ = {isa = PBXBuildFile; fileRef = 5922721378D3A8138F43D20C /* ModuleSystemTests.swift */; };
		4C5D3DF9613405C364C3616E /* AuthNetworkClient.swift in Sources */ = {isa = PBXBuildFile; fileRef = 94BC8DEF44A90782FC9BFB7E /* AuthNetworkClient.swift */; };
		4EA137E12173B2445BCEA8F9 /* OrganizationTests.swift in Sources */ = {isa = PBXBuildFile; fileRef = 761EB3A99984CCA7FA195F6B /* OrganizationTests.swift */; };
		4FC68ECF1F67DADACC8F92AF /* PrimaryAuthModels.swift in Sources */ = {isa = PBXBuildFile; fileRef = 2A760777B1AFB490BA62EFF0 /* PrimaryAuthModels.swift */; };
		505FF002B07B3DD485D70652 /* BetterAuthEventEmitter.swift in Sources */ = {isa = PBXBuildFile; fileRef = 12392F44F60E7135D99EDB51 /* BetterAuthEventEmitter.swift */; };
		5078E0EEA0B980C7E86EF853 /* SessionLifecycleCoreTests.swift in Sources */ = {isa = PBXBuildFile; fileRef = AD6411B911513B497B1DFC51 /* SessionLifecycleCoreTests.swift */; };
		51080D844864020B9C254542 /* SmokeTests.swift in Sources */ = {isa = PBXBuildFile; fileRef = 609AFBA70DDB4D6BE41192F4 /* SmokeTests.swift */; };
		5349CD7F0C80C0706E841970 /* PKCE.swift in Sources */ = {isa = PBXBuildFile; fileRef = 24890A3F197CA04338156D09 /* PKCE.swift */; };
		54B17A79B64C9FEA4D6DEFB7 /* BetterAuthURLResolver.swift in Sources */ = {isa = PBXBuildFile; fileRef = 43FCF3D57D4683062A593EA5 /* BetterAuthURLResolver.swift */; };
		5C8E74D98127AFFFB9483E56 /* BetterAuthSessionModels.swift in Sources */ = {isa = PBXBuildFile; fileRef = 4DA85B979EEA1E5043050398 /* BetterAuthSessionModels.swift */; };
		6356B7896CDBCF45533389A8 /* BetterAuthSessionState.swift in Sources */ = {isa = PBXBuildFile; fileRef = 97F8B6A8B1465DE914B6B8EA /* BetterAuthSessionState.swift */; };
		6705A938703E5F0A395132B2 /* BetterAuthOrganizationModule.swift in Sources */ = {isa = PBXBuildFile; fileRef = 91181EFDB7909A892E63ED51 /* BetterAuthOrganizationModule.swift */; };
		6D9EFA21569FA52873AAC63B /* BetterAuthSessionStore.swift in Sources */ = {isa = PBXBuildFile; fileRef = C8811B5B147BFACEB51658A8 /* BetterAuthSessionStore.swift */; };
		6EE616DF1FF32246F66D56DD /* SessionRestoreAndAuthStoreTests.swift in Sources */ = {isa = PBXBuildFile; fileRef = DB30C64E10810926DE20D1FF /* SessionRestoreAndAuthStoreTests.swift */; };
		711772DB30C3B67BE333F5C2 /* AppleSignInSupport.swift in Sources */ = {isa = PBXBuildFile; fileRef = B29DFEF75CFCB78AC769E854 /* AppleSignInSupport.swift */; };
		7797412D4EC8EEA19AEAF78F /* BetterAuthPrimaryAuthServices.swift in Sources */ = {isa = PBXBuildFile; fileRef = AF68F67C89F44DA544678B42 /* BetterAuthPrimaryAuthServices.swift */; };
		7A3DF560284F10D5B139D831 /* AccountLifecycleModels.swift in Sources */ = {isa = PBXBuildFile; fileRef = 7483326263051BA1C15FBD72 /* AccountLifecycleModels.swift */; };
		7FF5CFB4EF1F0DEE68517E08 /* AuthMethod.swift in Sources */ = {isa = PBXBuildFile; fileRef = 0A8B393CA2C87278D1992585 /* AuthMethod.swift */; };
		82226831FBD45ABC7620ABAA /* BetterAuthSessionContext.swift in Sources */ = {isa = PBXBuildFile; fileRef = 4A3A247ACFF24031FF100617 /* BetterAuthSessionContext.swift */; };
		83C001E6F760C6BFCEA243A3 /* AuthLaunchState.swift in Sources */ = {isa = PBXBuildFile; fileRef = 45110BC7E5FCE348040BF749 /* AuthLaunchState.swift */; };
		841B5837D18C3EBD1DE37EC6 /* BetterAuthLogger.swift in Sources */ = {isa = PBXBuildFile; fileRef = AC9BD05E7D92EADF5197D10A /* BetterAuthLogger.swift */; };
		843D484641814A7CCBAD14DE /* SocialAndUsernameAuthTests.swift in Sources */ = {isa = PBXBuildFile; fileRef = AE316AFCDF7B624FF026EF89 /* SocialAndUsernameAuthTests.swift */; };
		9154CEB36ED0F1741C4A3D19 /* BetterAuthCoding.swift in Sources */ = {isa = PBXBuildFile; fileRef = 6C17DF6AE4E0C167829F5743 /* BetterAuthCoding.swift */; };
		91BEC72F1FCB03543B2B6F4D /* PhoneAuthAndProfileTests.swift in Sources */ = {isa = PBXBuildFile; fileRef = D757DB3E6B10AA159D67375B /* PhoneAuthAndProfileTests.swift */; };
		929A9275CA5E12E7B2CC7B90 /* TestSupport.swift in Sources */ = {isa = PBXBuildFile; fileRef = 022F5AE8EC0943DFF262FB5F /* TestSupport.swift */; };
		98B5E7ECCBD4BE6EBEDB2963 /* BetterAuth.framework in Frameworks */ = {isa = PBXBuildFile; fileRef = 57EB16147F04703645966CFD /* BetterAuth.framework */; };
		995CC9B1EBB4EC3E46BD9558 /* AuthProviderID.swift in Sources */ = {isa = PBXBuildFile; fileRef = 89DAE2C6D7CC92C0814CBA3F /* AuthProviderID.swift */; };
		99FBE2A15FD8890B12666F78 /* BetterAuthSessionManager+PrimaryAuth.swift in Sources */ = {isa = PBXBuildFile; fileRef = 8203560DA8035B13284AD9E2 /* BetterAuthSessionManager+PrimaryAuth.swift */; };
		9FE26652F6FF1B6ACB125803 /* BetterAuthSessionManager+SessionAccess.swift in Sources */ = {isa = PBXBuildFile; fileRef = F7989170AB30D4A707A273CF /* BetterAuthSessionManager+SessionAccess.swift */; };
		A6A56EDDAF17255D51B7B0E0 /* PasskeyLifecycleTests.swift in Sources */ = {isa = PBXBuildFile; fileRef = 47D8F914818BEC47F5A97865 /* PasskeyLifecycleTests.swift */; };
		A7B8D2B9D8CF3392EA9D626A /* EmailOTPModels.swift in Sources */ = {isa = PBXBuildFile; fileRef = 350C44BA8F6CB579F637D424 /* EmailOTPModels.swift */; };
		A86734DB3BAF54D24879899B /* AuthStore.swift in Sources */ = {isa = PBXBuildFile; fileRef = 7F28F907CA534295C2CBDC93 /* AuthStore.swift */; };
		AEE29DF40D55B00CE50F09BD /* BetterAuthSessionManager+AccountFeatures.swift in Sources */ = {isa = PBXBuildFile; fileRef = 8A90CFF80DA658B2F01F65F5 /* BetterAuthSessionManager+AccountFeatures.swift */; };
		B35168C2C0EE98A1A6AF9AC6 /* BetterAuthOrganization.framework in Frameworks */ = {isa = PBXBuildFile; fileRef = F51E8467AD24345B8495B5FF /* BetterAuthOrganization.framework */; };
		BBEFA1E0D8E9DF372BE7D3AC /* BetterAuthSocialModels.swift in Sources */ = {isa = PBXBuildFile; fileRef = 13636ED9A92486018FF27A5A /* BetterAuthSocialModels.swift */; };
		BE7595B89C6656783B1A6FAE /* BetterAuth.framework in Frameworks */ = {isa = PBXBuildFile; fileRef = 57EB16147F04703645966CFD /* BetterAuth.framework */; };
		C0E844F516D35CE0B74CE13C /* AuthStore+PrimaryAuth.swift in Sources */ = {isa = PBXBuildFile; fileRef = D16563F89EDC0A460D2209DD /* AuthStore+PrimaryAuth.swift */; };
		C1937E73C9695792964EFF8E /* BetterAuthTransport.swift in Sources */ = {isa = PBXBuildFile; fileRef = 01826A9486C0B3729B256B81 /* BetterAuthTransport.swift */; };
		CDA4FB6973FC0E7BB64EF250 /* BetterAuthSessionManager+OneTimeCodes.swift in Sources */ = {isa = PBXBuildFile; fileRef = 33D0470B323257F3C6E057AF /* BetterAuthSessionManager+OneTimeCodes.swift */; };
		CE1F0FEACEA5E5625FA3FC0E /* EmailPasswordAuthTests.swift in Sources */ = {isa = PBXBuildFile; fileRef = 641C3FE968AA44649A8C6E4D /* EmailPasswordAuthTests.swift */; };
		CF038F9E6CA3D7EC4B49DB32 /* EmailOtpMagicLinkAndRequestClientTests.swift in Sources */ = {isa = PBXBuildFile; fileRef = 476CE24AAA87BDF47C61EE20 /* EmailOtpMagicLinkAndRequestClientTests.swift */; };
		D0998151ED028C320E366A6E /* LiveBetterAuthContractTests.swift in Sources */ = {isa = PBXBuildFile; fileRef = 7A7F5414BEB83F57EF639A03 /* LiveBetterAuthContractTests.swift */; };
		D1B4048043B8351EDE8EB6E9 /* SessionPersistenceAndFetchTests.swift in Sources */ = {isa = PBXBuildFile; fileRef = 798474FDB5D889BA38E7958A /* SessionPersistenceAndFetchTests.swift */; };
		D27B2DABE93ECB2D15D1E1D5 /* SessionRefreshAndPasskeyCoreTests.swift in Sources */ = {isa = PBXBuildFile; fileRef = E468C1E7EFAB4DCD64A2697E /* SessionRefreshAndPasskeyCoreTests.swift */; };
		D46C9F3194E7EAC76126EF7E /* BetterAuthConfiguration.swift in Sources */ = {isa = PBXBuildFile; fileRef = F93826D0C8467E1181DA7CB7 /* BetterAuthConfiguration.swift */; };
		D49A09D83B6FE05AA79FD0EB /* BetterAuth.framework in Frameworks */ = {isa = PBXBuildFile; fileRef = 57EB16147F04703645966CFD /* BetterAuth.framework */; };
		D57F9C524B70F7AE96CD810B /* BetterAuthClientProtocols.swift in Sources */ = {isa = PBXBuildFile; fileRef = D650869307BEBDA6ECBC3D4D /* BetterAuthClientProtocols.swift */; };
		DB13CE5E3FD187447F2564EE /* BetterAuthAuthOperationThrottle.swift in Sources */ = {isa = PBXBuildFile; fileRef = B57CEADE7F207FB814473278 /* BetterAuthAuthOperationThrottle.swift */; };
		DB696DDD4C00D67F30C3551F /* BetterAuthTestHelpers.framework in Frameworks */ = {isa = PBXBuildFile; fileRef = BA0565DB628BDA77EF409459 /* BetterAuthTestHelpers.framework */; };
		E490BA3852866C48DF898DDA /* AccountManagementAndOAuthTests.swift in Sources */ = {isa = PBXBuildFile; fileRef = C45A02285674A1AE680BA966 /* AccountManagementAndOAuthTests.swift */; };
		E4F5D8230F2FE34AE35908E7 /* BetterAuthTestHelpers.framework in Frameworks */ = {isa = PBXBuildFile; fileRef = BA0565DB628BDA77EF409459 /* BetterAuthTestHelpers.framework */; };
		E54CCD62B403E1B9995929D5 /* BetterAuth.framework in Frameworks */ = {isa = PBXBuildFile; fileRef = 57EB16147F04703645966CFD /* BetterAuth.framework */; };
		E591BB222F1D3986B1BDA386 /* BetterAuthModules.swift in Sources */ = {isa = PBXBuildFile; fileRef = 2706E58F43749914DE29B9CD /* BetterAuthModules.swift */; };
		E82C5DEDCEAB5FA1BB1A7BD0 /* AuthStore+OneTimeCodes.swift in Sources */ = {isa = PBXBuildFile; fileRef = A3BC9E71FFC674524FC716FE /* AuthStore+OneTimeCodes.swift */; };
		E8953C6CFD0230D4087137E6 /* TwoFactorModels.swift in Sources */ = {isa = PBXBuildFile; fileRef = 8303BD7517E84E5C6ED15975 /* TwoFactorModels.swift */; };
		E955301C533D26C07D760267 /* BetterAuthSwiftUI.framework in Frameworks */ = {isa = PBXBuildFile; fileRef = DC29EA90160EDC19A5438A07 /* BetterAuthSwiftUI.framework */; };
		EEA28BB8FDABC837A7976C48 /* BetterAuthRequestClient.swift in Sources */ = {isa = PBXBuildFile; fileRef = 650DC2262C94AA73663BE211 /* BetterAuthRequestClient.swift */; };
		F97BCF51B96D8FC74506A00A /* BetterAuthPasskeyModels.swift in Sources */ = {isa = PBXBuildFile; fileRef = 400EA9D92178F1BE3869D831 /* BetterAuthPasskeyModels.swift */; };
		FFDDFC797D4A792FAB0BC26F /* RetryPolicy.swift in Sources */ = {isa = PBXBuildFile; fileRef = CFF54F2EE4A3DBB4427FC834 /* RetryPolicy.swift */; };
/* End PBXBuildFile section */

/* Begin PBXContainerItemProxy section */
		025643F6E559A8D332844584 /* PBXContainerItemProxy */ = {
			isa = PBXContainerItemProxy;
			containerPortal = 432391DBC934C47F456C66E9 /* Project object */;
			proxyType = 1;
			remoteGlobalIDString = 4970F0DBC266BB5B3E182913;
			remoteInfo = BetterAuthTestHelpers;
		};
		1F22714FFD9AC3AF1AA48B28 /* PBXContainerItemProxy */ = {
			isa = PBXContainerItemProxy;
			containerPortal = 432391DBC934C47F456C66E9 /* Project object */;
			proxyType = 1;
			remoteGlobalIDString = 48698A365481CB96DF9A8085;
			remoteInfo = BetterAuth;
		};
		2CDFB62FEFCCF4C0242BFE7C /* PBXContainerItemProxy */ = {
			isa = PBXContainerItemProxy;
			containerPortal = 432391DBC934C47F456C66E9 /* Project object */;
			proxyType = 1;
			remoteGlobalIDString = 48698A365481CB96DF9A8085;
			remoteInfo = BetterAuth;
		};
		45846876E159ED7DE1083C38 /* PBXContainerItemProxy */ = {
			isa = PBXContainerItemProxy;
			containerPortal = 432391DBC934C47F456C66E9 /* Project object */;
			proxyType = 1;
			remoteGlobalIDString = 48698A365481CB96DF9A8085;
			remoteInfo = BetterAuth;
		};
		48453FCBF3C52D6E56EFFE2E /* PBXContainerItemProxy */ = {
			isa = PBXContainerItemProxy;
			containerPortal = 432391DBC934C47F456C66E9 /* Project object */;
			proxyType = 1;
			remoteGlobalIDString = 48698A365481CB96DF9A8085;
			remoteInfo = BetterAuth;
		};
		65EA84DC49091404FE63E84E /* PBXContainerItemProxy */ = {
			isa = PBXContainerItemProxy;
			containerPortal = 432391DBC934C47F456C66E9 /* Project object */;
			proxyType = 1;
			remoteGlobalIDString = 48698A365481CB96DF9A8085;
			remoteInfo = BetterAuth;
		};
		76589305250C140B32008188 /* PBXContainerItemProxy */ = {
			isa = PBXContainerItemProxy;
			containerPortal = 432391DBC934C47F456C66E9 /* Project object */;
			proxyType = 1;
			remoteGlobalIDString = 9B72220C57C4AB02C35CEC48;
			remoteInfo = BetterAuthOrganization;
		};
		C92388656BB5B3079B8AE993 /* PBXContainerItemProxy */ = {
			isa = PBXContainerItemProxy;
			containerPortal = 432391DBC934C47F456C66E9 /* Project object */;
			proxyType = 1;
			remoteGlobalIDString = 4970F0DBC266BB5B3E182913;
			remoteInfo = BetterAuthTestHelpers;
		};
		D66FEE40AB65C890A1E3D5E9 /* PBXContainerItemProxy */ = {
			isa = PBXContainerItemProxy;
			containerPortal = 432391DBC934C47F456C66E9 /* Project object */;
			proxyType = 1;
			remoteGlobalIDString = 5CFE70D2CEA303CF52957983;
			remoteInfo = BetterAuthSwiftUI;
		};
/* End PBXContainerItemProxy section */

/* Begin PBXCopyFilesBuildPhase section */
		1653C1FA714A5DC15DE11334 /* Embed Frameworks */ = {
			isa = PBXCopyFilesBuildPhase;
			buildActionMask = 2147483647;
			dstPath = "";
			dstSubfolderSpec = 10;
			files = (
			);
			name = "Embed Frameworks";
			runOnlyForDeploymentPostprocessing = 0;
		};
		43CA93A645F68BD35FAD1281 /* Embed Frameworks */ = {
			isa = PBXCopyFilesBuildPhase;
			buildActionMask = 2147483647;
			dstPath = "";
			dstSubfolderSpec = 10;
			files = (
			);
			name = "Embed Frameworks";
			runOnlyForDeploymentPostprocessing = 0;
		};
		4790B064D7D7D9CD5D408081 /* Embed Frameworks */ = {
			isa = PBXCopyFilesBuildPhase;
			buildActionMask = 2147483647;
			dstPath = "";
			dstSubfolderSpec = 10;
			files = (
			);
			name = "Embed Frameworks";
			runOnlyForDeploymentPostprocessing = 0;
		};
		6313DE01D3BC9EF40C5BE379 /* Embed Frameworks */ = {
			isa = PBXCopyFilesBuildPhase;
			buildActionMask = 2147483647;
			dstPath = "";
			dstSubfolderSpec = 10;
			files = (
			);
			name = "Embed Frameworks";
			runOnlyForDeploymentPostprocessing = 0;
		};
		F9AAAEDE8DF057DF7C60C194 /* Embed Frameworks */ = {
			isa = PBXCopyFilesBuildPhase;
			buildActionMask = 2147483647;
			dstPath = "";
			dstSubfolderSpec = 10;
			files = (
			);
			name = "Embed Frameworks";
			runOnlyForDeploymentPostprocessing = 0;
		};
		FE577B10BCF4871CCE6FB28B /* Embed Frameworks */ = {
			isa = PBXCopyFilesBuildPhase;
			buildActionMask = 2147483647;
			dstPath = "";
			dstSubfolderSpec = 10;
			files = (
			);
			name = "Embed Frameworks";
			runOnlyForDeploymentPostprocessing = 0;
		};
/* End PBXCopyFilesBuildPhase section */

/* Begin PBXFileReference section */
		010C2C530A41622AA0556927 /* TestAssertions.swift */ = {isa = PBXFileReference; lastKnownFileType = sourcecode.swift; path = TestAssertions.swift; sourceTree = "<group>"; };
		01826A9486C0B3729B256B81 /* BetterAuthTransport.swift */ = {isa = PBXFileReference; lastKnownFileType = sourcecode.swift; path = BetterAuthTransport.swift; sourceTree = "<group>"; };
		022F5AE8EC0943DFF262FB5F /* TestSupport.swift */ = {isa = PBXFileReference; lastKnownFileType = sourcecode.swift; path = TestSupport.swift; sourceTree = "<group>"; };
		031BF800FE533C1EF1B1EE36 /* extract_sdk_endpoints.sh */ = {isa = PBXFileReference; lastKnownFileType = text.script.sh; path = extract_sdk_endpoints.sh; sourceTree = "<group>"; };
		053EBD03B1AE449E27280F77 /* OrganizationManager.swift */ = {isa = PBXFileReference; lastKnownFileType = sourcecode.swift; path = OrganizationManager.swift; sourceTree = "<group>"; };
		082D4917EE4B4A4F246C8EC3 /* build_xcframeworks.sh */ = {isa = PBXFileReference; lastKnownFileType = text.script.sh; path = build_xcframeworks.sh; sourceTree = "<group>"; };
		0973A2C18AF75693B35190CE /* BetterAuthSessionManager.swift */ = {isa = PBXFileReference; lastKnownFileType = sourcecode.swift; path = BetterAuthSessionManager.swift; sourceTree = "<group>"; };
		0A8B393CA2C87278D1992585 /* AuthMethod.swift */ = {isa = PBXFileReference; lastKnownFileType = sourcecode.swift; path = AuthMethod.swift; sourceTree = "<group>"; };
		12392F44F60E7135D99EDB51 /* BetterAuthEventEmitter.swift */ = {isa = PBXFileReference; lastKnownFileType = sourcecode.swift; path = BetterAuthEventEmitter.swift; sourceTree = "<group>"; };
		13636ED9A92486018FF27A5A /* BetterAuthSocialModels.swift */ = {isa = PBXFileReference; lastKnownFileType = sourcecode.swift; path = BetterAuthSocialModels.swift; sourceTree = "<group>"; };
		24890A3F197CA04338156D09 /* PKCE.swift */ = {isa = PBXFileReference; lastKnownFileType = sourcecode.swift; path = PKCE.swift; sourceTree = "<group>"; };
		25BB78A6C54A2A33EA61958E /* BetterAuthOrganizationTests-Info.plist */ = {isa = PBXFileReference; lastKnownFileType = text.plist; path = "BetterAuthOrganizationTests-Info.plist"; sourceTree = "<group>"; };
		2706E58F43749914DE29B9CD /* BetterAuthModules.swift */ = {isa = PBXFileReference; lastKnownFileType = sourcecode.swift; path = BetterAuthModules.swift; sourceTree = "<group>"; };
		27E5D5615F31E0B321AB7949 /* .swiftformat */ = {isa = PBXFileReference; path = .swiftformat; sourceTree = "<group>"; };
		2A760777B1AFB490BA62EFF0 /* PrimaryAuthModels.swift */ = {isa = PBXFileReference; lastKnownFileType = sourcecode.swift; path = PrimaryAuthModels.swift; sourceTree = "<group>"; };
		2DE3601C850A3AD88651492A /* generate_xcodeproj.sh */ = {isa = PBXFileReference; lastKnownFileType = text.script.sh; path = generate_xcodeproj.sh; sourceTree = "<group>"; };
		30E25C8AA37C38457CF12750 /* BetterAuthOrganization-Info.plist */ = {isa = PBXFileReference; lastKnownFileType = text.plist; path = "BetterAuthOrganization-Info.plist"; sourceTree = "<group>"; };
		33D0470B323257F3C6E057AF /* BetterAuthSessionManager+OneTimeCodes.swift */ = {isa = PBXFileReference; lastKnownFileType = sourcecode.swift; path = "BetterAuthSessionManager+OneTimeCodes.swift"; sourceTree = "<group>"; };
		350C44BA8F6CB579F637D424 /* EmailOTPModels.swift */ = {isa = PBXFileReference; lastKnownFileType = sourcecode.swift; path = EmailOTPModels.swift; sourceTree = "<group>"; };
		362D97BDBB506007561D5C38 /* AuthStore+Session.swift */ = {isa = PBXFileReference; lastKnownFileType = sourcecode.swift; path = "AuthStore+Session.swift"; sourceTree = "<group>"; };
		400EA9D92178F1BE3869D831 /* BetterAuthPasskeyModels.swift */ = {isa = PBXFileReference; lastKnownFileType = sourcecode.swift; path = BetterAuthPasskeyModels.swift; sourceTree = "<group>"; };
		43FCF3D57D4683062A593EA5 /* BetterAuthURLResolver.swift */ = {isa = PBXFileReference; lastKnownFileType = sourcecode.swift; path = BetterAuthURLResolver.swift; sourceTree = "<group>"; };
		45110BC7E5FCE348040BF749 /* AuthLaunchState.swift */ = {isa = PBXFileReference; lastKnownFileType = sourcecode.swift; path = AuthLaunchState.swift; sourceTree = "<group>"; };
		476CE24AAA87BDF47C61EE20 /* EmailOtpMagicLinkAndRequestClientTests.swift */ = {isa = PBXFileReference; lastKnownFileType = sourcecode.swift; path = EmailOtpMagicLinkAndRequestClientTests.swift; sourceTree = "<group>"; };
		47D8F914818BEC47F5A97865 /* PasskeyLifecycleTests.swift */ = {isa = PBXFileReference; lastKnownFileType = sourcecode.swift; path = PasskeyLifecycleTests.swift; sourceTree = "<group>"; };
		4A09D1EF562280574C3C70FC /* AuthStore+AccountFeatures.swift */ = {isa = PBXFileReference; lastKnownFileType = sourcecode.swift; path = "AuthStore+AccountFeatures.swift"; sourceTree = "<group>"; };
		4A3A247ACFF24031FF100617 /* BetterAuthSessionContext.swift */ = {isa = PBXFileReference; lastKnownFileType = sourcecode.swift; path = BetterAuthSessionContext.swift; sourceTree = "<group>"; };
		4DA85B979EEA1E5043050398 /* BetterAuthSessionModels.swift */ = {isa = PBXFileReference; lastKnownFileType = sourcecode.swift; path = BetterAuthSessionModels.swift; sourceTree = "<group>"; };
		57EB16147F04703645966CFD /* BetterAuth.framework */ = {isa = PBXFileReference; explicitFileType = wrapper.framework; includeInIndex = 0; path = BetterAuth.framework; sourceTree = BUILT_PRODUCTS_DIR; };
		5922721378D3A8138F43D20C /* ModuleSystemTests.swift */ = {isa = PBXFileReference; lastKnownFileType = sourcecode.swift; path = ModuleSystemTests.swift; sourceTree = "<group>"; };
		5B1EF8E235D159A75B33DB2E /* Package.swift */ = {isa = PBXFileReference; lastKnownFileType = sourcecode.swift; path = Package.swift; sourceTree = "<group>"; };
		5EA9DAE9FCDEFDCFD1449D8C /* SessionRefreshConcurrencyTests.swift */ = {isa = PBXFileReference; lastKnownFileType = sourcecode.swift; path = SessionRefreshConcurrencyTests.swift; sourceTree = "<group>"; };
		609AFBA70DDB4D6BE41192F4 /* SmokeTests.swift */ = {isa = PBXFileReference; lastKnownFileType = sourcecode.swift; path = SmokeTests.swift; sourceTree = "<group>"; };
		62965F148D946A7DAB65C1B7 /* OrganizationModels.swift */ = {isa = PBXFileReference; lastKnownFileType = sourcecode.swift; path = OrganizationModels.swift; sourceTree = "<group>"; };
		641C3FE968AA44649A8C6E4D /* EmailPasswordAuthTests.swift */ = {isa = PBXFileReference; lastKnownFileType = sourcecode.swift; path = EmailPasswordAuthTests.swift; sourceTree = "<group>"; };
		650DC2262C94AA73663BE211 /* BetterAuthRequestClient.swift */ = {isa = PBXFileReference; lastKnownFileType = sourcecode.swift; path = BetterAuthRequestClient.swift; sourceTree = "<group>"; };
		65F78D987C1ABAE96B18515E /* extract_upstream_endpoints.sh */ = {isa = PBXFileReference; lastKnownFileType = text.script.sh; path = extract_upstream_endpoints.sh; sourceTree = "<group>"; };
		6C17DF6AE4E0C167829F5743 /* BetterAuthCoding.swift */ = {isa = PBXFileReference; lastKnownFileType = sourcecode.swift; path = BetterAuthCoding.swift; sourceTree = "<group>"; };
		6E3E4E08084F9DF483F35D95 /* BetterAuthSessionServices.swift */ = {isa = PBXFileReference; lastKnownFileType = sourcecode.swift; path = BetterAuthSessionServices.swift; sourceTree = "<group>"; };
		7071732D7777F820CEC4651A /* BetterAuthOrganizationTests.xctest */ = {isa = PBXFileReference; explicitFileType = wrapper.cfbundle; includeInIndex = 0; path = BetterAuthOrganizationTests.xctest; sourceTree = BUILT_PRODUCTS_DIR; };
		70C00C9FE3DF94D64DAEB409 /* BetterAuthCallbackHandler.swift */ = {isa = PBXFileReference; lastKnownFileType = sourcecode.swift; path = BetterAuthCallbackHandler.swift; sourceTree = "<group>"; };
		7483326263051BA1C15FBD72 /* AccountLifecycleModels.swift */ = {isa = PBXFileReference; lastKnownFileType = sourcecode.swift; path = AccountLifecycleModels.swift; sourceTree = "<group>"; };
		761EB3A99984CCA7FA195F6B /* OrganizationTests.swift */ = {isa = PBXFileReference; lastKnownFileType = sourcecode.swift; path = OrganizationTests.swift; sourceTree = "<group>"; };
		798474FDB5D889BA38E7958A /* SessionPersistenceAndFetchTests.swift */ = {isa = PBXFileReference; lastKnownFileType = sourcecode.swift; path = SessionPersistenceAndFetchTests.swift; sourceTree = "<group>"; };
		7A7F5414BEB83F57EF639A03 /* LiveBetterAuthContractTests.swift */ = {isa = PBXFileReference; lastKnownFileType = sourcecode.swift; path = LiveBetterAuthContractTests.swift; sourceTree = "<group>"; };
		7F28F907CA534295C2CBDC93 /* AuthStore.swift */ = {isa = PBXFileReference; lastKnownFileType = sourcecode.swift; path = AuthStore.swift; sourceTree = "<group>"; };
		81975F70CC74F9B802B3FBE7 /* BetterAuthOTPServices.swift */ = {isa = PBXFileReference; lastKnownFileType = sourcecode.swift; path = BetterAuthOTPServices.swift; sourceTree = "<group>"; };
		8203560DA8035B13284AD9E2 /* BetterAuthSessionManager+PrimaryAuth.swift */ = {isa = PBXFileReference; lastKnownFileType = sourcecode.swift; path = "BetterAuthSessionManager+PrimaryAuth.swift"; sourceTree = "<group>"; };
		8303BD7517E84E5C6ED15975 /* TwoFactorModels.swift */ = {isa = PBXFileReference; lastKnownFileType = sourcecode.swift; path = TwoFactorModels.swift; sourceTree = "<group>"; };
		873A8C257547D56ECFB49150 /* BetterAuthTestHelpers-Info.plist */ = {isa = PBXFileReference; lastKnownFileType = text.plist; path = "BetterAuthTestHelpers-Info.plist"; sourceTree = "<group>"; };
		89DAE2C6D7CC92C0814CBA3F /* AuthProviderID.swift */ = {isa = PBXFileReference; lastKnownFileType = sourcecode.swift; path = AuthProviderID.swift; sourceTree = "<group>"; };
		8A90CFF80DA658B2F01F65F5 /* BetterAuthSessionManager+AccountFeatures.swift */ = {isa = PBXFileReference; lastKnownFileType = sourcecode.swift; path = "BetterAuthSessionManager+AccountFeatures.swift"; sourceTree = "<group>"; };
		8EB1A2F07B9B5D2D853C805B /* .swiftlint.yml */ = {isa = PBXFileReference; lastKnownFileType = text.yaml; path = .swiftlint.yml; sourceTree = "<group>"; };
		91181EFDB7909A892E63ED51 /* BetterAuthOrganizationModule.swift */ = {isa = PBXFileReference; lastKnownFileType = sourcecode.swift; path = BetterAuthOrganizationModule.swift; sourceTree = "<group>"; };
		94BC8DEF44A90782FC9BFB7E /* AuthNetworkClient.swift */ = {isa = PBXFileReference; lastKnownFileType = sourcecode.swift; path = AuthNetworkClient.swift; sourceTree = "<group>"; };
		97F8B6A8B1465DE914B6B8EA /* BetterAuthSessionState.swift */ = {isa = PBXFileReference; lastKnownFileType = sourcecode.swift; path = BetterAuthSessionState.swift; sourceTree = "<group>"; };
		9BE0E73699E616E100779396 /* PhoneOTPModels.swift */ = {isa = PBXFileReference; lastKnownFileType = sourcecode.swift; path = PhoneOTPModels.swift; sourceTree = "<group>"; };
		9EAB03AAFA96BAECB4BA6244 /* BetterAuthSwiftUI-Info.plist */ = {isa = PBXFileReference; lastKnownFileType = text.plist; path = "BetterAuthSwiftUI-Info.plist"; sourceTree = "<group>"; };
		A3BC9E71FFC674524FC716FE /* AuthStore+OneTimeCodes.swift */ = {isa = PBXFileReference; lastKnownFileType = sourcecode.swift; path = "AuthStore+OneTimeCodes.swift"; sourceTree = "<group>"; };
		A4D4545279943ED11B6676D3 /* BetterAuthErrors.swift */ = {isa = PBXFileReference; lastKnownFileType = sourcecode.swift; path = BetterAuthErrors.swift; sourceTree = "<group>"; };
		A5F262047DB52FB53CA13888 /* BetterAuthCoreServices.swift */ = {isa = PBXFileReference; lastKnownFileType = sourcecode.swift; path = BetterAuthCoreServices.swift; sourceTree = "<group>"; };
		AC9BD05E7D92EADF5197D10A /* BetterAuthLogger.swift */ = {isa = PBXFileReference; lastKnownFileType = sourcecode.swift; path = BetterAuthLogger.swift; sourceTree = "<group>"; };
		AD6411B911513B497B1DFC51 /* SessionLifecycleCoreTests.swift */ = {isa = PBXFileReference; lastKnownFileType = sourcecode.swift; path = SessionLifecycleCoreTests.swift; sourceTree = "<group>"; };
		AE316AFCDF7B624FF026EF89 /* SocialAndUsernameAuthTests.swift */ = {isa = PBXFileReference; lastKnownFileType = sourcecode.swift; path = SocialAndUsernameAuthTests.swift; sourceTree = "<group>"; };
		AEED91AA410D65BFF9CF538F /* drift-prompt.md */ = {isa = PBXFileReference; lastKnownFileType = net.daringfireball.markdown; path = "drift-prompt.md"; sourceTree = "<group>"; };
		AF68F67C89F44DA544678B42 /* BetterAuthPrimaryAuthServices.swift */ = {isa = PBXFileReference; lastKnownFileType = sourcecode.swift; path = BetterAuthPrimaryAuthServices.swift; sourceTree = "<group>"; };
		B29DFEF75CFCB78AC769E854 /* AppleSignInSupport.swift */ = {isa = PBXFileReference; lastKnownFileType = sourcecode.swift; path = AppleSignInSupport.swift; sourceTree = "<group>"; };
		B485B1057B52337938DBB4F2 /* bootstrap_runner_env.sh */ = {isa = PBXFileReference; lastKnownFileType = text.script.sh; path = bootstrap_runner_env.sh; sourceTree = "<group>"; };
		B57CEADE7F207FB814473278 /* BetterAuthAuthOperationThrottle.swift */ = {isa = PBXFileReference; lastKnownFileType = sourcecode.swift; path = BetterAuthAuthOperationThrottle.swift; sourceTree = "<group>"; };
		BA023D1480CBC830EB2861D7 /* BetterAuth-Info.plist */ = {isa = PBXFileReference; lastKnownFileType = text.plist; path = "BetterAuth-Info.plist"; sourceTree = "<group>"; };
		BA0565DB628BDA77EF409459 /* BetterAuthTestHelpers.framework */ = {isa = PBXFileReference; explicitFileType = wrapper.framework; includeInIndex = 0; path = BetterAuthTestHelpers.framework; sourceTree = BUILT_PRODUCTS_DIR; };
		C45A02285674A1AE680BA966 /* AccountManagementAndOAuthTests.swift */ = {isa = PBXFileReference; lastKnownFileType = sourcecode.swift; path = AccountManagementAndOAuthTests.swift; sourceTree = "<group>"; };
		C8811B5B147BFACEB51658A8 /* BetterAuthSessionStore.swift */ = {isa = PBXFileReference; lastKnownFileType = sourcecode.swift; path = BetterAuthSessionStore.swift; sourceTree = "<group>"; };
		CFF54F2EE4A3DBB4427FC834 /* RetryPolicy.swift */ = {isa = PBXFileReference; lastKnownFileType = sourcecode.swift; path = RetryPolicy.swift; sourceTree = "<group>"; };
		D16563F89EDC0A460D2209DD /* AuthStore+PrimaryAuth.swift */ = {isa = PBXFileReference; lastKnownFileType = sourcecode.swift; path = "AuthStore+PrimaryAuth.swift"; sourceTree = "<group>"; };
		D650869307BEBDA6ECBC3D4D /* BetterAuthClientProtocols.swift */ = {isa = PBXFileReference; lastKnownFileType = sourcecode.swift; path = BetterAuthClientProtocols.swift; sourceTree = "<group>"; };
		D757DB3E6B10AA159D67375B /* PhoneAuthAndProfileTests.swift */ = {isa = PBXFileReference; lastKnownFileType = sourcecode.swift; path = PhoneAuthAndProfileTests.swift; sourceTree = "<group>"; };
		DB30C64E10810926DE20D1FF /* SessionRestoreAndAuthStoreTests.swift */ = {isa = PBXFileReference; lastKnownFileType = sourcecode.swift; path = SessionRestoreAndAuthStoreTests.swift; sourceTree = "<group>"; };
		DC29EA90160EDC19A5438A07 /* BetterAuthSwiftUI.framework */ = {isa = PBXFileReference; explicitFileType = wrapper.framework; includeInIndex = 0; path = BetterAuthSwiftUI.framework; sourceTree = BUILT_PRODUCTS_DIR; };
		DD7D9D80A5F972C585264606 /* MagicLinkModels.swift */ = {isa = PBXFileReference; lastKnownFileType = sourcecode.swift; path = MagicLinkModels.swift; sourceTree = "<group>"; };
		E468C1E7EFAB4DCD64A2697E /* SessionRefreshAndPasskeyCoreTests.swift */ = {isa = PBXFileReference; lastKnownFileType = sourcecode.swift; path = SessionRefreshAndPasskeyCoreTests.swift; sourceTree = "<group>"; };
		E59946C0CD0188E4E5B1AD5A /* BetterAuthSwiftTests.xctest */ = {isa = PBXFileReference; explicitFileType = wrapper.cfbundle; includeInIndex = 0; path = BetterAuthSwiftTests.xctest; sourceTree = BUILT_PRODUCTS_DIR; };
		EF030F0D305FDC5DD0DE9E3F /* BetterAuthLifecycle.swift */ = {isa = PBXFileReference; lastKnownFileType = sourcecode.swift; path = BetterAuthLifecycle.swift; sourceTree = "<group>"; };
		F0101A508A0421D3BFDA495E /* BetterAuthOTPModels.swift */ = {isa = PBXFileReference; lastKnownFileType = sourcecode.swift; path = BetterAuthOTPModels.swift; sourceTree = "<group>"; };
		F3FC4509AC3E69411A1626A2 /* BetterAuthClient.swift */ = {isa = PBXFileReference; lastKnownFileType = sourcecode.swift; path = BetterAuthClient.swift; sourceTree = "<group>"; };
		F51E8467AD24345B8495B5FF /* BetterAuthOrganization.framework */ = {isa = PBXFileReference; explicitFileType = wrapper.framework; includeInIndex = 0; path = BetterAuthOrganization.framework; sourceTree = BUILT_PRODUCTS_DIR; };
		F7989170AB30D4A707A273CF /* BetterAuthSessionManager+SessionAccess.swift */ = {isa = PBXFileReference; lastKnownFileType = sourcecode.swift; path = "BetterAuthSessionManager+SessionAccess.swift"; sourceTree = "<group>"; };
		F93826D0C8467E1181DA7CB7 /* BetterAuthConfiguration.swift */ = {isa = PBXFileReference; lastKnownFileType = sourcecode.swift; path = BetterAuthConfiguration.swift; sourceTree = "<group>"; };
		FBF52A4D879F380E18F58041 /* BetterAuthSwiftTests-Info.plist */ = {isa = PBXFileReference; lastKnownFileType = text.plist; path = "BetterAuthSwiftTests-Info.plist"; sourceTree = "<group>"; };
/* End PBXFileReference section */

/* Begin PBXFrameworksBuildPhase section */
		2718241F0A7F46799B7A7C9B /* Frameworks */ = {
			isa = PBXFrameworksBuildPhase;
			buildActionMask = 2147483647;
			files = (
				98B5E7ECCBD4BE6EBEDB2963 /* BetterAuth.framework in Frameworks */,
			);
			runOnlyForDeploymentPostprocessing = 0;
		};
		34C4AD92CF91C19DF6DF42A7 /* Frameworks */ = {
			isa = PBXFrameworksBuildPhase;
			buildActionMask = 2147483647;
			files = (
				E54CCD62B403E1B9995929D5 /* BetterAuth.framework in Frameworks */,
			);
			runOnlyForDeploymentPostprocessing = 0;
		};
		E289183EDD8949BC888C9B57 /* Frameworks */ = {
			isa = PBXFrameworksBuildPhase;
			buildActionMask = 2147483647;
			files = (
			);
			runOnlyForDeploymentPostprocessing = 0;
		};
		F2C27775481CEC3500BA407C /* Frameworks */ = {
			isa = PBXFrameworksBuildPhase;
			buildActionMask = 2147483647;
			files = (
				0B08721888BDE152F65C8861 /* BetterAuth.framework in Frameworks */,
			);
			runOnlyForDeploymentPostprocessing = 0;
		};
		F564F76523141E41AFDF6E30 /* Frameworks */ = {
			isa = PBXFrameworksBuildPhase;
			buildActionMask = 2147483647;
			files = (
				D49A09D83B6FE05AA79FD0EB /* BetterAuth.framework in Frameworks */,
				E955301C533D26C07D760267 /* BetterAuthSwiftUI.framework in Frameworks */,
				DB696DDD4C00D67F30C3551F /* BetterAuthTestHelpers.framework in Frameworks */,
			);
			runOnlyForDeploymentPostprocessing = 0;
		};
		FCE7A5C8914720828D6BD241 /* Frameworks */ = {
			isa = PBXFrameworksBuildPhase;
			buildActionMask = 2147483647;
			files = (
				BE7595B89C6656783B1A6FAE /* BetterAuth.framework in Frameworks */,
				B35168C2C0EE98A1A6AF9AC6 /* BetterAuthOrganization.framework in Frameworks */,
				E4F5D8230F2FE34AE35908E7 /* BetterAuthTestHelpers.framework in Frameworks */,
			);
			runOnlyForDeploymentPostprocessing = 0;
		};
/* End PBXFrameworksBuildPhase section */

/* Begin PBXGroup section */
		039536825D07C9FE6282DE39 /* BetterAuthTestHelpers */ = {
			isa = PBXGroup;
			children = (
				022F5AE8EC0943DFF262FB5F /* TestSupport.swift */,
			);
			path = BetterAuthTestHelpers;
			sourceTree = "<group>";
		};
		0A09F8C54F39D9D00A5C33C5 /* Primary */ = {
			isa = PBXGroup;
			children = (
				0A8B393CA2C87278D1992585 /* AuthMethod.swift */,
				AF68F67C89F44DA544678B42 /* BetterAuthPrimaryAuthServices.swift */,
			);
			path = Primary;
			sourceTree = "<group>";
		};
		106C8E4F892053B0FFE527E0 /* BetterAuthSwiftUI */ = {
			isa = PBXGroup;
			children = (
				45110BC7E5FCE348040BF749 /* AuthLaunchState.swift */,
				7F28F907CA534295C2CBDC93 /* AuthStore.swift */,
				4A09D1EF562280574C3C70FC /* AuthStore+AccountFeatures.swift */,
				A3BC9E71FFC674524FC716FE /* AuthStore+OneTimeCodes.swift */,
				D16563F89EDC0A460D2209DD /* AuthStore+PrimaryAuth.swift */,
				362D97BDBB506007561D5C38 /* AuthStore+Session.swift */,
			);
			path = BetterAuthSwiftUI;
			sourceTree = "<group>";
		};
		1070CE36BB20A13B495D7128 /* Passkey */ = {
			isa = PBXGroup;
			children = (
				400EA9D92178F1BE3869D831 /* BetterAuthPasskeyModels.swift */,
			);
			path = Passkey;
			sourceTree = "<group>";
		};
		1CC0BE3FE23D5A70D3B3C0D6 /* Social */ = {
			isa = PBXGroup;
			children = (
				B29DFEF75CFCB78AC769E854 /* AppleSignInSupport.swift */,
				89DAE2C6D7CC92C0814CBA3F /* AuthProviderID.swift */,
				70C00C9FE3DF94D64DAEB409 /* BetterAuthCallbackHandler.swift */,
				13636ED9A92486018FF27A5A /* BetterAuthSocialModels.swift */,
			);
			path = Social;
			sourceTree = "<group>";
		};
		20FF9511C25D1756664636BC /* BetterAuthSwift */ = {
			isa = PBXGroup;
			children = (
				CD4F010E9E0D24D88CFFFBE9 /* Auth */,
				B7D13183F8B551159A1C366D /* Client */,
				476DF0E234EDA211F5BFD644 /* Configuration */,
				65F8C3E72D9319CED895BA6B /* Core */,
				E59E15975811A3B81176DD74 /* Networking */,
				D35CEF95CCAE9A77CA0B4D0D /* Session */,
				6610A7A55C508C93FFE05B81 /* Support */,
			);
			path = BetterAuthSwift;
			sourceTree = "<group>";
		};
		268705AFFF09B84568EE8F57 /* BetterAuthSwiftTests */ = {
			isa = PBXGroup;
			children = (
				C45A02285674A1AE680BA966 /* AccountManagementAndOAuthTests.swift */,
				476CE24AAA87BDF47C61EE20 /* EmailOtpMagicLinkAndRequestClientTests.swift */,
				641C3FE968AA44649A8C6E4D /* EmailPasswordAuthTests.swift */,
				7A7F5414BEB83F57EF639A03 /* LiveBetterAuthContractTests.swift */,
				5922721378D3A8138F43D20C /* ModuleSystemTests.swift */,
				47D8F914818BEC47F5A97865 /* PasskeyLifecycleTests.swift */,
				D757DB3E6B10AA159D67375B /* PhoneAuthAndProfileTests.swift */,
				AD6411B911513B497B1DFC51 /* SessionLifecycleCoreTests.swift */,
				798474FDB5D889BA38E7958A /* SessionPersistenceAndFetchTests.swift */,
				E468C1E7EFAB4DCD64A2697E /* SessionRefreshAndPasskeyCoreTests.swift */,
				5EA9DAE9FCDEFDCFD1449D8C /* SessionRefreshConcurrencyTests.swift */,
				DB30C64E10810926DE20D1FF /* SessionRestoreAndAuthStoreTests.swift */,
				609AFBA70DDB4D6BE41192F4 /* SmokeTests.swift */,
				AE316AFCDF7B624FF026EF89 /* SocialAndUsernameAuthTests.swift */,
				010C2C530A41622AA0556927 /* TestAssertions.swift */,
			);
			path = BetterAuthSwiftTests;
			sourceTree = "<group>";
		};
		291724E46E9891CD9C337094 /* BetterAuthOrganization */ = {
			isa = PBXGroup;
			children = (
				91181EFDB7909A892E63ED51 /* BetterAuthOrganizationModule.swift */,
				053EBD03B1AE449E27280F77 /* OrganizationManager.swift */,
				62965F148D946A7DAB65C1B7 /* OrganizationModels.swift */,
			);
			path = BetterAuthOrganization;
			sourceTree = "<group>";
		};
		2A17FB1FA83127A18A4AC7AC /* InfoPlists */ = {
			isa = PBXGroup;
			children = (
				BA023D1480CBC830EB2861D7 /* BetterAuth-Info.plist */,
				30E25C8AA37C38457CF12750 /* BetterAuthOrganization-Info.plist */,
				25BB78A6C54A2A33EA61958E /* BetterAuthOrganizationTests-Info.plist */,
				FBF52A4D879F380E18F58041 /* BetterAuthSwiftTests-Info.plist */,
				9EAB03AAFA96BAECB4BA6244 /* BetterAuthSwiftUI-Info.plist */,
				873A8C257547D56ECFB49150 /* BetterAuthTestHelpers-Info.plist */,
			);
			path = InfoPlists;
			sourceTree = "<group>";
		};
		2EAA9D1EACC52DC299C6A8A2 /* Tests */ = {
			isa = PBXGroup;
			children = (
				903C60D1A068818BA5612A03 /* BetterAuthOrganizationTests */,
				268705AFFF09B84568EE8F57 /* BetterAuthSwiftTests */,
				039536825D07C9FE6282DE39 /* BetterAuthTestHelpers */,
			);
			path = Tests;
			sourceTree = "<group>";
		};
		3636BC5733735825621F1AFF /* OTP */ = {
			isa = PBXGroup;
			children = (
				7483326263051BA1C15FBD72 /* AccountLifecycleModels.swift */,
				F0101A508A0421D3BFDA495E /* BetterAuthOTPModels.swift */,
				81975F70CC74F9B802B3FBE7 /* BetterAuthOTPServices.swift */,
				350C44BA8F6CB579F637D424 /* EmailOTPModels.swift */,
				DD7D9D80A5F972C585264606 /* MagicLinkModels.swift */,
				9BE0E73699E616E100779396 /* PhoneOTPModels.swift */,
				2A760777B1AFB490BA62EFF0 /* PrimaryAuthModels.swift */,
				8303BD7517E84E5C6ED15975 /* TwoFactorModels.swift */,
			);
			path = OTP;
			sourceTree = "<group>";
		};
		476DF0E234EDA211F5BFD644 /* Configuration */ = {
			isa = PBXGroup;
			children = (
				F93826D0C8467E1181DA7CB7 /* BetterAuthConfiguration.swift */,
				43FCF3D57D4683062A593EA5 /* BetterAuthURLResolver.swift */,
			);
			path = Configuration;
			sourceTree = "<group>";
		};
		566511FD5B4364FFE0E4DD7F /* Sources */ = {
			isa = PBXGroup;
			children = (
				291724E46E9891CD9C337094 /* BetterAuthOrganization */,
				20FF9511C25D1756664636BC /* BetterAuthSwift */,
				106C8E4F892053B0FFE527E0 /* BetterAuthSwiftUI */,
			);
			path = Sources;
			sourceTree = "<group>";
		};
		64878105CD1D594B8C433546 /* Derived */ = {
			isa = PBXGroup;
			children = (
				2A17FB1FA83127A18A4AC7AC /* InfoPlists */,
			);
			path = Derived;
			sourceTree = "<group>";
		};
		65F8C3E72D9319CED895BA6B /* Core */ = {
			isa = PBXGroup;
			children = (
				A5F262047DB52FB53CA13888 /* BetterAuthCoreServices.swift */,
				12392F44F60E7135D99EDB51 /* BetterAuthEventEmitter.swift */,
			);
			path = Core;
			sourceTree = "<group>";
		};
		6610A7A55C508C93FFE05B81 /* Support */ = {
			isa = PBXGroup;
			children = (
				6C17DF6AE4E0C167829F5743 /* BetterAuthCoding.swift */,
				A4D4545279943ED11B6676D3 /* BetterAuthErrors.swift */,
				AC9BD05E7D92EADF5197D10A /* BetterAuthLogger.swift */,
				24890A3F197CA04338156D09 /* PKCE.swift */,
			);
			path = Support;
			sourceTree = "<group>";
		};
		903C60D1A068818BA5612A03 /* BetterAuthOrganizationTests */ = {
			isa = PBXGroup;
			children = (
				761EB3A99984CCA7FA195F6B /* OrganizationTests.swift */,
			);
			path = BetterAuthOrganizationTests;
			sourceTree = "<group>";
		};
		9EE15C757237F7DE7CD30F48 /* Project */ = {
			isa = PBXGroup;
			children = (
				64878105CD1D594B8C433546 /* Derived */,
				CF303C413B8EAF819EA1595B /* Scripts */,
				566511FD5B4364FFE0E4DD7F /* Sources */,
				2EAA9D1EACC52DC299C6A8A2 /* Tests */,
				27E5D5615F31E0B321AB7949 /* .swiftformat */,
				8EB1A2F07B9B5D2D853C805B /* .swiftlint.yml */,
				5B1EF8E235D159A75B33DB2E /* Package.swift */,
			);
			name = Project;
			sourceTree = "<group>";
		};
		AB1FDFD7769B9D843185AC80 /* Products */ = {
			isa = PBXGroup;
			children = (
				57EB16147F04703645966CFD /* BetterAuth.framework */,
				F51E8467AD24345B8495B5FF /* BetterAuthOrganization.framework */,
				7071732D7777F820CEC4651A /* BetterAuthOrganizationTests.xctest */,
				E59946C0CD0188E4E5B1AD5A /* BetterAuthSwiftTests.xctest */,
				DC29EA90160EDC19A5438A07 /* BetterAuthSwiftUI.framework */,
				BA0565DB628BDA77EF409459 /* BetterAuthTestHelpers.framework */,
			);
			name = Products;
			sourceTree = "<group>";
		};
		B7D13183F8B551159A1C366D /* Client */ = {
			isa = PBXGroup;
			children = (
				F3FC4509AC3E69411A1626A2 /* BetterAuthClient.swift */,
				D650869307BEBDA6ECBC3D4D /* BetterAuthClientProtocols.swift */,
				2706E58F43749914DE29B9CD /* BetterAuthModules.swift */,
			);
			path = Client;
			sourceTree = "<group>";
		};
		CD4F010E9E0D24D88CFFFBE9 /* Auth */ = {
			isa = PBXGroup;
			children = (
				3636BC5733735825621F1AFF /* OTP */,
				1070CE36BB20A13B495D7128 /* Passkey */,
				0A09F8C54F39D9D00A5C33C5 /* Primary */,
				1CC0BE3FE23D5A70D3B3C0D6 /* Social */,
			);
			path = Auth;
			sourceTree = "<group>";
		};
		CF303C413B8EAF819EA1595B /* Scripts */ = {
			isa = PBXGroup;
			children = (
				B485B1057B52337938DBB4F2 /* bootstrap_runner_env.sh */,
				082D4917EE4B4A4F246C8EC3 /* build_xcframeworks.sh */,
				AEED91AA410D65BFF9CF538F /* drift-prompt.md */,
				031BF800FE533C1EF1B1EE36 /* extract_sdk_endpoints.sh */,
				65F78D987C1ABAE96B18515E /* extract_upstream_endpoints.sh */,
				2DE3601C850A3AD88651492A /* generate_xcodeproj.sh */,
			);
			path = Scripts;
			sourceTree = "<group>";
		};
		D35CEF95CCAE9A77CA0B4D0D /* Session */ = {
			isa = PBXGroup;
			children = (
				B57CEADE7F207FB814473278 /* BetterAuthAuthOperationThrottle.swift */,
				EF030F0D305FDC5DD0DE9E3F /* BetterAuthLifecycle.swift */,
				4A3A247ACFF24031FF100617 /* BetterAuthSessionContext.swift */,
				0973A2C18AF75693B35190CE /* BetterAuthSessionManager.swift */,
				8A90CFF80DA658B2F01F65F5 /* BetterAuthSessionManager+AccountFeatures.swift */,
				33D0470B323257F3C6E057AF /* BetterAuthSessionManager+OneTimeCodes.swift */,
				8203560DA8035B13284AD9E2 /* BetterAuthSessionManager+PrimaryAuth.swift */,
				F7989170AB30D4A707A273CF /* BetterAuthSessionManager+SessionAccess.swift */,
				4DA85B979EEA1E5043050398 /* BetterAuthSessionModels.swift */,
				6E3E4E08084F9DF483F35D95 /* BetterAuthSessionServices.swift */,
				97F8B6A8B1465DE914B6B8EA /* BetterAuthSessionState.swift */,
				C8811B5B147BFACEB51658A8 /* BetterAuthSessionStore.swift */,
			);
			path = Session;
			sourceTree = "<group>";
		};
		E59E15975811A3B81176DD74 /* Networking */ = {
			isa = PBXGroup;
			children = (
				94BC8DEF44A90782FC9BFB7E /* AuthNetworkClient.swift */,
				650DC2262C94AA73663BE211 /* BetterAuthRequestClient.swift */,
				01826A9486C0B3729B256B81 /* BetterAuthTransport.swift */,
				CFF54F2EE4A3DBB4427FC834 /* RetryPolicy.swift */,
			);
			path = Networking;
			sourceTree = "<group>";
		};
		F3293617033BF10AC6658568 = {
			isa = PBXGroup;
			children = (
				AB1FDFD7769B9D843185AC80 /* Products */,
				9EE15C757237F7DE7CD30F48 /* Project */,
			);
			sourceTree = "<group>";
		};
/* End PBXGroup section */

/* Begin PBXNativeTarget section */
		48698A365481CB96DF9A8085 /* BetterAuth */ = {
			isa = PBXNativeTarget;
			buildConfigurationList = 52B2F54C06C919A09DA09929 /* Build configuration list for PBXNativeTarget "BetterAuth" */;
			buildPhases = (
				A6B02C9DBF516D677AA8145B /* SwiftLint */,
				A15A0886193BA7F3C7E15C67 /* SwiftFormat */,
				ED7B38A60CD20097412E5E88 /* Sources */,
				995622F61D30C87CE79FE2F1 /* Resources */,
				E289183EDD8949BC888C9B57 /* Frameworks */,
				4790B064D7D7D9CD5D408081 /* Embed Frameworks */,
			);
			buildRules = (
			);
			dependencies = (
			);
			name = BetterAuth;
			packageProductDependencies = (
			);
			productName = BetterAuth;
			productReference = 57EB16147F04703645966CFD /* BetterAuth.framework */;
			productType = "com.apple.product-type.framework";
		};
		4970F0DBC266BB5B3E182913 /* BetterAuthTestHelpers */ = {
			isa = PBXNativeTarget;
			buildConfigurationList = 228412C0219DEC2152FFE07E /* Build configuration list for PBXNativeTarget "BetterAuthTestHelpers" */;
			buildPhases = (
				AF70BB96D4EC2DF282352A41 /* Sources */,
				DF0DF1B5474AA7B2B44B7D0A /* Resources */,
				34C4AD92CF91C19DF6DF42A7 /* Frameworks */,
				FE577B10BCF4871CCE6FB28B /* Embed Frameworks */,
			);
			buildRules = (
			);
			dependencies = (
				2A8C8950F50040B5CA877A6A /* PBXTargetDependency */,
			);
			name = BetterAuthTestHelpers;
			packageProductDependencies = (
			);
			productName = BetterAuthTestHelpers;
			productReference = BA0565DB628BDA77EF409459 /* BetterAuthTestHelpers.framework */;
			productType = "com.apple.product-type.framework";
		};
		4ED48E66FA19671E2FFCA8AA /* BetterAuthSwiftTests */ = {
			isa = PBXNativeTarget;
			buildConfigurationList = FF7264AD8505AB947C6C9D8C /* Build configuration list for PBXNativeTarget "BetterAuthSwiftTests" */;
			buildPhases = (
				814247D5614B92E2559E9920 /* Sources */,
				FC331B864D9275C946CA7CDE /* Resources */,
				F564F76523141E41AFDF6E30 /* Frameworks */,
				6313DE01D3BC9EF40C5BE379 /* Embed Frameworks */,
			);
			buildRules = (
			);
			dependencies = (
				7E2A5709927742BBCBFC6403 /* PBXTargetDependency */,
				B71910AE15F6D8963D734BE8 /* PBXTargetDependency */,
				A50DBBF7A2C5F710D86A0212 /* PBXTargetDependency */,
			);
			name = BetterAuthSwiftTests;
			packageProductDependencies = (
			);
			productName = BetterAuthSwiftTests;
			productReference = E59946C0CD0188E4E5B1AD5A /* BetterAuthSwiftTests.xctest */;
			productType = "com.apple.product-type.bundle.unit-test";
		};
		5CFE70D2CEA303CF52957983 /* BetterAuthSwiftUI */ = {
			isa = PBXNativeTarget;
			buildConfigurationList = 2B5D77A063233C20CF406DF9 /* Build configuration list for PBXNativeTarget "BetterAuthSwiftUI" */;
			buildPhases = (
				3D982352708449910A5A4438 /* Sources */,
				3A56C85EC9EE4A3C1A72309A /* Resources */,
				F2C27775481CEC3500BA407C /* Frameworks */,
				F9AAAEDE8DF057DF7C60C194 /* Embed Frameworks */,
			);
			buildRules = (
			);
			dependencies = (
				4727117E3C31C962D4F27402 /* PBXTargetDependency */,
			);
			name = BetterAuthSwiftUI;
			packageProductDependencies = (
			);
			productName = BetterAuthSwiftUI;
			productReference = DC29EA90160EDC19A5438A07 /* BetterAuthSwiftUI.framework */;
			productType = "com.apple.product-type.framework";
		};
		9B72220C57C4AB02C35CEC48 /* BetterAuthOrganization */ = {
			isa = PBXNativeTarget;
			buildConfigurationList = FA9901F3FDDDB05C70B71DCC /* Build configuration list for PBXNativeTarget "BetterAuthOrganization" */;
			buildPhases = (
				DDDF0EBAF98A4B97CC3BC85E /* Sources */,
				57BA2304154B34632BFEA27D /* Resources */,
				2718241F0A7F46799B7A7C9B /* Frameworks */,
				43CA93A645F68BD35FAD1281 /* Embed Frameworks */,
			);
			buildRules = (
			);
			dependencies = (
				BD0BFC5D45B21FD365947164 /* PBXTargetDependency */,
			);
			name = BetterAuthOrganization;
			packageProductDependencies = (
			);
			productName = BetterAuthOrganization;
			productReference = F51E8467AD24345B8495B5FF /* BetterAuthOrganization.framework */;
			productType = "com.apple.product-type.framework";
		};
		AB5C880E6ADF633518EA18C5 /* BetterAuthOrganizationTests */ = {
			isa = PBXNativeTarget;
			buildConfigurationList = 49EFADF0BAD6779B399FDB77 /* Build configuration list for PBXNativeTarget "BetterAuthOrganizationTests" */;
			buildPhases = (
				3AA1A0A728B7C03E40609450 /* Sources */,
				D0C14BDA96C5B4AA67F06A8E /* Resources */,
				FCE7A5C8914720828D6BD241 /* Frameworks */,
				1653C1FA714A5DC15DE11334 /* Embed Frameworks */,
			);
			buildRules = (
			);
			dependencies = (
				F1E6A2FAF6C1CB3168F740DD /* PBXTargetDependency */,
				BC2D682C9843445F5433E614 /* PBXTargetDependency */,
				5E36B45D7CAE747D00201113 /* PBXTargetDependency */,
			);
			name = BetterAuthOrganizationTests;
			packageProductDependencies = (
			);
			productName = BetterAuthOrganizationTests;
			productReference = 7071732D7777F820CEC4651A /* BetterAuthOrganizationTests.xctest */;
			productType = "com.apple.product-type.bundle.unit-test";
		};
/* End PBXNativeTarget section */

/* Begin PBXProject section */
		432391DBC934C47F456C66E9 /* Project object */ = {
			isa = PBXProject;
			attributes = {
				BuildIndependentTargetsInParallel = YES;
				ORGANIZATIONNAME = com.jsj.betterauthswift;
				TargetAttributes = {
				};
			};
			buildConfigurationList = 09EBF91D0C82613752488218 /* Build configuration list for PBXProject "better-auth-swift" */;
			compatibilityVersion = "Xcode 14.0";
			developmentRegion = en;
			hasScannedForEncodings = 0;
			knownRegions = (
				en,
			);
			mainGroup = F3293617033BF10AC6658568;
			productRefGroup = AB1FDFD7769B9D843185AC80 /* Products */;
			projectDirPath = "";
			projectRoot = "";
			targets = (
				48698A365481CB96DF9A8085 /* BetterAuth */,
				9B72220C57C4AB02C35CEC48 /* BetterAuthOrganization */,
				AB5C880E6ADF633518EA18C5 /* BetterAuthOrganizationTests */,
				4ED48E66FA19671E2FFCA8AA /* BetterAuthSwiftTests */,
				5CFE70D2CEA303CF52957983 /* BetterAuthSwiftUI */,
				4970F0DBC266BB5B3E182913 /* BetterAuthTestHelpers */,
			);
		};
/* End PBXProject section */

/* Begin PBXResourcesBuildPhase section */
		3A56C85EC9EE4A3C1A72309A /* Resources */ = {
			isa = PBXResourcesBuildPhase;
			buildActionMask = 2147483647;
			files = (
			);
			runOnlyForDeploymentPostprocessing = 0;
		};
		57BA2304154B34632BFEA27D /* Resources */ = {
			isa = PBXResourcesBuildPhase;
			buildActionMask = 2147483647;
			files = (
			);
			runOnlyForDeploymentPostprocessing = 0;
		};
		995622F61D30C87CE79FE2F1 /* Resources */ = {
			isa = PBXResourcesBuildPhase;
			buildActionMask = 2147483647;
			files = (
			);
			runOnlyForDeploymentPostprocessing = 0;
		};
		D0C14BDA96C5B4AA67F06A8E /* Resources */ = {
			isa = PBXResourcesBuildPhase;
			buildActionMask = 2147483647;
			files = (
			);
			runOnlyForDeploymentPostprocessing = 0;
		};
		DF0DF1B5474AA7B2B44B7D0A /* Resources */ = {
			isa = PBXResourcesBuildPhase;
			buildActionMask = 2147483647;
			files = (
			);
			runOnlyForDeploymentPostprocessing = 0;
		};
		FC331B864D9275C946CA7CDE /* Resources */ = {
			isa = PBXResourcesBuildPhase;
			buildActionMask = 2147483647;
			files = (
			);
			runOnlyForDeploymentPostprocessing = 0;
		};
/* End PBXResourcesBuildPhase section */

/* Begin PBXShellScriptBuildPhase section */
		A15A0886193BA7F3C7E15C67 /* SwiftFormat */ = {
			isa = PBXShellScriptBuildPhase;
			buildActionMask = 2147483647;
			files = (
			);
			inputFileListPaths = (
			);
			inputPaths = (
			);
			name = SwiftFormat;
			outputFileListPaths = (
			);
			outputPaths = (
				"$(DERIVED_FILE_DIR)/swiftformat.log",
			);
			runOnlyForDeploymentPostprocessing = 0;
			shellPath = /bin/sh;
			shellScript = "export PATH=\"/opt/homebrew/bin:/usr/local/bin:$PATH\"\nSWIFTFORMAT_PATH=\"$(command -v swiftformat 2>/dev/null || xcrun --find swiftformat 2>/dev/null)\"\nif [ -n \"$SWIFTFORMAT_PATH\" ]; then\n  cd \"$SRCROOT\"\n  \"$SWIFTFORMAT_PATH\" . --config .swiftformat || exit 1\n  \"$SWIFTFORMAT_PATH\" . --lint --config .swiftformat\nelse\n  echo \"SwiftFormat not found, skipping formatting check\"\nfi";
		};
		A6B02C9DBF516D677AA8145B /* SwiftLint */ = {
			isa = PBXShellScriptBuildPhase;
			buildActionMask = 2147483647;
			files = (
			);
			inputFileListPaths = (
			);
			inputPaths = (
			);
			name = SwiftLint;
			outputFileListPaths = (
			);
			outputPaths = (
				"$(DERIVED_FILE_DIR)/swiftlint.log",
			);
			runOnlyForDeploymentPostprocessing = 0;
			shellPath = /bin/sh;
			shellScript = "export PATH=\"/opt/homebrew/bin:/usr/local/bin:$PATH\"\nSWIFTLINT_PATH=\"$(command -v swiftlint 2>/dev/null || xcrun --find swiftlint 2>/dev/null)\"\nFILE_LIST_PATH=\"$DERIVED_FILE_DIR/BetterAuth-swiftlint.xcfilelist\"\nmkdir -p \"$DERIVED_FILE_DIR\"\nif [ -d \"$SRCROOT/Sources\" ]; then\n  find \"$SRCROOT/Sources\" -type f -name \"*.swift\" | sort > \"$FILE_LIST_PATH\"\nelse\n  : > \"$FILE_LIST_PATH\"\nfi\nif [ -n \"$SWIFTLINT_PATH\" ]; then\n  if [ -s \"$FILE_LIST_PATH\" ]; then\n    index=0\n    while IFS= read -r file; do\n      if [ -n \"$file\" ]; then\n        var=\"SCRIPT_INPUT_FILE_${index}\"\n        export \"$var=$file\"\n        index=$((index + 1))\n      fi\n    done < \"$FILE_LIST_PATH\"\n    export SCRIPT_INPUT_FILE_COUNT=$index\n    \"$SWIFTLINT_PATH\" --config \"$SRCROOT/.swiftlint.yml\" --strict --use-script-input-files\n  else\n    \"$SWIFTLINT_PATH\" --config \"$SRCROOT/.swiftlint.yml\" --strict\n  fi\nelse\n  echo \"SwiftLint not found, skipping linting\"\nfi";
		};
/* End PBXShellScriptBuildPhase section */

/* Begin PBXSourcesBuildPhase section */
		3AA1A0A728B7C03E40609450 /* Sources */ = {
			isa = PBXSourcesBuildPhase;
			buildActionMask = 2147483647;
			files = (
				4EA137E12173B2445BCEA8F9 /* OrganizationTests.swift in Sources */,
			);
			runOnlyForDeploymentPostprocessing = 0;
		};
		3D982352708449910A5A4438 /* Sources */ = {
			isa = PBXSourcesBuildPhase;
			buildActionMask = 2147483647;
			files = (
				83C001E6F760C6BFCEA243A3 /* AuthLaunchState.swift in Sources */,
				1FA9ED2A759628A3766428AB /* AuthStore+AccountFeatures.swift in Sources */,
				E82C5DEDCEAB5FA1BB1A7BD0 /* AuthStore+OneTimeCodes.swift in Sources */,
				C0E844F516D35CE0B74CE13C /* AuthStore+PrimaryAuth.swift in Sources */,
				21D92978CF5E722FD4FC99D4 /* AuthStore+Session.swift in Sources */,
				A86734DB3BAF54D24879899B /* AuthStore.swift in Sources */,
			);
			runOnlyForDeploymentPostprocessing = 0;
		};
		814247D5614B92E2559E9920 /* Sources */ = {
			isa = PBXSourcesBuildPhase;
			buildActionMask = 2147483647;
			files = (
				E490BA3852866C48DF898DDA /* AccountManagementAndOAuthTests.swift in Sources */,
				CF038F9E6CA3D7EC4B49DB32 /* EmailOtpMagicLinkAndRequestClientTests.swift in Sources */,
				CE1F0FEACEA5E5625FA3FC0E /* EmailPasswordAuthTests.swift in Sources */,
				D0998151ED028C320E366A6E /* LiveBetterAuthContractTests.swift in Sources */,
				4BB6932A0813C3AD539B852A /* ModuleSystemTests.swift in Sources */,
				A6A56EDDAF17255D51B7B0E0 /* PasskeyLifecycleTests.swift in Sources */,
				91BEC72F1FCB03543B2B6F4D /* PhoneAuthAndProfileTests.swift in Sources */,
				5078E0EEA0B980C7E86EF853 /* SessionLifecycleCoreTests.swift in Sources */,
				D1B4048043B8351EDE8EB6E9 /* SessionPersistenceAndFetchTests.swift in Sources */,
				D27B2DABE93ECB2D15D1E1D5 /* SessionRefreshAndPasskeyCoreTests.swift in Sources */,
				4B257B8AE86F37B917CE811E /* SessionRefreshConcurrencyTests.swift in Sources */,
				6EE616DF1FF32246F66D56DD /* SessionRestoreAndAuthStoreTests.swift in Sources */,
				51080D844864020B9C254542 /* SmokeTests.swift in Sources */,
				843D484641814A7CCBAD14DE /* SocialAndUsernameAuthTests.swift in Sources */,
				200F12A82ED1688E137144EE /* TestAssertions.swift in Sources */,
			);
			runOnlyForDeploymentPostprocessing = 0;
		};
		AF70BB96D4EC2DF282352A41 /* Sources */ = {
			isa = PBXSourcesBuildPhase;
			buildActionMask = 2147483647;
			files = (
				929A9275CA5E12E7B2CC7B90 /* TestSupport.swift in Sources */,
			);
			runOnlyForDeploymentPostprocessing = 0;
		};
		DDDF0EBAF98A4B97CC3BC85E /* Sources */ = {
			isa = PBXSourcesBuildPhase;
			buildActionMask = 2147483647;
			files = (
				6705A938703E5F0A395132B2 /* BetterAuthOrganizationModule.swift in Sources */,
				2AD391DB148979A4626D8B01 /* OrganizationManager.swift in Sources */,
				08F36CF735E4BF272310463E /* OrganizationModels.swift in Sources */,
			);
			runOnlyForDeploymentPostprocessing = 0;
		};
		ED7B38A60CD20097412E5E88 /* Sources */ = {
			isa = PBXSourcesBuildPhase;
			buildActionMask = 2147483647;
			files = (
				7A3DF560284F10D5B139D831 /* AccountLifecycleModels.swift in Sources */,
				070FF8C0DA9363750DFD57DD /* BetterAuthOTPModels.swift in Sources */,
				05B56CE39D99EA1DD1D9E552 /* BetterAuthOTPServices.swift in Sources */,
				A7B8D2B9D8CF3392EA9D626A /* EmailOTPModels.swift in Sources */,
				3FBB4FF030EB09CC37DA1FCC /* MagicLinkModels.swift in Sources */,
				3B8FBAA852990961E6DEC744 /* PhoneOTPModels.swift in Sources */,
				4FC68ECF1F67DADACC8F92AF /* PrimaryAuthModels.swift in Sources */,
				E8953C6CFD0230D4087137E6 /* TwoFactorModels.swift in Sources */,
				F97BCF51B96D8FC74506A00A /* BetterAuthPasskeyModels.swift in Sources */,
				7FF5CFB4EF1F0DEE68517E08 /* AuthMethod.swift in Sources */,
				7797412D4EC8EEA19AEAF78F /* BetterAuthPrimaryAuthServices.swift in Sources */,
				711772DB30C3B67BE333F5C2 /* AppleSignInSupport.swift in Sources */,
				995CC9B1EBB4EC3E46BD9558 /* AuthProviderID.swift in Sources */,
				427EF2F0EA17922D3852967B /* BetterAuthCallbackHandler.swift in Sources */,
				BBEFA1E0D8E9DF372BE7D3AC /* BetterAuthSocialModels.swift in Sources */,
				4392DBB9F9D512CCE1A7B20B /* BetterAuthClient.swift in Sources */,
				D57F9C524B70F7AE96CD810B /* BetterAuthClientProtocols.swift in Sources */,
				E591BB222F1D3986B1BDA386 /* BetterAuthModules.swift in Sources */,
				D46C9F3194E7EAC76126EF7E /* BetterAuthConfiguration.swift in Sources */,
				54B17A79B64C9FEA4D6DEFB7 /* BetterAuthURLResolver.swift in Sources */,
				18416B57A90AA3443761140C /* BetterAuthCoreServices.swift in Sources */,
				505FF002B07B3DD485D70652 /* BetterAuthEventEmitter.swift in Sources */,
				4C5D3DF9613405C364C3616E /* AuthNetworkClient.swift in Sources */,
				EEA28BB8FDABC837A7976C48 /* BetterAuthRequestClient.swift in Sources */,
				C1937E73C9695792964EFF8E /* BetterAuthTransport.swift in Sources */,
				FFDDFC797D4A792FAB0BC26F /* RetryPolicy.swift in Sources */,
				DB13CE5E3FD187447F2564EE /* BetterAuthAuthOperationThrottle.swift in Sources */,
				3F0ED2E8AC6CE3A2D14BB868 /* BetterAuthLifecycle.swift in Sources */,
				82226831FBD45ABC7620ABAA /* BetterAuthSessionContext.swift in Sources */,
				AEE29DF40D55B00CE50F09BD /* BetterAuthSessionManager+AccountFeatures.swift in Sources */,
				CDA4FB6973FC0E7BB64EF250 /* BetterAuthSessionManager+OneTimeCodes.swift in Sources */,
				99FBE2A15FD8890B12666F78 /* BetterAuthSessionManager+PrimaryAuth.swift in Sources */,
				9FE26652F6FF1B6ACB125803 /* BetterAuthSessionManager+SessionAccess.swift in Sources */,
				1347BAE7DB73CFA6ED90CFFC /* BetterAuthSessionManager.swift in Sources */,
				5C8E74D98127AFFFB9483E56 /* BetterAuthSessionModels.swift in Sources */,
				0BA1565B01F39CB6618B6B2D /* BetterAuthSessionServices.swift in Sources */,
				6356B7896CDBCF45533389A8 /* BetterAuthSessionState.swift in Sources */,
				6D9EFA21569FA52873AAC63B /* BetterAuthSessionStore.swift in Sources */,
				9154CEB36ED0F1741C4A3D19 /* BetterAuthCoding.swift in Sources */,
				3FE5D850F8FEE6DD64602FA6 /* BetterAuthErrors.swift in Sources */,
				841B5837D18C3EBD1DE37EC6 /* BetterAuthLogger.swift in Sources */,
				5349CD7F0C80C0706E841970 /* PKCE.swift in Sources */,
			);
			runOnlyForDeploymentPostprocessing = 0;
		};
/* End PBXSourcesBuildPhase section */

/* Begin PBXTargetDependency section */
		2A8C8950F50040B5CA877A6A /* PBXTargetDependency */ = {
			isa = PBXTargetDependency;
			name = BetterAuth;
			target = 48698A365481CB96DF9A8085 /* BetterAuth */;
			targetProxy = 48453FCBF3C52D6E56EFFE2E /* PBXContainerItemProxy */;
		};
		4727117E3C31C962D4F27402 /* PBXTargetDependency */ = {
			isa = PBXTargetDependency;
			name = BetterAuth;
			target = 48698A365481CB96DF9A8085 /* BetterAuth */;
			targetProxy = 65EA84DC49091404FE63E84E /* PBXContainerItemProxy */;
		};
		5E36B45D7CAE747D00201113 /* PBXTargetDependency */ = {
			isa = PBXTargetDependency;
			name = BetterAuthTestHelpers;
			target = 4970F0DBC266BB5B3E182913 /* BetterAuthTestHelpers */;
			targetProxy = C92388656BB5B3079B8AE993 /* PBXContainerItemProxy */;
		};
		7E2A5709927742BBCBFC6403 /* PBXTargetDependency */ = {
			isa = PBXTargetDependency;
			name = BetterAuth;
			target = 48698A365481CB96DF9A8085 /* BetterAuth */;
			targetProxy = 2CDFB62FEFCCF4C0242BFE7C /* PBXContainerItemProxy */;
		};
		A50DBBF7A2C5F710D86A0212 /* PBXTargetDependency */ = {
			isa = PBXTargetDependency;
			name = BetterAuthTestHelpers;
			target = 4970F0DBC266BB5B3E182913 /* BetterAuthTestHelpers */;
			targetProxy = 025643F6E559A8D332844584 /* PBXContainerItemProxy */;
		};
		B71910AE15F6D8963D734BE8 /* PBXTargetDependency */ = {
			isa = PBXTargetDependency;
			name = BetterAuthSwiftUI;
			target = 5CFE70D2CEA303CF52957983 /* BetterAuthSwiftUI */;
			targetProxy = D66FEE40AB65C890A1E3D5E9 /* PBXContainerItemProxy */;
		};
		BC2D682C9843445F5433E614 /* PBXTargetDependency */ = {
			isa = PBXTargetDependency;
			name = BetterAuthOrganization;
			target = 9B72220C57C4AB02C35CEC48 /* BetterAuthOrganization */;
			targetProxy = 76589305250C140B32008188 /* PBXContainerItemProxy */;
		};
		BD0BFC5D45B21FD365947164 /* PBXTargetDependency */ = {
			isa = PBXTargetDependency;
			name = BetterAuth;
			target = 48698A365481CB96DF9A8085 /* BetterAuth */;
			targetProxy = 45846876E159ED7DE1083C38 /* PBXContainerItemProxy */;
		};
		F1E6A2FAF6C1CB3168F740DD /* PBXTargetDependency */ = {
			isa = PBXTargetDependency;
			name = BetterAuth;
			target = 48698A365481CB96DF9A8085 /* BetterAuth */;
			targetProxy = 1F22714FFD9AC3AF1AA48B28 /* PBXContainerItemProxy */;
		};
/* End PBXTargetDependency section */

/* Begin XCBuildConfiguration section */
		02703E520E5FCE038F741C07 /* Debug */ = {
			isa = XCBuildConfiguration;
			buildSettings = {
				CURRENT_PROJECT_VERSION = 1;
				DEFINES_MODULE = YES;
				DYLIB_COMPATIBILITY_VERSION = 1;
				DYLIB_CURRENT_VERSION = 1;
				DYLIB_INSTALL_NAME_BASE = "@rpath";
				INFOPLIST_FILE = "Derived/InfoPlists/BetterAuth-Info.plist";
				INSTALL_PATH = "$(LOCAL_LIBRARY_DIR)/Frameworks";
				IPHONEOS_DEPLOYMENT_TARGET = 18.0;
				LD_RUNPATH_SEARCH_PATHS = (
					"$(inherited)",
					"@executable_path/Frameworks",
					"@loader_path/Frameworks",
				);
				"LD_RUNPATH_SEARCH_PATHS[sdk=macosx*]" = (
					"$(inherited)",
					"@executable_path/../Frameworks",
					"@loader_path/../Frameworks",
				);
				MACOSX_DEPLOYMENT_TARGET = 15.0;
				OTHER_LDFLAGS = (
					"$(inherited)",
					"-L$(DT_TOOLCHAIN_DIR)/usr/lib/swift/$(PLATFORM_NAME)",
				);
				PRODUCT_BUNDLE_IDENTIFIER = com.jsj.betterauthswift.BetterAuth;
				PRODUCT_NAME = BetterAuth;
				SDKROOT = auto;
				SKIP_INSTALL = NO;
				SUPPORTED_PLATFORMS = "iphoneos iphonesimulator macosx";
				SUPPORTS_MACCATALYST = NO;
				SUPPORTS_MAC_DESIGNED_FOR_IPHONE_IPAD = NO;
				SUPPORTS_XR_DESIGNED_FOR_IPHONE_IPAD = NO;
				SWIFT_ACTIVE_COMPILATION_CONDITIONS = (
					"$(inherited)",
					DEBUG,
				);
				SWIFT_COMPILATION_MODE = singlefile;
				SWIFT_OPTIMIZATION_LEVEL = "-Onone";
				TARGETED_DEVICE_FAMILY = "1,2";
				VERSIONING_SYSTEM = "apple-generic";
				VERSION_INFO_PREFIX = "";
			};
			name = Debug;
		};
		189F173AAE70AD8348B75145 /* Release */ = {
			isa = XCBuildConfiguration;
			buildSettings = {
				BUILD_LIBRARY_FOR_DISTRIBUTION = NO;
				CODE_SIGN_IDENTITY = "";
				COMBINE_HIDPI_IMAGES = YES;
				CURRENT_PROJECT_VERSION = 1;
				DEFINES_MODULE = YES;
				DYLIB_COMPATIBILITY_VERSION = 1;
				DYLIB_CURRENT_VERSION = 1;
				DYLIB_INSTALL_NAME_BASE = "@rpath";
				FRAMEWORK_VERSION = A;
				INFOPLIST_FILE = "Derived/InfoPlists/BetterAuthTestHelpers-Info.plist";
				INSTALL_PATH = "$(LOCAL_LIBRARY_DIR)/Frameworks";
				LD_RUNPATH_SEARCH_PATHS = (
					"$(inherited)",
					"@executable_path/../Frameworks",
					"@loader_path/../Frameworks",
					"@loader_path/../Frameworks",
					"@executable_path/../Frameworks",
				);
				MACOSX_DEPLOYMENT_TARGET = 15.0;
				OTHER_LDFLAGS = (
					"$(inherited)",
					"-L$(DT_TOOLCHAIN_DIR)/usr/lib/swift/$(PLATFORM_NAME)",
				);
				PRODUCT_BUNDLE_IDENTIFIER = com.jsj.betterauthswift.testhelpers;
				PRODUCT_NAME = BetterAuthTestHelpers;
				SDKROOT = macosx;
				SKIP_INSTALL = YES;
				SWIFT_COMPILATION_MODE = wholemodule;
				SWIFT_OPTIMIZATION_LEVEL = "-O";
				VERSIONING_SYSTEM = "apple-generic";
				VERSION_INFO_PREFIX = "";
			};
			name = Release;
		};
		203CD2B6E67599C4C3780F75 /* Debug */ = {
			isa = XCBuildConfiguration;
			buildSettings = {
				CURRENT_PROJECT_VERSION = 1;
				DEFINES_MODULE = YES;
				DYLIB_COMPATIBILITY_VERSION = 1;
				DYLIB_CURRENT_VERSION = 1;
				DYLIB_INSTALL_NAME_BASE = "@rpath";
				INFOPLIST_FILE = "Derived/InfoPlists/BetterAuthSwiftUI-Info.plist";
				INSTALL_PATH = "$(LOCAL_LIBRARY_DIR)/Frameworks";
				IPHONEOS_DEPLOYMENT_TARGET = 18.0;
				LD_RUNPATH_SEARCH_PATHS = (
					"$(inherited)",
					"@executable_path/Frameworks",
					"@loader_path/Frameworks",
				);
				"LD_RUNPATH_SEARCH_PATHS[sdk=macosx*]" = (
					"$(inherited)",
					"@executable_path/../Frameworks",
					"@loader_path/../Frameworks",
				);
				MACOSX_DEPLOYMENT_TARGET = 15.0;
				OTHER_LDFLAGS = (
					"$(inherited)",
					"-L$(DT_TOOLCHAIN_DIR)/usr/lib/swift/$(PLATFORM_NAME)",
				);
				PRODUCT_BUNDLE_IDENTIFIER = com.jsj.betterauthswift.BetterAuthSwiftUI;
				PRODUCT_NAME = BetterAuthSwiftUI;
				SDKROOT = auto;
				SKIP_INSTALL = NO;
				SUPPORTED_PLATFORMS = "iphoneos iphonesimulator macosx";
				SUPPORTS_MACCATALYST = NO;
				SUPPORTS_MAC_DESIGNED_FOR_IPHONE_IPAD = NO;
				SUPPORTS_XR_DESIGNED_FOR_IPHONE_IPAD = NO;
				SWIFT_ACTIVE_COMPILATION_CONDITIONS = (
					"$(inherited)",
					DEBUG,
				);
				SWIFT_COMPILATION_MODE = singlefile;
				SWIFT_OPTIMIZATION_LEVEL = "-Onone";
				TARGETED_DEVICE_FAMILY = "1,2";
				VERSIONING_SYSTEM = "apple-generic";
				VERSION_INFO_PREFIX = "";
			};
			name = Debug;
		};
		36DCA964B3055642D4E61B4D /* Release */ = {
			isa = XCBuildConfiguration;
			buildSettings = {
				CURRENT_PROJECT_VERSION = 1;
				DEFINES_MODULE = YES;
				DYLIB_COMPATIBILITY_VERSION = 1;
				DYLIB_CURRENT_VERSION = 1;
				DYLIB_INSTALL_NAME_BASE = "@rpath";
				INFOPLIST_FILE = "Derived/InfoPlists/BetterAuth-Info.plist";
				INSTALL_PATH = "$(LOCAL_LIBRARY_DIR)/Frameworks";
				IPHONEOS_DEPLOYMENT_TARGET = 18.0;
				LD_RUNPATH_SEARCH_PATHS = (
					"$(inherited)",
					"@executable_path/Frameworks",
					"@loader_path/Frameworks",
				);
				"LD_RUNPATH_SEARCH_PATHS[sdk=macosx*]" = (
					"$(inherited)",
					"@executable_path/../Frameworks",
					"@loader_path/../Frameworks",
				);
				MACOSX_DEPLOYMENT_TARGET = 15.0;
				OTHER_LDFLAGS = (
					"$(inherited)",
					"-L$(DT_TOOLCHAIN_DIR)/usr/lib/swift/$(PLATFORM_NAME)",
				);
				PRODUCT_BUNDLE_IDENTIFIER = com.jsj.betterauthswift.BetterAuth;
				PRODUCT_NAME = BetterAuth;
				SDKROOT = auto;
				SKIP_INSTALL = NO;
				SUPPORTED_PLATFORMS = "iphoneos iphonesimulator macosx";
				SUPPORTS_MACCATALYST = NO;
				SUPPORTS_MAC_DESIGNED_FOR_IPHONE_IPAD = NO;
				SUPPORTS_XR_DESIGNED_FOR_IPHONE_IPAD = NO;
				SWIFT_COMPILATION_MODE = wholemodule;
				SWIFT_OPTIMIZATION_LEVEL = "-O";
				TARGETED_DEVICE_FAMILY = "1,2";
				VERSIONING_SYSTEM = "apple-generic";
				VERSION_INFO_PREFIX = "";
			};
			name = Release;
		};
		46B4E46F49780EBDE97244CA /* Debug */ = {
			isa = XCBuildConfiguration;
			buildSettings = {
				ALWAYS_SEARCH_USER_PATHS = NO;
				BUILD_LIBRARY_FOR_DISTRIBUTION = YES;
				CLANG_ANALYZER_LOCALIZABILITY_NONLOCALIZED = YES;
				CLANG_ANALYZER_NONNULL = YES;
				CLANG_ANALYZER_NUMBER_OBJECT_CONVERSION = YES_AGGRESSIVE;
				CLANG_CXX_LANGUAGE_STANDARD = "gnu++14";
				CLANG_CXX_LIBRARY = "libc++";
				CLANG_ENABLE_MODULES = YES;
				CLANG_ENABLE_OBJC_ARC = YES;
				CLANG_ENABLE_OBJC_WEAK = YES;
				CLANG_WARN_BLOCK_CAPTURE_AUTORELEASING = YES;
				CLANG_WARN_BOOL_CONVERSION = YES;
				CLANG_WARN_COMMA = YES;
				CLANG_WARN_CONSTANT_CONVERSION = YES;
				CLANG_WARN_DEPRECATED_OBJC_IMPLEMENTATIONS = YES;
				CLANG_WARN_DIRECT_OBJC_ISA_USAGE = YES_ERROR;
				CLANG_WARN_DOCUMENTATION_COMMENTS = YES;
				CLANG_WARN_EMPTY_BODY = YES;
				CLANG_WARN_ENUM_CONVERSION = YES;
				CLANG_WARN_INFINITE_RECURSION = YES;
				CLANG_WARN_INT_CONVERSION = YES;
				CLANG_WARN_NON_LITERAL_NULL_CONVERSION = YES;
				CLANG_WARN_OBJC_IMPLICIT_RETAIN_SELF = YES;
				CLANG_WARN_OBJC_LITERAL_CONVERSION = YES;
				CLANG_WARN_OBJC_ROOT_CLASS = YES_ERROR;
				CLANG_WARN_QUOTED_INCLUDE_IN_FRAMEWORK_HEADER = YES;
				CLANG_WARN_RANGE_LOOP_ANALYSIS = YES;
				CLANG_WARN_STRICT_PROTOTYPES = YES;
				CLANG_WARN_SUSPICIOUS_MOVE = YES;
				CLANG_WARN_UNGUARDED_AVAILABILITY = YES_AGGRESSIVE;
				CLANG_WARN_UNREACHABLE_CODE = YES;
				CLANG_WARN__DUPLICATE_METHOD_MATCH = YES;
				CODE_SIGNING_ALLOWED = NO;
				CODE_SIGNING_REQUIRED = NO;
				COPY_PHASE_STRIP = NO;
				DEAD_CODE_STRIPPING = YES;
				DEBUG_INFORMATION_FORMAT = dwarf;
				ENABLE_MODULE_VERIFIER = NO;
				ENABLE_STRICT_OBJC_MSGSEND = YES;
				ENABLE_TESTABILITY = YES;
				GCC_C_LANGUAGE_STANDARD = gnu11;
				GCC_DYNAMIC_NO_PIC = NO;
				GCC_NO_COMMON_BLOCKS = YES;
				GCC_OPTIMIZATION_LEVEL = 0;
				GCC_PREPROCESSOR_DEFINITIONS = (
					"DEBUG=1",
					"$(inherited)",
				);
				GCC_WARN_64_TO_32_BIT_CONVERSION = YES;
				GCC_WARN_ABOUT_RETURN_TYPE = YES_ERROR;
				GCC_WARN_UNDECLARED_SELECTOR = YES;
				GCC_WARN_UNINITIALIZED_AUTOS = YES_AGGRESSIVE;
				GCC_WARN_UNUSED_FUNCTION = YES;
				GCC_WARN_UNUSED_VARIABLE = YES;
				MTL_ENABLE_DEBUG_INFO = YES;
				ONLY_ACTIVE_ARCH = YES;
				PRODUCT_NAME = "$(TARGET_NAME)";
				SUPPORTS_MACCATALYST = NO;
				SWIFT_VERSION = 6.0;
			};
			name = Debug;
		};
		6C0ACEE00F6245B9DDCD7646 /* Release */ = {
			isa = XCBuildConfiguration;
			buildSettings = {
				ALWAYS_SEARCH_USER_PATHS = NO;
				BUILD_LIBRARY_FOR_DISTRIBUTION = YES;
				CLANG_ANALYZER_LOCALIZABILITY_NONLOCALIZED = YES;
				CLANG_ANALYZER_NONNULL = YES;
				CLANG_ANALYZER_NUMBER_OBJECT_CONVERSION = YES_AGGRESSIVE;
				CLANG_CXX_LANGUAGE_STANDARD = "gnu++14";
				CLANG_CXX_LIBRARY = "libc++";
				CLANG_ENABLE_MODULES = YES;
				CLANG_ENABLE_OBJC_ARC = YES;
				CLANG_ENABLE_OBJC_WEAK = YES;
				CLANG_WARN_BLOCK_CAPTURE_AUTORELEASING = YES;
				CLANG_WARN_BOOL_CONVERSION = YES;
				CLANG_WARN_COMMA = YES;
				CLANG_WARN_CONSTANT_CONVERSION = YES;
				CLANG_WARN_DEPRECATED_OBJC_IMPLEMENTATIONS = YES;
				CLANG_WARN_DIRECT_OBJC_ISA_USAGE = YES_ERROR;
				CLANG_WARN_DOCUMENTATION_COMMENTS = YES;
				CLANG_WARN_EMPTY_BODY = YES;
				CLANG_WARN_ENUM_CONVERSION = YES;
				CLANG_WARN_INFINITE_RECURSION = YES;
				CLANG_WARN_INT_CONVERSION = YES;
				CLANG_WARN_NON_LITERAL_NULL_CONVERSION = YES;
				CLANG_WARN_OBJC_IMPLICIT_RETAIN_SELF = YES;
				CLANG_WARN_OBJC_LITERAL_CONVERSION = YES;
				CLANG_WARN_OBJC_ROOT_CLASS = YES_ERROR;
				CLANG_WARN_QUOTED_INCLUDE_IN_FRAMEWORK_HEADER = YES;
				CLANG_WARN_RANGE_LOOP_ANALYSIS = YES;
				CLANG_WARN_STRICT_PROTOTYPES = YES;
				CLANG_WARN_SUSPICIOUS_MOVE = YES;
				CLANG_WARN_UNGUARDED_AVAILABILITY = YES_AGGRESSIVE;
				CLANG_WARN_UNREACHABLE_CODE = YES;
				CLANG_WARN__DUPLICATE_METHOD_MATCH = YES;
				CODE_SIGNING_ALLOWED = NO;
				CODE_SIGNING_REQUIRED = NO;
				COPY_PHASE_STRIP = NO;
				DEAD_CODE_STRIPPING = YES;
				DEBUG_INFORMATION_FORMAT = "dwarf-with-dsym";
				ENABLE_MODULE_VERIFIER = NO;
				ENABLE_NS_ASSERTIONS = NO;
				ENABLE_STRICT_OBJC_MSGSEND = YES;
				GCC_C_LANGUAGE_STANDARD = gnu11;
				GCC_NO_COMMON_BLOCKS = YES;
				GCC_WARN_64_TO_32_BIT_CONVERSION = YES;
				GCC_WARN_ABOUT_RETURN_TYPE = YES_ERROR;
				GCC_WARN_UNDECLARED_SELECTOR = YES;
				GCC_WARN_UNINITIALIZED_AUTOS = YES_AGGRESSIVE;
				GCC_WARN_UNUSED_FUNCTION = YES;
				GCC_WARN_UNUSED_VARIABLE = YES;
				MTL_ENABLE_DEBUG_INFO = NO;
				PRODUCT_NAME = "$(TARGET_NAME)";
				SUPPORTS_MACCATALYST = NO;
				SWIFT_VERSION = 6.0;
				VALIDATE_PRODUCT = YES;
			};
			name = Release;
		};
		7672B05A17498919673CCA0A /* Debug */ = {
			isa = XCBuildConfiguration;
			buildSettings = {
				BUILD_LIBRARY_FOR_DISTRIBUTION = NO;
				CODE_SIGN_IDENTITY = "";
				COMBINE_HIDPI_IMAGES = YES;
				CURRENT_PROJECT_VERSION = 1;
				DEFINES_MODULE = YES;
				DYLIB_COMPATIBILITY_VERSION = 1;
				DYLIB_CURRENT_VERSION = 1;
				DYLIB_INSTALL_NAME_BASE = "@rpath";
				FRAMEWORK_VERSION = A;
				INFOPLIST_FILE = "Derived/InfoPlists/BetterAuthTestHelpers-Info.plist";
				INSTALL_PATH = "$(LOCAL_LIBRARY_DIR)/Frameworks";
				LD_RUNPATH_SEARCH_PATHS = (
					"$(inherited)",
					"@executable_path/../Frameworks",
					"@loader_path/../Frameworks",
					"@loader_path/../Frameworks",
					"@executable_path/../Frameworks",
				);
				MACOSX_DEPLOYMENT_TARGET = 15.0;
				OTHER_LDFLAGS = (
					"$(inherited)",
					"-L$(DT_TOOLCHAIN_DIR)/usr/lib/swift/$(PLATFORM_NAME)",
				);
				PRODUCT_BUNDLE_IDENTIFIER = com.jsj.betterauthswift.testhelpers;
				PRODUCT_NAME = BetterAuthTestHelpers;
				SDKROOT = macosx;
				SKIP_INSTALL = YES;
				SWIFT_ACTIVE_COMPILATION_CONDITIONS = (
					"$(inherited)",
					DEBUG,
				);
				SWIFT_COMPILATION_MODE = singlefile;
				SWIFT_OPTIMIZATION_LEVEL = "-Onone";
				VERSIONING_SYSTEM = "apple-generic";
				VERSION_INFO_PREFIX = "";
			};
			name = Debug;
		};
		945D378D5A050E16E8F843DD /* Release */ = {
			isa = XCBuildConfiguration;
			buildSettings = {
				BUNDLE_LOADER = "";
				CODE_SIGN_IDENTITY = "-";
				INFOPLIST_FILE = "Derived/InfoPlists/BetterAuthOrganizationTests-Info.plist";
				LD_RUNPATH_SEARCH_PATHS = (
					"$(inherited)",
					"@executable_path/../Frameworks",
					"@loader_path/../Frameworks",
					"@loader_path/../Frameworks",
					"@executable_path/../Frameworks",
				);
				MACOSX_DEPLOYMENT_TARGET = 15.0;
				OTHER_LDFLAGS = (
					"$(inherited)",
					"-L$(DT_TOOLCHAIN_DIR)/usr/lib/swift/$(PLATFORM_NAME)",
				);
				PRODUCT_BUNDLE_IDENTIFIER = "com.jsj.betterauthswift.organization-tests";
				PRODUCT_NAME = BetterAuthOrganizationTests;
				SDKROOT = macosx;
				SWIFT_COMPILATION_MODE = wholemodule;
				SWIFT_OPTIMIZATION_LEVEL = "-O";
				TEST_HOST = "";
			};
			name = Release;
		};
		A4B24DF243B07CA94749A2D6 /* Debug */ = {
			isa = XCBuildConfiguration;
			buildSettings = {
				BUNDLE_LOADER = "";
				CODE_SIGN_IDENTITY = "-";
				INFOPLIST_FILE = "Derived/InfoPlists/BetterAuthOrganizationTests-Info.plist";
				LD_RUNPATH_SEARCH_PATHS = (
					"$(inherited)",
					"@executable_path/../Frameworks",
					"@loader_path/../Frameworks",
					"@loader_path/../Frameworks",
					"@executable_path/../Frameworks",
				);
				MACOSX_DEPLOYMENT_TARGET = 15.0;
				OTHER_LDFLAGS = (
					"$(inherited)",
					"-L$(DT_TOOLCHAIN_DIR)/usr/lib/swift/$(PLATFORM_NAME)",
				);
				PRODUCT_BUNDLE_IDENTIFIER = "com.jsj.betterauthswift.organization-tests";
				PRODUCT_NAME = BetterAuthOrganizationTests;
				SDKROOT = macosx;
				SWIFT_ACTIVE_COMPILATION_CONDITIONS = (
					"$(inherited)",
					DEBUG,
				);
				SWIFT_COMPILATION_MODE = singlefile;
				SWIFT_OPTIMIZATION_LEVEL = "-Onone";
				TEST_HOST = "";
			};
			name = Debug;
		};
		A8AED40225D10A3880E73BB5 /* Debug */ = {
			isa = XCBuildConfiguration;
			buildSettings = {
				CURRENT_PROJECT_VERSION = 1;
				DEFINES_MODULE = YES;
				DYLIB_COMPATIBILITY_VERSION = 1;
				DYLIB_CURRENT_VERSION = 1;
				DYLIB_INSTALL_NAME_BASE = "@rpath";
				INFOPLIST_FILE = "Derived/InfoPlists/BetterAuthOrganization-Info.plist";
				INSTALL_PATH = "$(LOCAL_LIBRARY_DIR)/Frameworks";
				IPHONEOS_DEPLOYMENT_TARGET = 18.0;
				LD_RUNPATH_SEARCH_PATHS = (
					"$(inherited)",
					"@executable_path/Frameworks",
					"@loader_path/Frameworks",
				);
				"LD_RUNPATH_SEARCH_PATHS[sdk=macosx*]" = (
					"$(inherited)",
					"@executable_path/../Frameworks",
					"@loader_path/../Frameworks",
				);
				MACOSX_DEPLOYMENT_TARGET = 15.0;
				OTHER_LDFLAGS = (
					"$(inherited)",
					"-L$(DT_TOOLCHAIN_DIR)/usr/lib/swift/$(PLATFORM_NAME)",
				);
				PRODUCT_BUNDLE_IDENTIFIER = com.jsj.betterauthswift.BetterAuthOrganization;
				PRODUCT_NAME = BetterAuthOrganization;
				SDKROOT = auto;
				SKIP_INSTALL = NO;
				SUPPORTED_PLATFORMS = "iphoneos iphonesimulator macosx";
				SUPPORTS_MACCATALYST = NO;
				SUPPORTS_MAC_DESIGNED_FOR_IPHONE_IPAD = NO;
				SUPPORTS_XR_DESIGNED_FOR_IPHONE_IPAD = NO;
				SWIFT_ACTIVE_COMPILATION_CONDITIONS = (
					"$(inherited)",
					DEBUG,
				);
				SWIFT_COMPILATION_MODE = singlefile;
				SWIFT_OPTIMIZATION_LEVEL = "-Onone";
				TARGETED_DEVICE_FAMILY = "1,2";
				VERSIONING_SYSTEM = "apple-generic";
				VERSION_INFO_PREFIX = "";
			};
			name = Debug;
		};
		BCFE04AF1EDD828326D17359 /* Debug */ = {
			isa = XCBuildConfiguration;
			buildSettings = {
				BUNDLE_LOADER = "";
				CODE_SIGN_IDENTITY = "-";
				INFOPLIST_FILE = "Derived/InfoPlists/BetterAuthSwiftTests-Info.plist";
				LD_RUNPATH_SEARCH_PATHS = (
					"$(inherited)",
					"@executable_path/../Frameworks",
					"@loader_path/../Frameworks",
					"@loader_path/../Frameworks",
					"@executable_path/../Frameworks",
				);
				MACOSX_DEPLOYMENT_TARGET = 15.0;
				OTHER_LDFLAGS = (
					"$(inherited)",
					"-L$(DT_TOOLCHAIN_DIR)/usr/lib/swift/$(PLATFORM_NAME)",
				);
				PRODUCT_BUNDLE_IDENTIFIER = com.jsj.betterauthswift.tests;
				PRODUCT_NAME = BetterAuthSwiftTests;
				SDKROOT = macosx;
				SWIFT_ACTIVE_COMPILATION_CONDITIONS = (
					"$(inherited)",
					DEBUG,
				);
				SWIFT_COMPILATION_MODE = singlefile;
				SWIFT_OPTIMIZATION_LEVEL = "-Onone";
				TEST_HOST = "";
			};
			name = Debug;
		};
		D77E0C269472B098BC065548 /* Release */ = {
			isa = XCBuildConfiguration;
			buildSettings = {
				CURRENT_PROJECT_VERSION = 1;
				DEFINES_MODULE = YES;
				DYLIB_COMPATIBILITY_VERSION = 1;
				DYLIB_CURRENT_VERSION = 1;
				DYLIB_INSTALL_NAME_BASE = "@rpath";
				INFOPLIST_FILE = "Derived/InfoPlists/BetterAuthOrganization-Info.plist";
				INSTALL_PATH = "$(LOCAL_LIBRARY_DIR)/Frameworks";
				IPHONEOS_DEPLOYMENT_TARGET = 18.0;
				LD_RUNPATH_SEARCH_PATHS = (
					"$(inherited)",
					"@executable_path/Frameworks",
					"@loader_path/Frameworks",
				);
				"LD_RUNPATH_SEARCH_PATHS[sdk=macosx*]" = (
					"$(inherited)",
					"@executable_path/../Frameworks",
					"@loader_path/../Frameworks",
				);
				MACOSX_DEPLOYMENT_TARGET = 15.0;
				OTHER_LDFLAGS = (
					"$(inherited)",
					"-L$(DT_TOOLCHAIN_DIR)/usr/lib/swift/$(PLATFORM_NAME)",
				);
				PRODUCT_BUNDLE_IDENTIFIER = com.jsj.betterauthswift.BetterAuthOrganization;
				PRODUCT_NAME = BetterAuthOrganization;
				SDKROOT = auto;
				SKIP_INSTALL = NO;
				SUPPORTED_PLATFORMS = "iphoneos iphonesimulator macosx";
				SUPPORTS_MACCATALYST = NO;
				SUPPORTS_MAC_DESIGNED_FOR_IPHONE_IPAD = NO;
				SUPPORTS_XR_DESIGNED_FOR_IPHONE_IPAD = NO;
				SWIFT_COMPILATION_MODE = wholemodule;
				SWIFT_OPTIMIZATION_LEVEL = "-O";
				TARGETED_DEVICE_FAMILY = "1,2";
				VERSIONING_SYSTEM = "apple-generic";
				VERSION_INFO_PREFIX = "";
			};
			name = Release;
		};
		EB1B8EAF6D068E203427A265 /* Release */ = {
			isa = XCBuildConfiguration;
			buildSettings = {
				CURRENT_PROJECT_VERSION = 1;
				DEFINES_MODULE = YES;
				DYLIB_COMPATIBILITY_VERSION = 1;
				DYLIB_CURRENT_VERSION = 1;
				DYLIB_INSTALL_NAME_BASE = "@rpath";
				INFOPLIST_FILE = "Derived/InfoPlists/BetterAuthSwiftUI-Info.plist";
				INSTALL_PATH = "$(LOCAL_LIBRARY_DIR)/Frameworks";
				IPHONEOS_DEPLOYMENT_TARGET = 18.0;
				LD_RUNPATH_SEARCH_PATHS = (
					"$(inherited)",
					"@executable_path/Frameworks",
					"@loader_path/Frameworks",
				);
				"LD_RUNPATH_SEARCH_PATHS[sdk=macosx*]" = (
					"$(inherited)",
					"@executable_path/../Frameworks",
					"@loader_path/../Frameworks",
				);
				MACOSX_DEPLOYMENT_TARGET = 15.0;
				OTHER_LDFLAGS = (
					"$(inherited)",
					"-L$(DT_TOOLCHAIN_DIR)/usr/lib/swift/$(PLATFORM_NAME)",
				);
				PRODUCT_BUNDLE_IDENTIFIER = com.jsj.betterauthswift.BetterAuthSwiftUI;
				PRODUCT_NAME = BetterAuthSwiftUI;
				SDKROOT = auto;
				SKIP_INSTALL = NO;
				SUPPORTED_PLATFORMS = "iphoneos iphonesimulator macosx";
				SUPPORTS_MACCATALYST = NO;
				SUPPORTS_MAC_DESIGNED_FOR_IPHONE_IPAD = NO;
				SUPPORTS_XR_DESIGNED_FOR_IPHONE_IPAD = NO;
				SWIFT_COMPILATION_MODE = wholemodule;
				SWIFT_OPTIMIZATION_LEVEL = "-O";
				TARGETED_DEVICE_FAMILY = "1,2";
				VERSIONING_SYSTEM = "apple-generic";
				VERSION_INFO_PREFIX = "";
			};
			name = Release;
		};
		F23A5C3823672424F8316396 /* Release */ = {
			isa = XCBuildConfiguration;
			buildSettings = {
				BUNDLE_LOADER = "";
				CODE_SIGN_IDENTITY = "-";
				INFOPLIST_FILE = "Derived/InfoPlists/BetterAuthSwiftTests-Info.plist";
				LD_RUNPATH_SEARCH_PATHS = (
					"$(inherited)",
					"@executable_path/../Frameworks",
					"@loader_path/../Frameworks",
					"@loader_path/../Frameworks",
					"@executable_path/../Frameworks",
				);
				MACOSX_DEPLOYMENT_TARGET = 15.0;
				OTHER_LDFLAGS = (
					"$(inherited)",
					"-L$(DT_TOOLCHAIN_DIR)/usr/lib/swift/$(PLATFORM_NAME)",
				);
				PRODUCT_BUNDLE_IDENTIFIER = com.jsj.betterauthswift.tests;
				PRODUCT_NAME = BetterAuthSwiftTests;
				SDKROOT = macosx;
				SWIFT_COMPILATION_MODE = wholemodule;
				SWIFT_OPTIMIZATION_LEVEL = "-O";
				TEST_HOST = "";
			};
			name = Release;
		};
/* End XCBuildConfiguration section */

/* Begin XCConfigurationList section */
		09EBF91D0C82613752488218 /* Build configuration list for PBXProject "better-auth-swift" */ = {
			isa = XCConfigurationList;
			buildConfigurations = (
				46B4E46F49780EBDE97244CA /* Debug */,
				6C0ACEE00F6245B9DDCD7646 /* Release */,
			);
			defaultConfigurationIsVisible = 0;
			defaultConfigurationName = Release;
		};
		228412C0219DEC2152FFE07E /* Build configuration list for PBXNativeTarget "BetterAuthTestHelpers" */ = {
			isa = XCConfigurationList;
			buildConfigurations = (
				7672B05A17498919673CCA0A /* Debug */,
				189F173AAE70AD8348B75145 /* Release */,
			);
			defaultConfigurationIsVisible = 0;
			defaultConfigurationName = Release;
		};
		2B5D77A063233C20CF406DF9 /* Build configuration list for PBXNativeTarget "BetterAuthSwiftUI" */ = {
			isa = XCConfigurationList;
			buildConfigurations = (
				203CD2B6E67599C4C3780F75 /* Debug */,
				EB1B8EAF6D068E203427A265 /* Release */,
			);
			defaultConfigurationIsVisible = 0;
			defaultConfigurationName = Release;
		};
		49EFADF0BAD6779B399FDB77 /* Build configuration list for PBXNativeTarget "BetterAuthOrganizationTests" */ = {
			isa = XCConfigurationList;
			buildConfigurations = (
				A4B24DF243B07CA94749A2D6 /* Debug */,
				945D378D5A050E16E8F843DD /* Release */,
			);
			defaultConfigurationIsVisible = 0;
			defaultConfigurationName = Release;
		};
		52B2F54C06C919A09DA09929 /* Build configuration list for PBXNativeTarget "BetterAuth" */ = {
			isa = XCConfigurationList;
			buildConfigurations = (
				02703E520E5FCE038F741C07 /* Debug */,
				36DCA964B3055642D4E61B4D /* Release */,
			);
			defaultConfigurationIsVisible = 0;
			defaultConfigurationName = Release;
		};
		FA9901F3FDDDB05C70B71DCC /* Build configuration list for PBXNativeTarget "BetterAuthOrganization" */ = {
			isa = XCConfigurationList;
			buildConfigurations = (
				A8AED40225D10A3880E73BB5 /* Debug */,
				D77E0C269472B098BC065548 /* Release */,
			);
			defaultConfigurationIsVisible = 0;
			defaultConfigurationName = Release;
		};
		FF7264AD8505AB947C6C9D8C /* Build configuration list for PBXNativeTarget "BetterAuthSwiftTests" */ = {
			isa = XCConfigurationList;
			buildConfigurations = (
				BCFE04AF1EDD828326D17359 /* Debug */,
				F23A5C3823672424F8316396 /* Release */,
			);
			defaultConfigurationIsVisible = 0;
			defaultConfigurationName = Release;
		};
/* End XCConfigurationList section */
	};
	rootObject = 432391DBC934C47F456C66E9 /* Project object */;
}
