// !$*UTF8*$!
{
	archiveVersion = 1;
	classes = {
	};
	objectVersion = 55;
	objects = {

/* Begin PBXBuildFile section */
		02455AB54DD18A8A14B0AC59 /* BetterAuthSessionState.swift in Sources */ = {isa = PBXBuildFile; fileRef = 11A51520F024C1C1D9657F6E /* BetterAuthSessionState.swift */; };
		03778AA0FED8BE77756932BE /* BetterAuthSessionManager.swift in Sources */ = {isa = PBXBuildFile; fileRef = AA0E1D635B6FD15D606BB99D /* BetterAuthSessionManager.swift */; };
		0500ABD2FB33BC20B00E229B /* AuthNetworkClient.swift in Sources */ = {isa = PBXBuildFile; fileRef = 7976A0428DAB03AD5FA3285E /* AuthNetworkClient.swift */; };
		08F36CF735E4BF272310463E /* OrganizationModels.swift in Sources */ = {isa = PBXBuildFile; fileRef = 62965F148D946A7DAB65C1B7 /* OrganizationModels.swift */; };
		0B08721888BDE152F65C8861 /* BetterAuth.framework in Frameworks */ = {isa = PBXBuildFile; fileRef = 57EB16147F04703645966CFD /* BetterAuth.framework */; };
		0EADB182FB3F868B70C63EDF /* BetterAuthConfiguration.swift in Sources */ = {isa = PBXBuildFile; fileRef = 9CA87939C83219581B31E1F7 /* BetterAuthConfiguration.swift */; };
		200F12A82ED1688E137144EE /* TestAssertions.swift in Sources */ = {isa = PBXBuildFile; fileRef = 010C2C530A41622AA0556927 /* TestAssertions.swift */; };
		21EB788B4643A8A04E976181 /* PKCE.swift in Sources */ = {isa = PBXBuildFile; fileRef = 395D8B13481D1B69A469043F /* PKCE.swift */; };
		2AD391DB148979A4626D8B01 /* OrganizationManager.swift in Sources */ = {isa = PBXBuildFile; fileRef = 053EBD03B1AE449E27280F77 /* OrganizationManager.swift */; };
		422AF1A63BDE51E040D080A1 /* RetryPolicy.swift in Sources */ = {isa = PBXBuildFile; fileRef = 82C1C763A397D8A7292C1444 /* RetryPolicy.swift */; };
		430392EB3DC9E744A6022200 /* AppleSignInSupport.swift in Sources */ = {isa = PBXBuildFile; fileRef = F2C6911B7B539F0C0FB7C2F6 /* AppleSignInSupport.swift */; };
		4EA137E12173B2445BCEA8F9 /* OrganizationTests.swift in Sources */ = {isa = PBXBuildFile; fileRef = 761EB3A99984CCA7FA195F6B /* OrganizationTests.swift */; };
		562DE2549495886CDEE5D278 /* BetterAuthLifecycle.swift in Sources */ = {isa = PBXBuildFile; fileRef = 04AB6887CBC593185002451E /* BetterAuthLifecycle.swift */; };
		58CD9EF834142DE6C415C16F /* BetterAuthCoding.swift in Sources */ = {isa = PBXBuildFile; fileRef = 7E7EC765E41947A5CF574A9C /* BetterAuthCoding.swift */; };
		5AE4BFAA76E186A04C842461 /* BetterAuthErrors.swift in Sources */ = {isa = PBXBuildFile; fileRef = E92C0A6B34F1ADD0338CD729 /* BetterAuthErrors.swift */; };
		6682650BFE5C8AD6204E355B /* BetterAuthSwiftTestsPart1.swift in Sources */ = {isa = PBXBuildFile; fileRef = 105D67400B7A2E3E54FAF416 /* BetterAuthSwiftTestsPart1.swift */; };
		6705A938703E5F0A395132B2 /* BetterAuthOrganizationModule.swift in Sources */ = {isa = PBXBuildFile; fileRef = 91181EFDB7909A892E63ED51 /* BetterAuthOrganizationModule.swift */; };
		680E5602B8A1B0C2E72F649E /* BetterAuthTransport.swift in Sources */ = {isa = PBXBuildFile; fileRef = 185BEC72718C8C0D041DECF1 /* BetterAuthTransport.swift */; };
		74D145487EC3AC5B9296DF3C /* BetterAuthSwiftTestsPart3.swift in Sources */ = {isa = PBXBuildFile; fileRef = C6FE89AA156FCB6E3B8773C1 /* BetterAuthSwiftTestsPart3.swift */; };
		7AB9F794B6C86E7E3E9748E1 /* BetterAuthSocialModels.swift in Sources */ = {isa = PBXBuildFile; fileRef = 1A5144ACC78A6C42E2F62055 /* BetterAuthSocialModels.swift */; };
		7C52B85D6C0972845CF3BD58 /* AuthMethod.swift in Sources */ = {isa = PBXBuildFile; fileRef = F306738978FFF98FC3EC82FD /* AuthMethod.swift */; };
		7D7A8AF98967B77A9A53B6DA /* BetterAuthCoreServices.swift in Sources */ = {isa = PBXBuildFile; fileRef = 42CDFA1D5CA6AA07C1B9DD3C /* BetterAuthCoreServices.swift */; };
		7FC1C581116A20312C456E9A /* BetterAuthCallbackHandler.swift in Sources */ = {isa = PBXBuildFile; fileRef = DCB60C17621015691F128613 /* BetterAuthCallbackHandler.swift */; };
		83C001E6F760C6BFCEA243A3 /* AuthLaunchState.swift in Sources */ = {isa = PBXBuildFile; fileRef = 45110BC7E5FCE348040BF749 /* AuthLaunchState.swift */; };
		846481C73C7F779A07E921AD /* BetterAuthClient.swift in Sources */ = {isa = PBXBuildFile; fileRef = FA86DCDE259E29B7CBB81610 /* BetterAuthClient.swift */; };
		929A9275CA5E12E7B2CC7B90 /* TestSupport.swift in Sources */ = {isa = PBXBuildFile; fileRef = 022F5AE8EC0943DFF262FB5F /* TestSupport.swift */; };
		98B5E7ECCBD4BE6EBEDB2963 /* BetterAuth.framework in Frameworks */ = {isa = PBXBuildFile; fileRef = 57EB16147F04703645966CFD /* BetterAuth.framework */; };
		A0E957F92875AC1FD4712703 /* BetterAuthModules.swift in Sources */ = {isa = PBXBuildFile; fileRef = 7DF506A7466E44C132787F22 /* BetterAuthModules.swift */; };
		A86734DB3BAF54D24879899B /* AuthStore.swift in Sources */ = {isa = PBXBuildFile; fileRef = 7F28F907CA534295C2CBDC93 /* AuthStore.swift */; };
		B35168C2C0EE98A1A6AF9AC6 /* BetterAuthOrganization.framework in Frameworks */ = {isa = PBXBuildFile; fileRef = F51E8467AD24345B8495B5FF /* BetterAuthOrganization.framework */; };
		B4E917A6723BFEC3A19F540C /* BetterAuthSwiftTestsPart4.swift in Sources */ = {isa = PBXBuildFile; fileRef = 47A12983B9438B15DFCD7CCE /* BetterAuthSwiftTestsPart4.swift */; };
		BE7595B89C6656783B1A6FAE /* BetterAuth.framework in Frameworks */ = {isa = PBXBuildFile; fileRef = 57EB16147F04703645966CFD /* BetterAuth.framework */; };
		C1C55BD444F7298BE0C911DA /* BetterAuthSessionModels.swift in Sources */ = {isa = PBXBuildFile; fileRef = 9B35306E0371C4649852A1BB /* BetterAuthSessionModels.swift */; };
		C2B2FD2A49AB431215261199 /* BetterAuthURLResolver.swift in Sources */ = {isa = PBXBuildFile; fileRef = A9455F787C29E48E9F46089A /* BetterAuthURLResolver.swift */; };
		C6E67C108F81E79A82075CEC /* BetterAuthEventEmitter.swift in Sources */ = {isa = PBXBuildFile; fileRef = 492C9D23F023C9ABEC11A4B0 /* BetterAuthEventEmitter.swift */; };
		C6F365799AE643BCD249DC43 /* BetterAuthSessionStore.swift in Sources */ = {isa = PBXBuildFile; fileRef = E4A34744C742DB2ECFC3B96A /* BetterAuthSessionStore.swift */; };
		CBB9AC5D7707AC446A1AF215 /* BetterAuthRequestClient.swift in Sources */ = {isa = PBXBuildFile; fileRef = 3E813D4177672D5A1B6BA73B /* BetterAuthRequestClient.swift */; };
		D49A09D83B6FE05AA79FD0EB /* BetterAuth.framework in Frameworks */ = {isa = PBXBuildFile; fileRef = 57EB16147F04703645966CFD /* BetterAuth.framework */; };
		DB696DDD4C00D67F30C3551F /* BetterAuthTestHelpers.framework in Frameworks */ = {isa = PBXBuildFile; fileRef = BA0565DB628BDA77EF409459 /* BetterAuthTestHelpers.framework */; };
		DD56E5BE0076934DA2266E8A /* BetterAuthPasskeyModels.swift in Sources */ = {isa = PBXBuildFile; fileRef = 3E183D252DA7EDBC14F2D039 /* BetterAuthPasskeyModels.swift */; };
		DEAA5CA2E581486D7BEF9CA5 /* BetterAuthOTPModels.swift in Sources */ = {isa = PBXBuildFile; fileRef = C23A34EC537479FEF58B9D2F /* BetterAuthOTPModels.swift */; };
		E4F5D8230F2FE34AE35908E7 /* BetterAuthTestHelpers.framework in Frameworks */ = {isa = PBXBuildFile; fileRef = BA0565DB628BDA77EF409459 /* BetterAuthTestHelpers.framework */; };
		E54CCD62B403E1B9995929D5 /* BetterAuth.framework in Frameworks */ = {isa = PBXBuildFile; fileRef = 57EB16147F04703645966CFD /* BetterAuth.framework */; };
		E60BDA687A0EEAE444BE15B9 /* BetterAuthLogger.swift in Sources */ = {isa = PBXBuildFile; fileRef = F5D8B915C414708733EF5B01 /* BetterAuthLogger.swift */; };
		E955301C533D26C07D760267 /* BetterAuthSwiftUI.framework in Frameworks */ = {isa = PBXBuildFile; fileRef = DC29EA90160EDC19A5438A07 /* BetterAuthSwiftUI.framework */; };
		F784869E3D0562358F4DB388 /* BetterAuthSwiftTestsPart2.swift in Sources */ = {isa = PBXBuildFile; fileRef = 1DF8B07DEC1A29E329B9FEDA /* BetterAuthSwiftTestsPart2.swift */; };
		FC356661719ED970ABAA0CBA /* BetterAuthClientProtocols.swift in Sources */ = {isa = PBXBuildFile; fileRef = D8B976DF812F2C4919995A8C /* BetterAuthClientProtocols.swift */; };
/* End PBXBuildFile section */

/* Begin PBXContainerItemProxy section */
		025643F6E559A8D332844584 /* PBXContainerItemProxy */ = {
			isa = PBXContainerItemProxy;
			containerPortal = 432391DBC934C47F456C66E9 /* Project object */;
			proxyType = 1;
			remoteGlobalIDString = 4970F0DBC266BB5B3E182913;
			remoteInfo = BetterAuthTestHelpers;
		};
		1F22714FFD9AC3AF1AA48B28 /* PBXContainerItemProxy */ = {
			isa = PBXContainerItemProxy;
			containerPortal = 432391DBC934C47F456C66E9 /* Project object */;
			proxyType = 1;
			remoteGlobalIDString = 48698A365481CB96DF9A8085;
			remoteInfo = BetterAuth;
		};
		2CDFB62FEFCCF4C0242BFE7C /* PBXContainerItemProxy */ = {
			isa = PBXContainerItemProxy;
			containerPortal = 432391DBC934C47F456C66E9 /* Project object */;
			proxyType = 1;
			remoteGlobalIDString = 48698A365481CB96DF9A8085;
			remoteInfo = BetterAuth;
		};
		45846876E159ED7DE1083C38 /* PBXContainerItemProxy */ = {
			isa = PBXContainerItemProxy;
			containerPortal = 432391DBC934C47F456C66E9 /* Project object */;
			proxyType = 1;
			remoteGlobalIDString = 48698A365481CB96DF9A8085;
			remoteInfo = BetterAuth;
		};
		48453FCBF3C52D6E56EFFE2E /* PBXContainerItemProxy */ = {
			isa = PBXContainerItemProxy;
			containerPortal = 432391DBC934C47F456C66E9 /* Project object */;
			proxyType = 1;
			remoteGlobalIDString = 48698A365481CB96DF9A8085;
			remoteInfo = BetterAuth;
		};
		65EA84DC49091404FE63E84E /* PBXContainerItemProxy */ = {
			isa = PBXContainerItemProxy;
			containerPortal = 432391DBC934C47F456C66E9 /* Project object */;
			proxyType = 1;
			remoteGlobalIDString = 48698A365481CB96DF9A8085;
			remoteInfo = BetterAuth;
		};
		76589305250C140B32008188 /* PBXContainerItemProxy */ = {
			isa = PBXContainerItemProxy;
			containerPortal = 432391DBC934C47F456C66E9 /* Project object */;
			proxyType = 1;
			remoteGlobalIDString = 9B72220C57C4AB02C35CEC48;
			remoteInfo = BetterAuthOrganization;
		};
		C92388656BB5B3079B8AE993 /* PBXContainerItemProxy */ = {
			isa = PBXContainerItemProxy;
			containerPortal = 432391DBC934C47F456C66E9 /* Project object */;
			proxyType = 1;
			remoteGlobalIDString = 4970F0DBC266BB5B3E182913;
			remoteInfo = BetterAuthTestHelpers;
		};
		D66FEE40AB65C890A1E3D5E9 /* PBXContainerItemProxy */ = {
			isa = PBXContainerItemProxy;
			containerPortal = 432391DBC934C47F456C66E9 /* Project object */;
			proxyType = 1;
			remoteGlobalIDString = 5CFE70D2CEA303CF52957983;
			remoteInfo = BetterAuthSwiftUI;
		};
/* End PBXContainerItemProxy section */

/* Begin PBXCopyFilesBuildPhase section */
		1653C1FA714A5DC15DE11334 /* Embed Frameworks */ = {
			isa = PBXCopyFilesBuildPhase;
			buildActionMask = 2147483647;
			dstPath = "";
			dstSubfolderSpec = 10;
			files = (
			);
			name = "Embed Frameworks";
			runOnlyForDeploymentPostprocessing = 0;
		};
		43CA93A645F68BD35FAD1281 /* Embed Frameworks */ = {
			isa = PBXCopyFilesBuildPhase;
			buildActionMask = 2147483647;
			dstPath = "";
			dstSubfolderSpec = 10;
			files = (
			);
			name = "Embed Frameworks";
			runOnlyForDeploymentPostprocessing = 0;
		};
		4790B064D7D7D9CD5D408081 /* Embed Frameworks */ = {
			isa = PBXCopyFilesBuildPhase;
			buildActionMask = 2147483647;
			dstPath = "";
			dstSubfolderSpec = 10;
			files = (
			);
			name = "Embed Frameworks";
			runOnlyForDeploymentPostprocessing = 0;
		};
		6313DE01D3BC9EF40C5BE379 /* Embed Frameworks */ = {
			isa = PBXCopyFilesBuildPhase;
			buildActionMask = 2147483647;
			dstPath = "";
			dstSubfolderSpec = 10;
			files = (
			);
			name = "Embed Frameworks";
			runOnlyForDeploymentPostprocessing = 0;
		};
		F9AAAEDE8DF057DF7C60C194 /* Embed Frameworks */ = {
			isa = PBXCopyFilesBuildPhase;
			buildActionMask = 2147483647;
			dstPath = "";
			dstSubfolderSpec = 10;
			files = (
			);
			name = "Embed Frameworks";
			runOnlyForDeploymentPostprocessing = 0;
		};
		FE577B10BCF4871CCE6FB28B /* Embed Frameworks */ = {
			isa = PBXCopyFilesBuildPhase;
			buildActionMask = 2147483647;
			dstPath = "";
			dstSubfolderSpec = 10;
			files = (
			);
			name = "Embed Frameworks";
			runOnlyForDeploymentPostprocessing = 0;
		};
/* End PBXCopyFilesBuildPhase section */

/* Begin PBXFileReference section */
		010C2C530A41622AA0556927 /* TestAssertions.swift */ = {isa = PBXFileReference; lastKnownFileType = sourcecode.swift; path = TestAssertions.swift; sourceTree = "<group>"; };
		022F5AE8EC0943DFF262FB5F /* TestSupport.swift */ = {isa = PBXFileReference; lastKnownFileType = sourcecode.swift; path = TestSupport.swift; sourceTree = "<group>"; };
		031BF800FE533C1EF1B1EE36 /* extract_sdk_endpoints.sh */ = {isa = PBXFileReference; lastKnownFileType = text.script.sh; path = extract_sdk_endpoints.sh; sourceTree = "<group>"; };
		04AB6887CBC593185002451E /* BetterAuthLifecycle.swift */ = {isa = PBXFileReference; lastKnownFileType = sourcecode.swift; path = BetterAuthLifecycle.swift; sourceTree = "<group>"; };
		053EBD03B1AE449E27280F77 /* OrganizationManager.swift */ = {isa = PBXFileReference; lastKnownFileType = sourcecode.swift; path = OrganizationManager.swift; sourceTree = "<group>"; };
		082D4917EE4B4A4F246C8EC3 /* build_xcframeworks.sh */ = {isa = PBXFileReference; lastKnownFileType = text.script.sh; path = build_xcframeworks.sh; sourceTree = "<group>"; };
		105D67400B7A2E3E54FAF416 /* BetterAuthSwiftTestsPart1.swift */ = {isa = PBXFileReference; lastKnownFileType = sourcecode.swift; path = BetterAuthSwiftTestsPart1.swift; sourceTree = "<group>"; };
		11A51520F024C1C1D9657F6E /* BetterAuthSessionState.swift */ = {isa = PBXFileReference; lastKnownFileType = sourcecode.swift; path = BetterAuthSessionState.swift; sourceTree = "<group>"; };
		185BEC72718C8C0D041DECF1 /* BetterAuthTransport.swift */ = {isa = PBXFileReference; lastKnownFileType = sourcecode.swift; path = BetterAuthTransport.swift; sourceTree = "<group>"; };
		1A5144ACC78A6C42E2F62055 /* BetterAuthSocialModels.swift */ = {isa = PBXFileReference; lastKnownFileType = sourcecode.swift; path = BetterAuthSocialModels.swift; sourceTree = "<group>"; };
		1DF8B07DEC1A29E329B9FEDA /* BetterAuthSwiftTestsPart2.swift */ = {isa = PBXFileReference; lastKnownFileType = sourcecode.swift; path = BetterAuthSwiftTestsPart2.swift; sourceTree = "<group>"; };
		25BB78A6C54A2A33EA61958E /* BetterAuthOrganizationTests-Info.plist */ = {isa = PBXFileReference; lastKnownFileType = text.plist; path = "BetterAuthOrganizationTests-Info.plist"; sourceTree = "<group>"; };
		27E5D5615F31E0B321AB7949 /* .swiftformat */ = {isa = PBXFileReference; path = .swiftformat; sourceTree = "<group>"; };
		2DE3601C850A3AD88651492A /* generate_xcodeproj.sh */ = {isa = PBXFileReference; lastKnownFileType = text.script.sh; path = generate_xcodeproj.sh; sourceTree = "<group>"; };
		30E25C8AA37C38457CF12750 /* BetterAuthOrganization-Info.plist */ = {isa = PBXFileReference; lastKnownFileType = text.plist; path = "BetterAuthOrganization-Info.plist"; sourceTree = "<group>"; };
		395D8B13481D1B69A469043F /* PKCE.swift */ = {isa = PBXFileReference; lastKnownFileType = sourcecode.swift; path = PKCE.swift; sourceTree = "<group>"; };
		3E183D252DA7EDBC14F2D039 /* BetterAuthPasskeyModels.swift */ = {isa = PBXFileReference; lastKnownFileType = sourcecode.swift; path = BetterAuthPasskeyModels.swift; sourceTree = "<group>"; };
		3E813D4177672D5A1B6BA73B /* BetterAuthRequestClient.swift */ = {isa = PBXFileReference; lastKnownFileType = sourcecode.swift; path = BetterAuthRequestClient.swift; sourceTree = "<group>"; };
		42CDFA1D5CA6AA07C1B9DD3C /* BetterAuthCoreServices.swift */ = {isa = PBXFileReference; lastKnownFileType = sourcecode.swift; path = BetterAuthCoreServices.swift; sourceTree = "<group>"; };
		45110BC7E5FCE348040BF749 /* AuthLaunchState.swift */ = {isa = PBXFileReference; lastKnownFileType = sourcecode.swift; path = AuthLaunchState.swift; sourceTree = "<group>"; };
		47A12983B9438B15DFCD7CCE /* BetterAuthSwiftTestsPart4.swift */ = {isa = PBXFileReference; lastKnownFileType = sourcecode.swift; path = BetterAuthSwiftTestsPart4.swift; sourceTree = "<group>"; };
		492C9D23F023C9ABEC11A4B0 /* BetterAuthEventEmitter.swift */ = {isa = PBXFileReference; lastKnownFileType = sourcecode.swift; path = BetterAuthEventEmitter.swift; sourceTree = "<group>"; };
		57EB16147F04703645966CFD /* BetterAuth.framework */ = {isa = PBXFileReference; explicitFileType = wrapper.framework; includeInIndex = 0; path = BetterAuth.framework; sourceTree = BUILT_PRODUCTS_DIR; };
		5B1EF8E235D159A75B33DB2E /* Package.swift */ = {isa = PBXFileReference; lastKnownFileType = sourcecode.swift; path = Package.swift; sourceTree = "<group>"; };
		62965F148D946A7DAB65C1B7 /* OrganizationModels.swift */ = {isa = PBXFileReference; lastKnownFileType = sourcecode.swift; path = OrganizationModels.swift; sourceTree = "<group>"; };
		65F78D987C1ABAE96B18515E /* extract_upstream_endpoints.sh */ = {isa = PBXFileReference; lastKnownFileType = text.script.sh; path = extract_upstream_endpoints.sh; sourceTree = "<group>"; };
		7071732D7777F820CEC4651A /* BetterAuthOrganizationTests.xctest */ = {isa = PBXFileReference; explicitFileType = wrapper.cfbundle; includeInIndex = 0; path = BetterAuthOrganizationTests.xctest; sourceTree = BUILT_PRODUCTS_DIR; };
		761EB3A99984CCA7FA195F6B /* OrganizationTests.swift */ = {isa = PBXFileReference; lastKnownFileType = sourcecode.swift; path = OrganizationTests.swift; sourceTree = "<group>"; };
		7976A0428DAB03AD5FA3285E /* AuthNetworkClient.swift */ = {isa = PBXFileReference; lastKnownFileType = sourcecode.swift; path = AuthNetworkClient.swift; sourceTree = "<group>"; };
		7DF506A7466E44C132787F22 /* BetterAuthModules.swift */ = {isa = PBXFileReference; lastKnownFileType = sourcecode.swift; path = BetterAuthModules.swift; sourceTree = "<group>"; };
		7E7EC765E41947A5CF574A9C /* BetterAuthCoding.swift */ = {isa = PBXFileReference; lastKnownFileType = sourcecode.swift; path = BetterAuthCoding.swift; sourceTree = "<group>"; };
		7F28F907CA534295C2CBDC93 /* AuthStore.swift */ = {isa = PBXFileReference; lastKnownFileType = sourcecode.swift; path = AuthStore.swift; sourceTree = "<group>"; };
		82C1C763A397D8A7292C1444 /* RetryPolicy.swift */ = {isa = PBXFileReference; lastKnownFileType = sourcecode.swift; path = RetryPolicy.swift; sourceTree = "<group>"; };
		873A8C257547D56ECFB49150 /* BetterAuthTestHelpers-Info.plist */ = {isa = PBXFileReference; lastKnownFileType = text.plist; path = "BetterAuthTestHelpers-Info.plist"; sourceTree = "<group>"; };
		8EB1A2F07B9B5D2D853C805B /* .swiftlint.yml */ = {isa = PBXFileReference; lastKnownFileType = text.yaml; path = .swiftlint.yml; sourceTree = "<group>"; };
		91181EFDB7909A892E63ED51 /* BetterAuthOrganizationModule.swift */ = {isa = PBXFileReference; lastKnownFileType = sourcecode.swift; path = BetterAuthOrganizationModule.swift; sourceTree = "<group>"; };
		9B35306E0371C4649852A1BB /* BetterAuthSessionModels.swift */ = {isa = PBXFileReference; lastKnownFileType = sourcecode.swift; path = BetterAuthSessionModels.swift; sourceTree = "<group>"; };
		9CA87939C83219581B31E1F7 /* BetterAuthConfiguration.swift */ = {isa = PBXFileReference; lastKnownFileType = sourcecode.swift; path = BetterAuthConfiguration.swift; sourceTree = "<group>"; };
		9EAB03AAFA96BAECB4BA6244 /* BetterAuthSwiftUI-Info.plist */ = {isa = PBXFileReference; lastKnownFileType = text.plist; path = "BetterAuthSwiftUI-Info.plist"; sourceTree = "<group>"; };
		A9455F787C29E48E9F46089A /* BetterAuthURLResolver.swift */ = {isa = PBXFileReference; lastKnownFileType = sourcecode.swift; path = BetterAuthURLResolver.swift; sourceTree = "<group>"; };
		AA0E1D635B6FD15D606BB99D /* BetterAuthSessionManager.swift */ = {isa = PBXFileReference; lastKnownFileType = sourcecode.swift; path = BetterAuthSessionManager.swift; sourceTree = "<group>"; };
		AEED91AA410D65BFF9CF538F /* drift-prompt.md */ = {isa = PBXFileReference; lastKnownFileType = net.daringfireball.markdown; path = "drift-prompt.md"; sourceTree = "<group>"; };
		B485B1057B52337938DBB4F2 /* bootstrap_runner_env.sh */ = {isa = PBXFileReference; lastKnownFileType = text.script.sh; path = bootstrap_runner_env.sh; sourceTree = "<group>"; };
		BA023D1480CBC830EB2861D7 /* BetterAuth-Info.plist */ = {isa = PBXFileReference; lastKnownFileType = text.plist; path = "BetterAuth-Info.plist"; sourceTree = "<group>"; };
		BA0565DB628BDA77EF409459 /* BetterAuthTestHelpers.framework */ = {isa = PBXFileReference; explicitFileType = wrapper.framework; includeInIndex = 0; path = BetterAuthTestHelpers.framework; sourceTree = BUILT_PRODUCTS_DIR; };
		C23A34EC537479FEF58B9D2F /* BetterAuthOTPModels.swift */ = {isa = PBXFileReference; lastKnownFileType = sourcecode.swift; path = BetterAuthOTPModels.swift; sourceTree = "<group>"; };
		C6FE89AA156FCB6E3B8773C1 /* BetterAuthSwiftTestsPart3.swift */ = {isa = PBXFileReference; lastKnownFileType = sourcecode.swift; path = BetterAuthSwiftTestsPart3.swift; sourceTree = "<group>"; };
		D4D43FDA3601E650A749E9D2 /* swift_test_wrapper.sh */ = {isa = PBXFileReference; lastKnownFileType = text.script.sh; path = swift_test_wrapper.sh; sourceTree = "<group>"; };
		D8B976DF812F2C4919995A8C /* BetterAuthClientProtocols.swift */ = {isa = PBXFileReference; lastKnownFileType = sourcecode.swift; path = BetterAuthClientProtocols.swift; sourceTree = "<group>"; };
		DC29EA90160EDC19A5438A07 /* BetterAuthSwiftUI.framework */ = {isa = PBXFileReference; explicitFileType = wrapper.framework; includeInIndex = 0; path = BetterAuthSwiftUI.framework; sourceTree = BUILT_PRODUCTS_DIR; };
		DCB60C17621015691F128613 /* BetterAuthCallbackHandler.swift */ = {isa = PBXFileReference; lastKnownFileType = sourcecode.swift; path = BetterAuthCallbackHandler.swift; sourceTree = "<group>"; };
		E4A34744C742DB2ECFC3B96A /* BetterAuthSessionStore.swift */ = {isa = PBXFileReference; lastKnownFileType = sourcecode.swift; path = BetterAuthSessionStore.swift; sourceTree = "<group>"; };
		E59946C0CD0188E4E5B1AD5A /* BetterAuthSwiftTests.xctest */ = {isa = PBXFileReference; explicitFileType = wrapper.cfbundle; includeInIndex = 0; path = BetterAuthSwiftTests.xctest; sourceTree = BUILT_PRODUCTS_DIR; };
		E92C0A6B34F1ADD0338CD729 /* BetterAuthErrors.swift */ = {isa = PBXFileReference; lastKnownFileType = sourcecode.swift; path = BetterAuthErrors.swift; sourceTree = "<group>"; };
		F2C6911B7B539F0C0FB7C2F6 /* AppleSignInSupport.swift */ = {isa = PBXFileReference; lastKnownFileType = sourcecode.swift; path = AppleSignInSupport.swift; sourceTree = "<group>"; };
		F306738978FFF98FC3EC82FD /* AuthMethod.swift */ = {isa = PBXFileReference; lastKnownFileType = sourcecode.swift; path = AuthMethod.swift; sourceTree = "<group>"; };
		F51E8467AD24345B8495B5FF /* BetterAuthOrganization.framework */ = {isa = PBXFileReference; explicitFileType = wrapper.framework; includeInIndex = 0; path = BetterAuthOrganization.framework; sourceTree = BUILT_PRODUCTS_DIR; };
		F5D8B915C414708733EF5B01 /* BetterAuthLogger.swift */ = {isa = PBXFileReference; lastKnownFileType = sourcecode.swift; path = BetterAuthLogger.swift; sourceTree = "<group>"; };
		FA86DCDE259E29B7CBB81610 /* BetterAuthClient.swift */ = {isa = PBXFileReference; lastKnownFileType = sourcecode.swift; path = BetterAuthClient.swift; sourceTree = "<group>"; };
		FBF52A4D879F380E18F58041 /* BetterAuthSwiftTests-Info.plist */ = {isa = PBXFileReference; lastKnownFileType = text.plist; path = "BetterAuthSwiftTests-Info.plist"; sourceTree = "<group>"; };
/* End PBXFileReference section */

/* Begin PBXFrameworksBuildPhase section */
		2718241F0A7F46799B7A7C9B /* Frameworks */ = {
			isa = PBXFrameworksBuildPhase;
			buildActionMask = 2147483647;
			files = (
				98B5E7ECCBD4BE6EBEDB2963 /* BetterAuth.framework in Frameworks */,
			);
			runOnlyForDeploymentPostprocessing = 0;
		};
		34C4AD92CF91C19DF6DF42A7 /* Frameworks */ = {
			isa = PBXFrameworksBuildPhase;
			buildActionMask = 2147483647;
			files = (
				E54CCD62B403E1B9995929D5 /* BetterAuth.framework in Frameworks */,
			);
			runOnlyForDeploymentPostprocessing = 0;
		};
		E289183EDD8949BC888C9B57 /* Frameworks */ = {
			isa = PBXFrameworksBuildPhase;
			buildActionMask = 2147483647;
			files = (
			);
			runOnlyForDeploymentPostprocessing = 0;
		};
		F2C27775481CEC3500BA407C /* Frameworks */ = {
			isa = PBXFrameworksBuildPhase;
			buildActionMask = 2147483647;
			files = (
				0B08721888BDE152F65C8861 /* BetterAuth.framework in Frameworks */,
			);
			runOnlyForDeploymentPostprocessing = 0;
		};
		F564F76523141E41AFDF6E30 /* Frameworks */ = {
			isa = PBXFrameworksBuildPhase;
			buildActionMask = 2147483647;
			files = (
				D49A09D83B6FE05AA79FD0EB /* BetterAuth.framework in Frameworks */,
				E955301C533D26C07D760267 /* BetterAuthSwiftUI.framework in Frameworks */,
				DB696DDD4C00D67F30C3551F /* BetterAuthTestHelpers.framework in Frameworks */,
			);
			runOnlyForDeploymentPostprocessing = 0;
		};
		FCE7A5C8914720828D6BD241 /* Frameworks */ = {
			isa = PBXFrameworksBuildPhase;
			buildActionMask = 2147483647;
			files = (
				BE7595B89C6656783B1A6FAE /* BetterAuth.framework in Frameworks */,
				B35168C2C0EE98A1A6AF9AC6 /* BetterAuthOrganization.framework in Frameworks */,
				E4F5D8230F2FE34AE35908E7 /* BetterAuthTestHelpers.framework in Frameworks */,
			);
			runOnlyForDeploymentPostprocessing = 0;
		};
/* End PBXFrameworksBuildPhase section */

/* Begin PBXGroup section */
		039536825D07C9FE6282DE39 /* BetterAuthTestHelpers */ = {
			isa = PBXGroup;
			children = (
				022F5AE8EC0943DFF262FB5F /* TestSupport.swift */,
			);
			path = BetterAuthTestHelpers;
			sourceTree = "<group>";
		};
		106C8E4F892053B0FFE527E0 /* BetterAuthSwiftUI */ = {
			isa = PBXGroup;
			children = (
				45110BC7E5FCE348040BF749 /* AuthLaunchState.swift */,
				7F28F907CA534295C2CBDC93 /* AuthStore.swift */,
			);
			path = BetterAuthSwiftUI;
			sourceTree = "<group>";
		};
		20FF9511C25D1756664636BC /* BetterAuthSwift */ = {
			isa = PBXGroup;
			children = (
				F2C6911B7B539F0C0FB7C2F6 /* AppleSignInSupport.swift */,
				F306738978FFF98FC3EC82FD /* AuthMethod.swift */,
				7976A0428DAB03AD5FA3285E /* AuthNetworkClient.swift */,
				DCB60C17621015691F128613 /* BetterAuthCallbackHandler.swift */,
				FA86DCDE259E29B7CBB81610 /* BetterAuthClient.swift */,
				D8B976DF812F2C4919995A8C /* BetterAuthClientProtocols.swift */,
				7E7EC765E41947A5CF574A9C /* BetterAuthCoding.swift */,
				9CA87939C83219581B31E1F7 /* BetterAuthConfiguration.swift */,
				42CDFA1D5CA6AA07C1B9DD3C /* BetterAuthCoreServices.swift */,
				E92C0A6B34F1ADD0338CD729 /* BetterAuthErrors.swift */,
				492C9D23F023C9ABEC11A4B0 /* BetterAuthEventEmitter.swift */,
				04AB6887CBC593185002451E /* BetterAuthLifecycle.swift */,
				F5D8B915C414708733EF5B01 /* BetterAuthLogger.swift */,
				7DF506A7466E44C132787F22 /* BetterAuthModules.swift */,
				C23A34EC537479FEF58B9D2F /* BetterAuthOTPModels.swift */,
				3E183D252DA7EDBC14F2D039 /* BetterAuthPasskeyModels.swift */,
				3E813D4177672D5A1B6BA73B /* BetterAuthRequestClient.swift */,
				AA0E1D635B6FD15D606BB99D /* BetterAuthSessionManager.swift */,
				9B35306E0371C4649852A1BB /* BetterAuthSessionModels.swift */,
				11A51520F024C1C1D9657F6E /* BetterAuthSessionState.swift */,
				E4A34744C742DB2ECFC3B96A /* BetterAuthSessionStore.swift */,
				1A5144ACC78A6C42E2F62055 /* BetterAuthSocialModels.swift */,
				185BEC72718C8C0D041DECF1 /* BetterAuthTransport.swift */,
				A9455F787C29E48E9F46089A /* BetterAuthURLResolver.swift */,
				395D8B13481D1B69A469043F /* PKCE.swift */,
				82C1C763A397D8A7292C1444 /* RetryPolicy.swift */,
			);
			path = BetterAuthSwift;
			sourceTree = "<group>";
		};
		268705AFFF09B84568EE8F57 /* BetterAuthSwiftTests */ = {
			isa = PBXGroup;
			children = (
				105D67400B7A2E3E54FAF416 /* BetterAuthSwiftTestsPart1.swift */,
				1DF8B07DEC1A29E329B9FEDA /* BetterAuthSwiftTestsPart2.swift */,
				C6FE89AA156FCB6E3B8773C1 /* BetterAuthSwiftTestsPart3.swift */,
				47A12983B9438B15DFCD7CCE /* BetterAuthSwiftTestsPart4.swift */,
				010C2C530A41622AA0556927 /* TestAssertions.swift */,
			);
			path = BetterAuthSwiftTests;
			sourceTree = "<group>";
		};
		291724E46E9891CD9C337094 /* BetterAuthOrganization */ = {
			isa = PBXGroup;
			children = (
				91181EFDB7909A892E63ED51 /* BetterAuthOrganizationModule.swift */,
				053EBD03B1AE449E27280F77 /* OrganizationManager.swift */,
				62965F148D946A7DAB65C1B7 /* OrganizationModels.swift */,
			);
			path = BetterAuthOrganization;
			sourceTree = "<group>";
		};
		2A17FB1FA83127A18A4AC7AC /* InfoPlists */ = {
			isa = PBXGroup;
			children = (
				BA023D1480CBC830EB2861D7 /* BetterAuth-Info.plist */,
				30E25C8AA37C38457CF12750 /* BetterAuthOrganization-Info.plist */,
				25BB78A6C54A2A33EA61958E /* BetterAuthOrganizationTests-Info.plist */,
				FBF52A4D879F380E18F58041 /* BetterAuthSwiftTests-Info.plist */,
				9EAB03AAFA96BAECB4BA6244 /* BetterAuthSwiftUI-Info.plist */,
				873A8C257547D56ECFB49150 /* BetterAuthTestHelpers-Info.plist */,
			);
			path = InfoPlists;
			sourceTree = "<group>";
		};
		2EAA9D1EACC52DC299C6A8A2 /* Tests */ = {
			isa = PBXGroup;
			children = (
				903C60D1A068818BA5612A03 /* BetterAuthOrganizationTests */,
				268705AFFF09B84568EE8F57 /* BetterAuthSwiftTests */,
				039536825D07C9FE6282DE39 /* BetterAuthTestHelpers */,
			);
			path = Tests;
			sourceTree = "<group>";
		};
		566511FD5B4364FFE0E4DD7F /* Sources */ = {
			isa = PBXGroup;
			children = (
				291724E46E9891CD9C337094 /* BetterAuthOrganization */,
				20FF9511C25D1756664636BC /* BetterAuthSwift */,
				106C8E4F892053B0FFE527E0 /* BetterAuthSwiftUI */,
			);
			path = Sources;
			sourceTree = "<group>";
		};
		64878105CD1D594B8C433546 /* Derived */ = {
			isa = PBXGroup;
			children = (
				2A17FB1FA83127A18A4AC7AC /* InfoPlists */,
			);
			path = Derived;
			sourceTree = "<group>";
		};
		903C60D1A068818BA5612A03 /* BetterAuthOrganizationTests */ = {
			isa = PBXGroup;
			children = (
				761EB3A99984CCA7FA195F6B /* OrganizationTests.swift */,
			);
			path = BetterAuthOrganizationTests;
			sourceTree = "<group>";
		};
		9EE15C757237F7DE7CD30F48 /* Project */ = {
			isa = PBXGroup;
			children = (
				64878105CD1D594B8C433546 /* Derived */,
				CF303C413B8EAF819EA1595B /* Scripts */,
				566511FD5B4364FFE0E4DD7F /* Sources */,
				2EAA9D1EACC52DC299C6A8A2 /* Tests */,
				27E5D5615F31E0B321AB7949 /* .swiftformat */,
				8EB1A2F07B9B5D2D853C805B /* .swiftlint.yml */,
				5B1EF8E235D159A75B33DB2E /* Package.swift */,
			);
			name = Project;
			sourceTree = "<group>";
		};
		AB1FDFD7769B9D843185AC80 /* Products */ = {
			isa = PBXGroup;
			children = (
				57EB16147F04703645966CFD /* BetterAuth.framework */,
				F51E8467AD24345B8495B5FF /* BetterAuthOrganization.framework */,
				7071732D7777F820CEC4651A /* BetterAuthOrganizationTests.xctest */,
				E59946C0CD0188E4E5B1AD5A /* BetterAuthSwiftTests.xctest */,
				DC29EA90160EDC19A5438A07 /* BetterAuthSwiftUI.framework */,
				BA0565DB628BDA77EF409459 /* BetterAuthTestHelpers.framework */,
			);
			name = Products;
			sourceTree = "<group>";
		};
		CF303C413B8EAF819EA1595B /* Scripts */ = {
			isa = PBXGroup;
			children = (
				B485B1057B52337938DBB4F2 /* bootstrap_runner_env.sh */,
				082D4917EE4B4A4F246C8EC3 /* build_xcframeworks.sh */,
				AEED91AA410D65BFF9CF538F /* drift-prompt.md */,
				031BF800FE533C1EF1B1EE36 /* extract_sdk_endpoints.sh */,
				65F78D987C1ABAE96B18515E /* extract_upstream_endpoints.sh */,
				2DE3601C850A3AD88651492A /* generate_xcodeproj.sh */,
				D4D43FDA3601E650A749E9D2 /* swift_test_wrapper.sh */,
			);
			path = Scripts;
			sourceTree = "<group>";
		};
		F3293617033BF10AC6658568 = {
			isa = PBXGroup;
			children = (
				AB1FDFD7769B9D843185AC80 /* Products */,
				9EE15C757237F7DE7CD30F48 /* Project */,
			);
			sourceTree = "<group>";
		};
/* End PBXGroup section */

/* Begin PBXNativeTarget section */
		48698A365481CB96DF9A8085 /* BetterAuth */ = {
			isa = PBXNativeTarget;
			buildConfigurationList = 52B2F54C06C919A09DA09929 /* Build configuration list for PBXNativeTarget "BetterAuth" */;
			buildPhases = (
				A6B02C9DBF516D677AA8145B /* SwiftLint */,
				A15A0886193BA7F3C7E15C67 /* SwiftFormat */,
				ED7B38A60CD20097412E5E88 /* Sources */,
				995622F61D30C87CE79FE2F1 /* Resources */,
				E289183EDD8949BC888C9B57 /* Frameworks */,
				4790B064D7D7D9CD5D408081 /* Embed Frameworks */,
			);
			buildRules = (
			);
			dependencies = (
			);
			name = BetterAuth;
			packageProductDependencies = (
			);
			productName = BetterAuth;
			productReference = 57EB16147F04703645966CFD /* BetterAuth.framework */;
			productType = "com.apple.product-type.framework";
		};
		4970F0DBC266BB5B3E182913 /* BetterAuthTestHelpers */ = {
			isa = PBXNativeTarget;
			buildConfigurationList = 228412C0219DEC2152FFE07E /* Build configuration list for PBXNativeTarget "BetterAuthTestHelpers" */;
			buildPhases = (
				AF70BB96D4EC2DF282352A41 /* Sources */,
				DF0DF1B5474AA7B2B44B7D0A /* Resources */,
				34C4AD92CF91C19DF6DF42A7 /* Frameworks */,
				FE577B10BCF4871CCE6FB28B /* Embed Frameworks */,
			);
			buildRules = (
			);
			dependencies = (
				2A8C8950F50040B5CA877A6A /* PBXTargetDependency */,
			);
			name = BetterAuthTestHelpers;
			packageProductDependencies = (
			);
			productName = BetterAuthTestHelpers;
			productReference = BA0565DB628BDA77EF409459 /* BetterAuthTestHelpers.framework */;
			productType = "com.apple.product-type.framework";
		};
		4ED48E66FA19671E2FFCA8AA /* BetterAuthSwiftTests */ = {
			isa = PBXNativeTarget;
			buildConfigurationList = FF7264AD8505AB947C6C9D8C /* Build configuration list for PBXNativeTarget "BetterAuthSwiftTests" */;
			buildPhases = (
				814247D5614B92E2559E9920 /* Sources */,
				FC331B864D9275C946CA7CDE /* Resources */,
				F564F76523141E41AFDF6E30 /* Frameworks */,
				6313DE01D3BC9EF40C5BE379 /* Embed Frameworks */,
			);
			buildRules = (
			);
			dependencies = (
				7E2A5709927742BBCBFC6403 /* PBXTargetDependency */,
				B71910AE15F6D8963D734BE8 /* PBXTargetDependency */,
				A50DBBF7A2C5F710D86A0212 /* PBXTargetDependency */,
			);
			name = BetterAuthSwiftTests;
			packageProductDependencies = (
			);
			productName = BetterAuthSwiftTests;
			productReference = E59946C0CD0188E4E5B1AD5A /* BetterAuthSwiftTests.xctest */;
			productType = "com.apple.product-type.bundle.unit-test";
		};
		5CFE70D2CEA303CF52957983 /* BetterAuthSwiftUI */ = {
			isa = PBXNativeTarget;
			buildConfigurationList = 2B5D77A063233C20CF406DF9 /* Build configuration list for PBXNativeTarget "BetterAuthSwiftUI" */;
			buildPhases = (
				3D982352708449910A5A4438 /* Sources */,
				3A56C85EC9EE4A3C1A72309A /* Resources */,
				F2C27775481CEC3500BA407C /* Frameworks */,
				F9AAAEDE8DF057DF7C60C194 /* Embed Frameworks */,
			);
			buildRules = (
			);
			dependencies = (
				4727117E3C31C962D4F27402 /* PBXTargetDependency */,
			);
			name = BetterAuthSwiftUI;
			packageProductDependencies = (
			);
			productName = BetterAuthSwiftUI;
			productReference = DC29EA90160EDC19A5438A07 /* BetterAuthSwiftUI.framework */;
			productType = "com.apple.product-type.framework";
		};
		9B72220C57C4AB02C35CEC48 /* BetterAuthOrganization */ = {
			isa = PBXNativeTarget;
			buildConfigurationList = FA9901F3FDDDB05C70B71DCC /* Build configuration list for PBXNativeTarget "BetterAuthOrganization" */;
			buildPhases = (
				DDDF0EBAF98A4B97CC3BC85E /* Sources */,
				57BA2304154B34632BFEA27D /* Resources */,
				2718241F0A7F46799B7A7C9B /* Frameworks */,
				43CA93A645F68BD35FAD1281 /* Embed Frameworks */,
			);
			buildRules = (
			);
			dependencies = (
				BD0BFC5D45B21FD365947164 /* PBXTargetDependency */,
			);
			name = BetterAuthOrganization;
			packageProductDependencies = (
			);
			productName = BetterAuthOrganization;
			productReference = F51E8467AD24345B8495B5FF /* BetterAuthOrganization.framework */;
			productType = "com.apple.product-type.framework";
		};
		AB5C880E6ADF633518EA18C5 /* BetterAuthOrganizationTests */ = {
			isa = PBXNativeTarget;
			buildConfigurationList = 49EFADF0BAD6779B399FDB77 /* Build configuration list for PBXNativeTarget "BetterAuthOrganizationTests" */;
			buildPhases = (
				3AA1A0A728B7C03E40609450 /* Sources */,
				D0C14BDA96C5B4AA67F06A8E /* Resources */,
				FCE7A5C8914720828D6BD241 /* Frameworks */,
				1653C1FA714A5DC15DE11334 /* Embed Frameworks */,
			);
			buildRules = (
			);
			dependencies = (
				F1E6A2FAF6C1CB3168F740DD /* PBXTargetDependency */,
				BC2D682C9843445F5433E614 /* PBXTargetDependency */,
				5E36B45D7CAE747D00201113 /* PBXTargetDependency */,
			);
			name = BetterAuthOrganizationTests;
			packageProductDependencies = (
			);
			productName = BetterAuthOrganizationTests;
			productReference = 7071732D7777F820CEC4651A /* BetterAuthOrganizationTests.xctest */;
			productType = "com.apple.product-type.bundle.unit-test";
		};
/* End PBXNativeTarget section */

/* Begin PBXProject section */
		432391DBC934C47F456C66E9 /* Project object */ = {
			isa = PBXProject;
			attributes = {
				BuildIndependentTargetsInParallel = YES;
				ORGANIZATIONNAME = com.jsj.betterauthswift;
				TargetAttributes = {
				};
			};
			buildConfigurationList = 09EBF91D0C82613752488218 /* Build configuration list for PBXProject "better-auth-swift" */;
			compatibilityVersion = "Xcode 14.0";
			developmentRegion = en;
			hasScannedForEncodings = 0;
			knownRegions = (
				en,
			);
			mainGroup = F3293617033BF10AC6658568;
			productRefGroup = AB1FDFD7769B9D843185AC80 /* Products */;
			projectDirPath = "";
			projectRoot = "";
			targets = (
				48698A365481CB96DF9A8085 /* BetterAuth */,
				9B72220C57C4AB02C35CEC48 /* BetterAuthOrganization */,
				AB5C880E6ADF633518EA18C5 /* BetterAuthOrganizationTests */,
				4ED48E66FA19671E2FFCA8AA /* BetterAuthSwiftTests */,
				5CFE70D2CEA303CF52957983 /* BetterAuthSwiftUI */,
				4970F0DBC266BB5B3E182913 /* BetterAuthTestHelpers */,
			);
		};
/* End PBXProject section */

/* Begin PBXResourcesBuildPhase section */
		3A56C85EC9EE4A3C1A72309A /* Resources */ = {
			isa = PBXResourcesBuildPhase;
			buildActionMask = 2147483647;
			files = (
			);
			runOnlyForDeploymentPostprocessing = 0;
		};
		57BA2304154B34632BFEA27D /* Resources */ = {
			isa = PBXResourcesBuildPhase;
			buildActionMask = 2147483647;
			files = (
			);
			runOnlyForDeploymentPostprocessing = 0;
		};
		995622F61D30C87CE79FE2F1 /* Resources */ = {
			isa = PBXResourcesBuildPhase;
			buildActionMask = 2147483647;
			files = (
			);
			runOnlyForDeploymentPostprocessing = 0;
		};
		D0C14BDA96C5B4AA67F06A8E /* Resources */ = {
			isa = PBXResourcesBuildPhase;
			buildActionMask = 2147483647;
			files = (
			);
			runOnlyForDeploymentPostprocessing = 0;
		};
		DF0DF1B5474AA7B2B44B7D0A /* Resources */ = {
			isa = PBXResourcesBuildPhase;
			buildActionMask = 2147483647;
			files = (
			);
			runOnlyForDeploymentPostprocessing = 0;
		};
		FC331B864D9275C946CA7CDE /* Resources */ = {
			isa = PBXResourcesBuildPhase;
			buildActionMask = 2147483647;
			files = (
			);
			runOnlyForDeploymentPostprocessing = 0;
		};
/* End PBXResourcesBuildPhase section */

/* Begin PBXShellScriptBuildPhase section */
		A15A0886193BA7F3C7E15C67 /* SwiftFormat */ = {
			isa = PBXShellScriptBuildPhase;
			buildActionMask = 2147483647;
			files = (
			);
			inputFileListPaths = (
			);
			inputPaths = (
			);
			name = SwiftFormat;
			outputFileListPaths = (
			);
			outputPaths = (
				"$(DERIVED_FILE_DIR)/swiftformat.log",
			);
			runOnlyForDeploymentPostprocessing = 0;
			shellPath = /bin/sh;
			shellScript = "export PATH=\"/opt/homebrew/bin:/usr/local/bin:$PATH\"\nSWIFTFORMAT_PATH=\"$(command -v swiftformat 2>/dev/null || xcrun --find swiftformat 2>/dev/null)\"\nif [ -n \"$SWIFTFORMAT_PATH\" ]; then\n  cd \"$SRCROOT\"\n  \"$SWIFTFORMAT_PATH\" . --config .swiftformat || exit 1\n  \"$SWIFTFORMAT_PATH\" . --lint --config .swiftformat\nelse\n  echo \"SwiftFormat not found, skipping formatting check\"\nfi";
		};
		A6B02C9DBF516D677AA8145B /* SwiftLint */ = {
			isa = PBXShellScriptBuildPhase;
			buildActionMask = 2147483647;
			files = (
			);
			inputFileListPaths = (
			);
			inputPaths = (
			);
			name = SwiftLint;
			outputFileListPaths = (
			);
			outputPaths = (
				"$(DERIVED_FILE_DIR)/swiftlint.log",
			);
			runOnlyForDeploymentPostprocessing = 0;
			shellPath = /bin/sh;
			shellScript = "export PATH=\"/opt/homebrew/bin:/usr/local/bin:$PATH\"\nSWIFTLINT_PATH=\"$(command -v swiftlint 2>/dev/null || xcrun --find swiftlint 2>/dev/null)\"\nFILE_LIST_PATH=\"$DERIVED_FILE_DIR/BetterAuth-swiftlint.xcfilelist\"\nmkdir -p \"$DERIVED_FILE_DIR\"\nif [ -d \"$SRCROOT/Sources\" ]; then\n  find \"$SRCROOT/Sources\" -type f -name \"*.swift\" | sort > \"$FILE_LIST_PATH\"\nelse\n  : > \"$FILE_LIST_PATH\"\nfi\nif [ -n \"$SWIFTLINT_PATH\" ]; then\n  if [ -s \"$FILE_LIST_PATH\" ]; then\n    index=0\n    while IFS= read -r file; do\n      if [ -n \"$file\" ]; then\n        var=\"SCRIPT_INPUT_FILE_${index}\"\n        export \"$var=$file\"\n        index=$((index + 1))\n      fi\n    done < \"$FILE_LIST_PATH\"\n    export SCRIPT_INPUT_FILE_COUNT=$index\n    \"$SWIFTLINT_PATH\" --config \"$SRCROOT/.swiftlint.yml\" --strict --use-script-input-files\n  else\n    \"$SWIFTLINT_PATH\" --config \"$SRCROOT/.swiftlint.yml\" --strict\n  fi\nelse\n  echo \"SwiftLint not found, skipping linting\"\nfi";
		};
/* End PBXShellScriptBuildPhase section */

/* Begin PBXSourcesBuildPhase section */
		3AA1A0A728B7C03E40609450 /* Sources */ = {
			isa = PBXSourcesBuildPhase;
			buildActionMask = 2147483647;
			files = (
				4EA137E12173B2445BCEA8F9 /* OrganizationTests.swift in Sources */,
			);
			runOnlyForDeploymentPostprocessing = 0;
		};
		3D982352708449910A5A4438 /* Sources */ = {
			isa = PBXSourcesBuildPhase;
			buildActionMask = 2147483647;
			files = (
				83C001E6F760C6BFCEA243A3 /* AuthLaunchState.swift in Sources */,
				A86734DB3BAF54D24879899B /* AuthStore.swift in Sources */,
			);
			runOnlyForDeploymentPostprocessing = 0;
		};
		814247D5614B92E2559E9920 /* Sources */ = {
			isa = PBXSourcesBuildPhase;
			buildActionMask = 2147483647;
			files = (
				6682650BFE5C8AD6204E355B /* BetterAuthSwiftTestsPart1.swift in Sources */,
				F784869E3D0562358F4DB388 /* BetterAuthSwiftTestsPart2.swift in Sources */,
				74D145487EC3AC5B9296DF3C /* BetterAuthSwiftTestsPart3.swift in Sources */,
				B4E917A6723BFEC3A19F540C /* BetterAuthSwiftTestsPart4.swift in Sources */,
				200F12A82ED1688E137144EE /* TestAssertions.swift in Sources */,
			);
			runOnlyForDeploymentPostprocessing = 0;
		};
		AF70BB96D4EC2DF282352A41 /* Sources */ = {
			isa = PBXSourcesBuildPhase;
			buildActionMask = 2147483647;
			files = (
				929A9275CA5E12E7B2CC7B90 /* TestSupport.swift in Sources */,
			);
			runOnlyForDeploymentPostprocessing = 0;
		};
		DDDF0EBAF98A4B97CC3BC85E /* Sources */ = {
			isa = PBXSourcesBuildPhase;
			buildActionMask = 2147483647;
			files = (
				6705A938703E5F0A395132B2 /* BetterAuthOrganizationModule.swift in Sources */,
				2AD391DB148979A4626D8B01 /* OrganizationManager.swift in Sources */,
				08F36CF735E4BF272310463E /* OrganizationModels.swift in Sources */,
			);
			runOnlyForDeploymentPostprocessing = 0;
		};
		ED7B38A60CD20097412E5E88 /* Sources */ = {
			isa = PBXSourcesBuildPhase;
			buildActionMask = 2147483647;
			files = (
				430392EB3DC9E744A6022200 /* AppleSignInSupport.swift in Sources */,
				7C52B85D6C0972845CF3BD58 /* AuthMethod.swift in Sources */,
				0500ABD2FB33BC20B00E229B /* AuthNetworkClient.swift in Sources */,
				7FC1C581116A20312C456E9A /* BetterAuthCallbackHandler.swift in Sources */,
				846481C73C7F779A07E921AD /* BetterAuthClient.swift in Sources */,
				FC356661719ED970ABAA0CBA /* BetterAuthClientProtocols.swift in Sources */,
				58CD9EF834142DE6C415C16F /* BetterAuthCoding.swift in Sources */,
				0EADB182FB3F868B70C63EDF /* BetterAuthConfiguration.swift in Sources */,
				7D7A8AF98967B77A9A53B6DA /* BetterAuthCoreServices.swift in Sources */,
				5AE4BFAA76E186A04C842461 /* BetterAuthErrors.swift in Sources */,
				C6E67C108F81E79A82075CEC /* BetterAuthEventEmitter.swift in Sources */,
				562DE2549495886CDEE5D278 /* BetterAuthLifecycle.swift in Sources */,
				E60BDA687A0EEAE444BE15B9 /* BetterAuthLogger.swift in Sources */,
				A0E957F92875AC1FD4712703 /* BetterAuthModules.swift in Sources */,
				DEAA5CA2E581486D7BEF9CA5 /* BetterAuthOTPModels.swift in Sources */,
				DD56E5BE0076934DA2266E8A /* BetterAuthPasskeyModels.swift in Sources */,
				CBB9AC5D7707AC446A1AF215 /* BetterAuthRequestClient.swift in Sources */,
				03778AA0FED8BE77756932BE /* BetterAuthSessionManager.swift in Sources */,
				C1C55BD444F7298BE0C911DA /* BetterAuthSessionModels.swift in Sources */,
				02455AB54DD18A8A14B0AC59 /* BetterAuthSessionState.swift in Sources */,
				C6F365799AE643BCD249DC43 /* BetterAuthSessionStore.swift in Sources */,
				7AB9F794B6C86E7E3E9748E1 /* BetterAuthSocialModels.swift in Sources */,
				680E5602B8A1B0C2E72F649E /* BetterAuthTransport.swift in Sources */,
				C2B2FD2A49AB431215261199 /* BetterAuthURLResolver.swift in Sources */,
				21EB788B4643A8A04E976181 /* PKCE.swift in Sources */,
				422AF1A63BDE51E040D080A1 /* RetryPolicy.swift in Sources */,
			);
			runOnlyForDeploymentPostprocessing = 0;
		};
/* End PBXSourcesBuildPhase section */

/* Begin PBXTargetDependency section */
		2A8C8950F50040B5CA877A6A /* PBXTargetDependency */ = {
			isa = PBXTargetDependency;
			name = BetterAuth;
			target = 48698A365481CB96DF9A8085 /* BetterAuth */;
			targetProxy = 48453FCBF3C52D6E56EFFE2E /* PBXContainerItemProxy */;
		};
		4727117E3C31C962D4F27402 /* PBXTargetDependency */ = {
			isa = PBXTargetDependency;
			name = BetterAuth;
			target = 48698A365481CB96DF9A8085 /* BetterAuth */;
			targetProxy = 65EA84DC49091404FE63E84E /* PBXContainerItemProxy */;
		};
		5E36B45D7CAE747D00201113 /* PBXTargetDependency */ = {
			isa = PBXTargetDependency;
			name = BetterAuthTestHelpers;
			target = 4970F0DBC266BB5B3E182913 /* BetterAuthTestHelpers */;
			targetProxy = C92388656BB5B3079B8AE993 /* PBXContainerItemProxy */;
		};
		7E2A5709927742BBCBFC6403 /* PBXTargetDependency */ = {
			isa = PBXTargetDependency;
			name = BetterAuth;
			target = 48698A365481CB96DF9A8085 /* BetterAuth */;
			targetProxy = 2CDFB62FEFCCF4C0242BFE7C /* PBXContainerItemProxy */;
		};
		A50DBBF7A2C5F710D86A0212 /* PBXTargetDependency */ = {
			isa = PBXTargetDependency;
			name = BetterAuthTestHelpers;
			target = 4970F0DBC266BB5B3E182913 /* BetterAuthTestHelpers */;
			targetProxy = 025643F6E559A8D332844584 /* PBXContainerItemProxy */;
		};
		B71910AE15F6D8963D734BE8 /* PBXTargetDependency */ = {
			isa = PBXTargetDependency;
			name = BetterAuthSwiftUI;
			target = 5CFE70D2CEA303CF52957983 /* BetterAuthSwiftUI */;
			targetProxy = D66FEE40AB65C890A1E3D5E9 /* PBXContainerItemProxy */;
		};
		BC2D682C9843445F5433E614 /* PBXTargetDependency */ = {
			isa = PBXTargetDependency;
			name = BetterAuthOrganization;
			target = 9B72220C57C4AB02C35CEC48 /* BetterAuthOrganization */;
			targetProxy = 76589305250C140B32008188 /* PBXContainerItemProxy */;
		};
		BD0BFC5D45B21FD365947164 /* PBXTargetDependency */ = {
			isa = PBXTargetDependency;
			name = BetterAuth;
			target = 48698A365481CB96DF9A8085 /* BetterAuth */;
			targetProxy = 45846876E159ED7DE1083C38 /* PBXContainerItemProxy */;
		};
		F1E6A2FAF6C1CB3168F740DD /* PBXTargetDependency */ = {
			isa = PBXTargetDependency;
			name = BetterAuth;
			target = 48698A365481CB96DF9A8085 /* BetterAuth */;
			targetProxy = 1F22714FFD9AC3AF1AA48B28 /* PBXContainerItemProxy */;
		};
/* End PBXTargetDependency section */

/* Begin XCBuildConfiguration section */
		02703E520E5FCE038F741C07 /* Debug */ = {
			isa = XCBuildConfiguration;
			buildSettings = {
				CURRENT_PROJECT_VERSION = 1;
				DEFINES_MODULE = YES;
				DYLIB_COMPATIBILITY_VERSION = 1;
				DYLIB_CURRENT_VERSION = 1;
				DYLIB_INSTALL_NAME_BASE = "@rpath";
				INFOPLIST_FILE = "Derived/InfoPlists/BetterAuth-Info.plist";
				INSTALL_PATH = "$(LOCAL_LIBRARY_DIR)/Frameworks";
				IPHONEOS_DEPLOYMENT_TARGET = 18.0;
				LD_RUNPATH_SEARCH_PATHS = (
					"$(inherited)",
					"@executable_path/Frameworks",
					"@loader_path/Frameworks",
				);
				"LD_RUNPATH_SEARCH_PATHS[sdk=macosx*]" = (
					"$(inherited)",
					"@executable_path/../Frameworks",
					"@loader_path/../Frameworks",
				);
				MACOSX_DEPLOYMENT_TARGET = 15.0;
				OTHER_LDFLAGS = (
					"$(inherited)",
					"-L$(DT_TOOLCHAIN_DIR)/usr/lib/swift/$(PLATFORM_NAME)",
				);
				PRODUCT_BUNDLE_IDENTIFIER = com.jsj.betterauthswift.BetterAuth;
				PRODUCT_NAME = BetterAuth;
				SDKROOT = auto;
				SKIP_INSTALL = NO;
				SUPPORTED_PLATFORMS = "iphoneos iphonesimulator macosx";
				SUPPORTS_MACCATALYST = NO;
				SUPPORTS_MAC_DESIGNED_FOR_IPHONE_IPAD = NO;
				SUPPORTS_XR_DESIGNED_FOR_IPHONE_IPAD = NO;
				SWIFT_ACTIVE_COMPILATION_CONDITIONS = (
					"$(inherited)",
					DEBUG,
				);
				SWIFT_COMPILATION_MODE = singlefile;
				SWIFT_OPTIMIZATION_LEVEL = "-Onone";
				TARGETED_DEVICE_FAMILY = "1,2";
				VERSIONING_SYSTEM = "apple-generic";
				VERSION_INFO_PREFIX = "";
			};
			name = Debug;
		};
		189F173AAE70AD8348B75145 /* Release */ = {
			isa = XCBuildConfiguration;
			buildSettings = {
				BUILD_LIBRARY_FOR_DISTRIBUTION = NO;
				CODE_SIGN_IDENTITY = "";
				COMBINE_HIDPI_IMAGES = YES;
				CURRENT_PROJECT_VERSION = 1;
				DEFINES_MODULE = YES;
				DYLIB_COMPATIBILITY_VERSION = 1;
				DYLIB_CURRENT_VERSION = 1;
				DYLIB_INSTALL_NAME_BASE = "@rpath";
				FRAMEWORK_VERSION = A;
				INFOPLIST_FILE = "Derived/InfoPlists/BetterAuthTestHelpers-Info.plist";
				INSTALL_PATH = "$(LOCAL_LIBRARY_DIR)/Frameworks";
				LD_RUNPATH_SEARCH_PATHS = (
					"$(inherited)",
					"@executable_path/../Frameworks",
					"@loader_path/../Frameworks",
					"@loader_path/../Frameworks",
					"@executable_path/../Frameworks",
				);
				MACOSX_DEPLOYMENT_TARGET = 15.0;
				OTHER_LDFLAGS = (
					"$(inherited)",
					"-L$(DT_TOOLCHAIN_DIR)/usr/lib/swift/$(PLATFORM_NAME)",
				);
				PRODUCT_BUNDLE_IDENTIFIER = com.jsj.betterauthswift.testhelpers;
				PRODUCT_NAME = BetterAuthTestHelpers;
				SDKROOT = macosx;
				SKIP_INSTALL = YES;
				SWIFT_COMPILATION_MODE = wholemodule;
				SWIFT_OPTIMIZATION_LEVEL = "-O";
				VERSIONING_SYSTEM = "apple-generic";
				VERSION_INFO_PREFIX = "";
			};
			name = Release;
		};
		203CD2B6E67599C4C3780F75 /* Debug */ = {
			isa = XCBuildConfiguration;
			buildSettings = {
				CURRENT_PROJECT_VERSION = 1;
				DEFINES_MODULE = YES;
				DYLIB_COMPATIBILITY_VERSION = 1;
				DYLIB_CURRENT_VERSION = 1;
				DYLIB_INSTALL_NAME_BASE = "@rpath";
				INFOPLIST_FILE = "Derived/InfoPlists/BetterAuthSwiftUI-Info.plist";
				INSTALL_PATH = "$(LOCAL_LIBRARY_DIR)/Frameworks";
				IPHONEOS_DEPLOYMENT_TARGET = 18.0;
				LD_RUNPATH_SEARCH_PATHS = (
					"$(inherited)",
					"@executable_path/Frameworks",
					"@loader_path/Frameworks",
				);
				"LD_RUNPATH_SEARCH_PATHS[sdk=macosx*]" = (
					"$(inherited)",
					"@executable_path/../Frameworks",
					"@loader_path/../Frameworks",
				);
				MACOSX_DEPLOYMENT_TARGET = 15.0;
				OTHER_LDFLAGS = (
					"$(inherited)",
					"-L$(DT_TOOLCHAIN_DIR)/usr/lib/swift/$(PLATFORM_NAME)",
				);
				PRODUCT_BUNDLE_IDENTIFIER = com.jsj.betterauthswift.BetterAuthSwiftUI;
				PRODUCT_NAME = BetterAuthSwiftUI;
				SDKROOT = auto;
				SKIP_INSTALL = NO;
				SUPPORTED_PLATFORMS = "iphoneos iphonesimulator macosx";
				SUPPORTS_MACCATALYST = NO;
				SUPPORTS_MAC_DESIGNED_FOR_IPHONE_IPAD = NO;
				SUPPORTS_XR_DESIGNED_FOR_IPHONE_IPAD = NO;
				SWIFT_ACTIVE_COMPILATION_CONDITIONS = (
					"$(inherited)",
					DEBUG,
				);
				SWIFT_COMPILATION_MODE = singlefile;
				SWIFT_OPTIMIZATION_LEVEL = "-Onone";
				TARGETED_DEVICE_FAMILY = "1,2";
				VERSIONING_SYSTEM = "apple-generic";
				VERSION_INFO_PREFIX = "";
			};
			name = Debug;
		};
		36DCA964B3055642D4E61B4D /* Release */ = {
			isa = XCBuildConfiguration;
			buildSettings = {
				CURRENT_PROJECT_VERSION = 1;
				DEFINES_MODULE = YES;
				DYLIB_COMPATIBILITY_VERSION = 1;
				DYLIB_CURRENT_VERSION = 1;
				DYLIB_INSTALL_NAME_BASE = "@rpath";
				INFOPLIST_FILE = "Derived/InfoPlists/BetterAuth-Info.plist";
				INSTALL_PATH = "$(LOCAL_LIBRARY_DIR)/Frameworks";
				IPHONEOS_DEPLOYMENT_TARGET = 18.0;
				LD_RUNPATH_SEARCH_PATHS = (
					"$(inherited)",
					"@executable_path/Frameworks",
					"@loader_path/Frameworks",
				);
				"LD_RUNPATH_SEARCH_PATHS[sdk=macosx*]" = (
					"$(inherited)",
					"@executable_path/../Frameworks",
					"@loader_path/../Frameworks",
				);
				MACOSX_DEPLOYMENT_TARGET = 15.0;
				OTHER_LDFLAGS = (
					"$(inherited)",
					"-L$(DT_TOOLCHAIN_DIR)/usr/lib/swift/$(PLATFORM_NAME)",
				);
				PRODUCT_BUNDLE_IDENTIFIER = com.jsj.betterauthswift.BetterAuth;
				PRODUCT_NAME = BetterAuth;
				SDKROOT = auto;
				SKIP_INSTALL = NO;
				SUPPORTED_PLATFORMS = "iphoneos iphonesimulator macosx";
				SUPPORTS_MACCATALYST = NO;
				SUPPORTS_MAC_DESIGNED_FOR_IPHONE_IPAD = NO;
				SUPPORTS_XR_DESIGNED_FOR_IPHONE_IPAD = NO;
				SWIFT_COMPILATION_MODE = wholemodule;
				SWIFT_OPTIMIZATION_LEVEL = "-O";
				TARGETED_DEVICE_FAMILY = "1,2";
				VERSIONING_SYSTEM = "apple-generic";
				VERSION_INFO_PREFIX = "";
			};
			name = Release;
		};
		46B4E46F49780EBDE97244CA /* Debug */ = {
			isa = XCBuildConfiguration;
			buildSettings = {
				ALWAYS_SEARCH_USER_PATHS = NO;
				BUILD_LIBRARY_FOR_DISTRIBUTION = YES;
				CLANG_ANALYZER_LOCALIZABILITY_NONLOCALIZED = YES;
				CLANG_ANALYZER_NONNULL = YES;
				CLANG_ANALYZER_NUMBER_OBJECT_CONVERSION = YES_AGGRESSIVE;
				CLANG_CXX_LANGUAGE_STANDARD = "gnu++14";
				CLANG_CXX_LIBRARY = "libc++";
				CLANG_ENABLE_MODULES = YES;
				CLANG_ENABLE_OBJC_ARC = YES;
				CLANG_ENABLE_OBJC_WEAK = YES;
				CLANG_WARN_BLOCK_CAPTURE_AUTORELEASING = YES;
				CLANG_WARN_BOOL_CONVERSION = YES;
				CLANG_WARN_COMMA = YES;
				CLANG_WARN_CONSTANT_CONVERSION = YES;
				CLANG_WARN_DEPRECATED_OBJC_IMPLEMENTATIONS = YES;
				CLANG_WARN_DIRECT_OBJC_ISA_USAGE = YES_ERROR;
				CLANG_WARN_DOCUMENTATION_COMMENTS = YES;
				CLANG_WARN_EMPTY_BODY = YES;
				CLANG_WARN_ENUM_CONVERSION = YES;
				CLANG_WARN_INFINITE_RECURSION = YES;
				CLANG_WARN_INT_CONVERSION = YES;
				CLANG_WARN_NON_LITERAL_NULL_CONVERSION = YES;
				CLANG_WARN_OBJC_IMPLICIT_RETAIN_SELF = YES;
				CLANG_WARN_OBJC_LITERAL_CONVERSION = YES;
				CLANG_WARN_OBJC_ROOT_CLASS = YES_ERROR;
				CLANG_WARN_QUOTED_INCLUDE_IN_FRAMEWORK_HEADER = YES;
				CLANG_WARN_RANGE_LOOP_ANALYSIS = YES;
				CLANG_WARN_STRICT_PROTOTYPES = YES;
				CLANG_WARN_SUSPICIOUS_MOVE = YES;
				CLANG_WARN_UNGUARDED_AVAILABILITY = YES_AGGRESSIVE;
				CLANG_WARN_UNREACHABLE_CODE = YES;
				CLANG_WARN__DUPLICATE_METHOD_MATCH = YES;
				CODE_SIGNING_ALLOWED = NO;
				CODE_SIGNING_REQUIRED = NO;
				COPY_PHASE_STRIP = NO;
				DEAD_CODE_STRIPPING = YES;
				DEBUG_INFORMATION_FORMAT = dwarf;
				ENABLE_MODULE_VERIFIER = NO;
				ENABLE_STRICT_OBJC_MSGSEND = YES;
				ENABLE_TESTABILITY = YES;
				GCC_C_LANGUAGE_STANDARD = gnu11;
				GCC_DYNAMIC_NO_PIC = NO;
				GCC_NO_COMMON_BLOCKS = YES;
				GCC_OPTIMIZATION_LEVEL = 0;
				GCC_PREPROCESSOR_DEFINITIONS = (
					"DEBUG=1",
					"$(inherited)",
				);
				GCC_WARN_64_TO_32_BIT_CONVERSION = YES;
				GCC_WARN_ABOUT_RETURN_TYPE = YES_ERROR;
				GCC_WARN_UNDECLARED_SELECTOR = YES;
				GCC_WARN_UNINITIALIZED_AUTOS = YES_AGGRESSIVE;
				GCC_WARN_UNUSED_FUNCTION = YES;
				GCC_WARN_UNUSED_VARIABLE = YES;
				MTL_ENABLE_DEBUG_INFO = YES;
				ONLY_ACTIVE_ARCH = YES;
				PRODUCT_NAME = "$(TARGET_NAME)";
				SUPPORTS_MACCATALYST = NO;
				SWIFT_VERSION = 6.0;
			};
			name = Debug;
		};
		6C0ACEE00F6245B9DDCD7646 /* Release */ = {
			isa = XCBuildConfiguration;
			buildSettings = {
				ALWAYS_SEARCH_USER_PATHS = NO;
				BUILD_LIBRARY_FOR_DISTRIBUTION = YES;
				CLANG_ANALYZER_LOCALIZABILITY_NONLOCALIZED = YES;
				CLANG_ANALYZER_NONNULL = YES;
				CLANG_ANALYZER_NUMBER_OBJECT_CONVERSION = YES_AGGRESSIVE;
				CLANG_CXX_LANGUAGE_STANDARD = "gnu++14";
				CLANG_CXX_LIBRARY = "libc++";
				CLANG_ENABLE_MODULES = YES;
				CLANG_ENABLE_OBJC_ARC = YES;
				CLANG_ENABLE_OBJC_WEAK = YES;
				CLANG_WARN_BLOCK_CAPTURE_AUTORELEASING = YES;
				CLANG_WARN_BOOL_CONVERSION = YES;
				CLANG_WARN_COMMA = YES;
				CLANG_WARN_CONSTANT_CONVERSION = YES;
				CLANG_WARN_DEPRECATED_OBJC_IMPLEMENTATIONS = YES;
				CLANG_WARN_DIRECT_OBJC_ISA_USAGE = YES_ERROR;
				CLANG_WARN_DOCUMENTATION_COMMENTS = YES;
				CLANG_WARN_EMPTY_BODY = YES;
				CLANG_WARN_ENUM_CONVERSION = YES;
				CLANG_WARN_INFINITE_RECURSION = YES;
				CLANG_WARN_INT_CONVERSION = YES;
				CLANG_WARN_NON_LITERAL_NULL_CONVERSION = YES;
				CLANG_WARN_OBJC_IMPLICIT_RETAIN_SELF = YES;
				CLANG_WARN_OBJC_LITERAL_CONVERSION = YES;
				CLANG_WARN_OBJC_ROOT_CLASS = YES_ERROR;
				CLANG_WARN_QUOTED_INCLUDE_IN_FRAMEWORK_HEADER = YES;
				CLANG_WARN_RANGE_LOOP_ANALYSIS = YES;
				CLANG_WARN_STRICT_PROTOTYPES = YES;
				CLANG_WARN_SUSPICIOUS_MOVE = YES;
				CLANG_WARN_UNGUARDED_AVAILABILITY = YES_AGGRESSIVE;
				CLANG_WARN_UNREACHABLE_CODE = YES;
				CLANG_WARN__DUPLICATE_METHOD_MATCH = YES;
				CODE_SIGNING_ALLOWED = NO;
				CODE_SIGNING_REQUIRED = NO;
				COPY_PHASE_STRIP = NO;
				DEAD_CODE_STRIPPING = YES;
				DEBUG_INFORMATION_FORMAT = "dwarf-with-dsym";
				ENABLE_MODULE_VERIFIER = NO;
				ENABLE_NS_ASSERTIONS = NO;
				ENABLE_STRICT_OBJC_MSGSEND = YES;
				GCC_C_LANGUAGE_STANDARD = gnu11;
				GCC_NO_COMMON_BLOCKS = YES;
				GCC_WARN_64_TO_32_BIT_CONVERSION = YES;
				GCC_WARN_ABOUT_RETURN_TYPE = YES_ERROR;
				GCC_WARN_UNDECLARED_SELECTOR = YES;
				GCC_WARN_UNINITIALIZED_AUTOS = YES_AGGRESSIVE;
				GCC_WARN_UNUSED_FUNCTION = YES;
				GCC_WARN_UNUSED_VARIABLE = YES;
				MTL_ENABLE_DEBUG_INFO = NO;
				PRODUCT_NAME = "$(TARGET_NAME)";
				SUPPORTS_MACCATALYST = NO;
				SWIFT_VERSION = 6.0;
				VALIDATE_PRODUCT = YES;
			};
			name = Release;
		};
		7672B05A17498919673CCA0A /* Debug */ = {
			isa = XCBuildConfiguration;
			buildSettings = {
				BUILD_LIBRARY_FOR_DISTRIBUTION = NO;
				CODE_SIGN_IDENTITY = "";
				COMBINE_HIDPI_IMAGES = YES;
				CURRENT_PROJECT_VERSION = 1;
				DEFINES_MODULE = YES;
				DYLIB_COMPATIBILITY_VERSION = 1;
				DYLIB_CURRENT_VERSION = 1;
				DYLIB_INSTALL_NAME_BASE = "@rpath";
				FRAMEWORK_VERSION = A;
				INFOPLIST_FILE = "Derived/InfoPlists/BetterAuthTestHelpers-Info.plist";
				INSTALL_PATH = "$(LOCAL_LIBRARY_DIR)/Frameworks";
				LD_RUNPATH_SEARCH_PATHS = (
					"$(inherited)",
					"@executable_path/../Frameworks",
					"@loader_path/../Frameworks",
					"@loader_path/../Frameworks",
					"@executable_path/../Frameworks",
				);
				MACOSX_DEPLOYMENT_TARGET = 15.0;
				OTHER_LDFLAGS = (
					"$(inherited)",
					"-L$(DT_TOOLCHAIN_DIR)/usr/lib/swift/$(PLATFORM_NAME)",
				);
				PRODUCT_BUNDLE_IDENTIFIER = com.jsj.betterauthswift.testhelpers;
				PRODUCT_NAME = BetterAuthTestHelpers;
				SDKROOT = macosx;
				SKIP_INSTALL = YES;
				SWIFT_ACTIVE_COMPILATION_CONDITIONS = (
					"$(inherited)",
					DEBUG,
				);
				SWIFT_COMPILATION_MODE = singlefile;
				SWIFT_OPTIMIZATION_LEVEL = "-Onone";
				VERSIONING_SYSTEM = "apple-generic";
				VERSION_INFO_PREFIX = "";
			};
			name = Debug;
		};
		945D378D5A050E16E8F843DD /* Release */ = {
			isa = XCBuildConfiguration;
			buildSettings = {
				BUNDLE_LOADER = "";
				CODE_SIGN_IDENTITY = "-";
				INFOPLIST_FILE = "Derived/InfoPlists/BetterAuthOrganizationTests-Info.plist";
				LD_RUNPATH_SEARCH_PATHS = (
					"$(inherited)",
					"@executable_path/../Frameworks",
					"@loader_path/../Frameworks",
					"@loader_path/../Frameworks",
					"@executable_path/../Frameworks",
				);
				MACOSX_DEPLOYMENT_TARGET = 15.0;
				OTHER_LDFLAGS = (
					"$(inherited)",
					"-L$(DT_TOOLCHAIN_DIR)/usr/lib/swift/$(PLATFORM_NAME)",
				);
				PRODUCT_BUNDLE_IDENTIFIER = "com.jsj.betterauthswift.organization-tests";
				PRODUCT_NAME = BetterAuthOrganizationTests;
				SDKROOT = macosx;
				SWIFT_COMPILATION_MODE = wholemodule;
				SWIFT_OPTIMIZATION_LEVEL = "-O";
				TEST_HOST = "";
			};
			name = Release;
		};
		A4B24DF243B07CA94749A2D6 /* Debug */ = {
			isa = XCBuildConfiguration;
			buildSettings = {
				BUNDLE_LOADER = "";
				CODE_SIGN_IDENTITY = "-";
				INFOPLIST_FILE = "Derived/InfoPlists/BetterAuthOrganizationTests-Info.plist";
				LD_RUNPATH_SEARCH_PATHS = (
					"$(inherited)",
					"@executable_path/../Frameworks",
					"@loader_path/../Frameworks",
					"@loader_path/../Frameworks",
					"@executable_path/../Frameworks",
				);
				MACOSX_DEPLOYMENT_TARGET = 15.0;
				OTHER_LDFLAGS = (
					"$(inherited)",
					"-L$(DT_TOOLCHAIN_DIR)/usr/lib/swift/$(PLATFORM_NAME)",
				);
				PRODUCT_BUNDLE_IDENTIFIER = "com.jsj.betterauthswift.organization-tests";
				PRODUCT_NAME = BetterAuthOrganizationTests;
				SDKROOT = macosx;
				SWIFT_ACTIVE_COMPILATION_CONDITIONS = (
					"$(inherited)",
					DEBUG,
				);
				SWIFT_COMPILATION_MODE = singlefile;
				SWIFT_OPTIMIZATION_LEVEL = "-Onone";
				TEST_HOST = "";
			};
			name = Debug;
		};
		A8AED40225D10A3880E73BB5 /* Debug */ = {
			isa = XCBuildConfiguration;
			buildSettings = {
				CURRENT_PROJECT_VERSION = 1;
				DEFINES_MODULE = YES;
				DYLIB_COMPATIBILITY_VERSION = 1;
				DYLIB_CURRENT_VERSION = 1;
				DYLIB_INSTALL_NAME_BASE = "@rpath";
				INFOPLIST_FILE = "Derived/InfoPlists/BetterAuthOrganization-Info.plist";
				INSTALL_PATH = "$(LOCAL_LIBRARY_DIR)/Frameworks";
				IPHONEOS_DEPLOYMENT_TARGET = 18.0;
				LD_RUNPATH_SEARCH_PATHS = (
					"$(inherited)",
					"@executable_path/Frameworks",
					"@loader_path/Frameworks",
				);
				"LD_RUNPATH_SEARCH_PATHS[sdk=macosx*]" = (
					"$(inherited)",
					"@executable_path/../Frameworks",
					"@loader_path/../Frameworks",
				);
				MACOSX_DEPLOYMENT_TARGET = 15.0;
				OTHER_LDFLAGS = (
					"$(inherited)",
					"-L$(DT_TOOLCHAIN_DIR)/usr/lib/swift/$(PLATFORM_NAME)",
				);
				PRODUCT_BUNDLE_IDENTIFIER = com.jsj.betterauthswift.BetterAuthOrganization;
				PRODUCT_NAME = BetterAuthOrganization;
				SDKROOT = auto;
				SKIP_INSTALL = NO;
				SUPPORTED_PLATFORMS = "iphoneos iphonesimulator macosx";
				SUPPORTS_MACCATALYST = NO;
				SUPPORTS_MAC_DESIGNED_FOR_IPHONE_IPAD = NO;
				SUPPORTS_XR_DESIGNED_FOR_IPHONE_IPAD = NO;
				SWIFT_ACTIVE_COMPILATION_CONDITIONS = (
					"$(inherited)",
					DEBUG,
				);
				SWIFT_COMPILATION_MODE = singlefile;
				SWIFT_OPTIMIZATION_LEVEL = "-Onone";
				TARGETED_DEVICE_FAMILY = "1,2";
				VERSIONING_SYSTEM = "apple-generic";
				VERSION_INFO_PREFIX = "";
			};
			name = Debug;
		};
		BCFE04AF1EDD828326D17359 /* Debug */ = {
			isa = XCBuildConfiguration;
			buildSettings = {
				BUNDLE_LOADER = "";
				CODE_SIGN_IDENTITY = "-";
				INFOPLIST_FILE = "Derived/InfoPlists/BetterAuthSwiftTests-Info.plist";
				LD_RUNPATH_SEARCH_PATHS = (
					"$(inherited)",
					"@executable_path/../Frameworks",
					"@loader_path/../Frameworks",
					"@loader_path/../Frameworks",
					"@executable_path/../Frameworks",
				);
				MACOSX_DEPLOYMENT_TARGET = 15.0;
				OTHER_LDFLAGS = (
					"$(inherited)",
					"-L$(DT_TOOLCHAIN_DIR)/usr/lib/swift/$(PLATFORM_NAME)",
				);
				PRODUCT_BUNDLE_IDENTIFIER = com.jsj.betterauthswift.tests;
				PRODUCT_NAME = BetterAuthSwiftTests;
				SDKROOT = macosx;
				SWIFT_ACTIVE_COMPILATION_CONDITIONS = (
					"$(inherited)",
					DEBUG,
				);
				SWIFT_COMPILATION_MODE = singlefile;
				SWIFT_OPTIMIZATION_LEVEL = "-Onone";
				TEST_HOST = "";
			};
			name = Debug;
		};
		D77E0C269472B098BC065548 /* Release */ = {
			isa = XCBuildConfiguration;
			buildSettings = {
				CURRENT_PROJECT_VERSION = 1;
				DEFINES_MODULE = YES;
				DYLIB_COMPATIBILITY_VERSION = 1;
				DYLIB_CURRENT_VERSION = 1;
				DYLIB_INSTALL_NAME_BASE = "@rpath";
				INFOPLIST_FILE = "Derived/InfoPlists/BetterAuthOrganization-Info.plist";
				INSTALL_PATH = "$(LOCAL_LIBRARY_DIR)/Frameworks";
				IPHONEOS_DEPLOYMENT_TARGET = 18.0;
				LD_RUNPATH_SEARCH_PATHS = (
					"$(inherited)",
					"@executable_path/Frameworks",
					"@loader_path/Frameworks",
				);
				"LD_RUNPATH_SEARCH_PATHS[sdk=macosx*]" = (
					"$(inherited)",
					"@executable_path/../Frameworks",
					"@loader_path/../Frameworks",
				);
				MACOSX_DEPLOYMENT_TARGET = 15.0;
				OTHER_LDFLAGS = (
					"$(inherited)",
					"-L$(DT_TOOLCHAIN_DIR)/usr/lib/swift/$(PLATFORM_NAME)",
				);
				PRODUCT_BUNDLE_IDENTIFIER = com.jsj.betterauthswift.BetterAuthOrganization;
				PRODUCT_NAME = BetterAuthOrganization;
				SDKROOT = auto;
				SKIP_INSTALL = NO;
				SUPPORTED_PLATFORMS = "iphoneos iphonesimulator macosx";
				SUPPORTS_MACCATALYST = NO;
				SUPPORTS_MAC_DESIGNED_FOR_IPHONE_IPAD = NO;
				SUPPORTS_XR_DESIGNED_FOR_IPHONE_IPAD = NO;
				SWIFT_COMPILATION_MODE = wholemodule;
				SWIFT_OPTIMIZATION_LEVEL = "-O";
				TARGETED_DEVICE_FAMILY = "1,2";
				VERSIONING_SYSTEM = "apple-generic";
				VERSION_INFO_PREFIX = "";
			};
			name = Release;
		};
		EB1B8EAF6D068E203427A265 /* Release */ = {
			isa = XCBuildConfiguration;
			buildSettings = {
				CURRENT_PROJECT_VERSION = 1;
				DEFINES_MODULE = YES;
				DYLIB_COMPATIBILITY_VERSION = 1;
				DYLIB_CURRENT_VERSION = 1;
				DYLIB_INSTALL_NAME_BASE = "@rpath";
				INFOPLIST_FILE = "Derived/InfoPlists/BetterAuthSwiftUI-Info.plist";
				INSTALL_PATH = "$(LOCAL_LIBRARY_DIR)/Frameworks";
				IPHONEOS_DEPLOYMENT_TARGET = 18.0;
				LD_RUNPATH_SEARCH_PATHS = (
					"$(inherited)",
					"@executable_path/Frameworks",
					"@loader_path/Frameworks",
				);
				"LD_RUNPATH_SEARCH_PATHS[sdk=macosx*]" = (
					"$(inherited)",
					"@executable_path/../Frameworks",
					"@loader_path/../Frameworks",
				);
				MACOSX_DEPLOYMENT_TARGET = 15.0;
				OTHER_LDFLAGS = (
					"$(inherited)",
					"-L$(DT_TOOLCHAIN_DIR)/usr/lib/swift/$(PLATFORM_NAME)",
				);
				PRODUCT_BUNDLE_IDENTIFIER = com.jsj.betterauthswift.BetterAuthSwiftUI;
				PRODUCT_NAME = BetterAuthSwiftUI;
				SDKROOT = auto;
				SKIP_INSTALL = NO;
				SUPPORTED_PLATFORMS = "iphoneos iphonesimulator macosx";
				SUPPORTS_MACCATALYST = NO;
				SUPPORTS_MAC_DESIGNED_FOR_IPHONE_IPAD = NO;
				SUPPORTS_XR_DESIGNED_FOR_IPHONE_IPAD = NO;
				SWIFT_COMPILATION_MODE = wholemodule;
				SWIFT_OPTIMIZATION_LEVEL = "-O";
				TARGETED_DEVICE_FAMILY = "1,2";
				VERSIONING_SYSTEM = "apple-generic";
				VERSION_INFO_PREFIX = "";
			};
			name = Release;
		};
		F23A5C3823672424F8316396 /* Release */ = {
			isa = XCBuildConfiguration;
			buildSettings = {
				BUNDLE_LOADER = "";
				CODE_SIGN_IDENTITY = "-";
				INFOPLIST_FILE = "Derived/InfoPlists/BetterAuthSwiftTests-Info.plist";
				LD_RUNPATH_SEARCH_PATHS = (
					"$(inherited)",
					"@executable_path/../Frameworks",
					"@loader_path/../Frameworks",
					"@loader_path/../Frameworks",
					"@executable_path/../Frameworks",
				);
				MACOSX_DEPLOYMENT_TARGET = 15.0;
				OTHER_LDFLAGS = (
					"$(inherited)",
					"-L$(DT_TOOLCHAIN_DIR)/usr/lib/swift/$(PLATFORM_NAME)",
				);
				PRODUCT_BUNDLE_IDENTIFIER = com.jsj.betterauthswift.tests;
				PRODUCT_NAME = BetterAuthSwiftTests;
				SDKROOT = macosx;
				SWIFT_COMPILATION_MODE = wholemodule;
				SWIFT_OPTIMIZATION_LEVEL = "-O";
				TEST_HOST = "";
			};
			name = Release;
		};
/* End XCBuildConfiguration section */

/* Begin XCConfigurationList section */
		09EBF91D0C82613752488218 /* Build configuration list for PBXProject "better-auth-swift" */ = {
			isa = XCConfigurationList;
			buildConfigurations = (
				46B4E46F49780EBDE97244CA /* Debug */,
				6C0ACEE00F6245B9DDCD7646 /* Release */,
			);
			defaultConfigurationIsVisible = 0;
			defaultConfigurationName = Release;
		};
		228412C0219DEC2152FFE07E /* Build configuration list for PBXNativeTarget "BetterAuthTestHelpers" */ = {
			isa = XCConfigurationList;
			buildConfigurations = (
				7672B05A17498919673CCA0A /* Debug */,
				189F173AAE70AD8348B75145 /* Release */,
			);
			defaultConfigurationIsVisible = 0;
			defaultConfigurationName = Release;
		};
		2B5D77A063233C20CF406DF9 /* Build configuration list for PBXNativeTarget "BetterAuthSwiftUI" */ = {
			isa = XCConfigurationList;
			buildConfigurations = (
				203CD2B6E67599C4C3780F75 /* Debug */,
				EB1B8EAF6D068E203427A265 /* Release */,
			);
			defaultConfigurationIsVisible = 0;
			defaultConfigurationName = Release;
		};
		49EFADF0BAD6779B399FDB77 /* Build configuration list for PBXNativeTarget "BetterAuthOrganizationTests" */ = {
			isa = XCConfigurationList;
			buildConfigurations = (
				A4B24DF243B07CA94749A2D6 /* Debug */,
				945D378D5A050E16E8F843DD /* Release */,
			);
			defaultConfigurationIsVisible = 0;
			defaultConfigurationName = Release;
		};
		52B2F54C06C919A09DA09929 /* Build configuration list for PBXNativeTarget "BetterAuth" */ = {
			isa = XCConfigurationList;
			buildConfigurations = (
				02703E520E5FCE038F741C07 /* Debug */,
				36DCA964B3055642D4E61B4D /* Release */,
			);
			defaultConfigurationIsVisible = 0;
			defaultConfigurationName = Release;
		};
		FA9901F3FDDDB05C70B71DCC /* Build configuration list for PBXNativeTarget "BetterAuthOrganization" */ = {
			isa = XCConfigurationList;
			buildConfigurations = (
				A8AED40225D10A3880E73BB5 /* Debug */,
				D77E0C269472B098BC065548 /* Release */,
			);
			defaultConfigurationIsVisible = 0;
			defaultConfigurationName = Release;
		};
		FF7264AD8505AB947C6C9D8C /* Build configuration list for PBXNativeTarget "BetterAuthSwiftTests" */ = {
			isa = XCConfigurationList;
			buildConfigurations = (
				BCFE04AF1EDD828326D17359 /* Debug */,
				F23A5C3823672424F8316396 /* Release */,
			);
			defaultConfigurationIsVisible = 0;
			defaultConfigurationName = Release;
		};
/* End XCConfigurationList section */
	};
	rootObject = 432391DBC934C47F456C66E9 /* Project object */;
}
